
Microsoft Visual Studio Solution File, Format Version 12.00
# Visual Studio 2012
Project("{FAE04EC0-301F-11D3-BF4B-00C04F79EFBC}") = "Syncfusion.SfBarcode.WPF_2012", "Syncfusion.SfBarcode.WPF_2012.csproj", "{D5F987A4-5F26-43AF-BBE6-AA655C971ABC}"
EndProject
Global
	GlobalSection(SolutionConfigurationPlatforms) = preSolution
		Debug|Any CPU = Debug|Any CPU
		Release|Any CPU = Release|Any CPU
		Release-XML|Any CPU = Release-XML|Any CPU
	EndGlobalSection
	GlobalSection(ProjectConfigurationPlatforms) = postSolution
		{D5F987A4-5F26-43AF-BBE6-AA655C971ABC}.Debug|Any CPU.ActiveCfg = Debug|Any CPU
		{D5F987A4-5F26-43AF-BBE6-AA655C971ABC}.Debug|Any CPU.Build.0 = Debug|Any CPU
		{D5F987A4-5F26-43AF-BBE6-AA655C971ABC}.Release|Any CPU.ActiveCfg = Release|Any CPU
		{D5F987A4-5F26-43AF-BBE6-AA655C971ABC}.Release|Any CPU.Build.0 = Release|Any CPU
		{D5F987A4-5F26-43AF-BBE6-AA655C971ABC}.Release-XML|Any CPU.ActiveCfg = Release-XML|Any CPU
		{D5F987A4-5F26-43AF-BBE6-AA655C971ABC}.Release-XML|Any CPU.Build.0 = Release-XML|Any CPU
	EndGlobalSection
	GlobalSection(SolutionProperties) = preSolution
		HideSolutionNode = FALSE
	EndGlobalSection
EndGlobal
