
Microsoft Visual Studio Solution File, Format Version 12.00
# Visual Studio 2012
Project("{FAE04EC0-301F-11D3-BF4B-00C04F79EFBC}") = "Syncfusion.SfTreeMap.WPF.Expression.Design_2012", "Syncfusion.SfTreeMap.WPF.Expression.Design_2012.csproj", "{58783CD6-FB6E-45A0-B143-E5232C783CAD}"
EndProject
Global
	GlobalSection(SolutionConfigurationPlatforms) = preSolution
		Debug|Any CPU = Debug|Any CPU
		Release|Any CPU = Release|Any CPU
		Release-Xml|Any CPU = Release-Xml|Any CPU
	EndGlobalSection
	GlobalSection(ProjectConfigurationPlatforms) = postSolution
		{58783CD6-FB6E-45A0-B143-E5232C783CAD}.Debug|Any CPU.ActiveCfg = Debug|Any CPU
		{58783CD6-FB6E-45A0-B143-E5232C783CAD}.Debug|Any CPU.Build.0 = Debug|Any CPU
		{58783CD6-FB6E-45A0-B143-E5232C783CAD}.Release|Any CPU.ActiveCfg = Release|Any CPU
		{58783CD6-FB6E-45A0-B143-E5232C783CAD}.Release|Any CPU.Build.0 = Release|Any CPU
		{58783CD6-FB6E-45A0-B143-E5232C783CAD}.Release-Xml|Any CPU.ActiveCfg = Release-Xml|Any CPU
		{58783CD6-FB6E-45A0-B143-E5232C783CAD}.Release-Xml|Any CPU.Build.0 = Release-Xml|Any CPU
	EndGlobalSection
	GlobalSection(SolutionProperties) = preSolution
		HideSolutionNode = FALSE
	EndGlobalSection
EndGlobal
