
Microsoft Visual Studio Solution File, Format Version 12.00
# Visual Studio 2012
Project("{FAE04EC0-301F-11D3-BF4B-00C04F79EFBC}") = "Syncfusion.SfColorPalette.WPF_2012", "Syncfusion.SfColorPalette.WPF_2012.csproj", "{65C21411-AC78-4136-90C1-A14FAD714B25}"
EndProject
Global
	GlobalSection(SolutionConfigurationPlatforms) = preSolution
		Debug|Any CPU = Debug|Any CPU
		Debug-Xml|Any CPU = Debug-Xml|Any CPU
		Release|Any CPU = Release|Any CPU
		Release-Xml|Any CPU = Release-Xml|Any CPU
	EndGlobalSection
	GlobalSection(ProjectConfigurationPlatforms) = postSolution
		{65C21411-AC78-4136-90C1-A14FAD714B25}.Debug|Any CPU.ActiveCfg = Debug|Any CPU
		{65C21411-AC78-4136-90C1-A14FAD714B25}.Debug|Any CPU.Build.0 = Debug|Any CPU
		{65C21411-AC78-4136-90C1-A14FAD714B25}.Debug-Xml|Any CPU.ActiveCfg = Debug-Xml|Any CPU
		{65C21411-AC78-4136-90C1-A14FAD714B25}.Debug-Xml|Any CPU.Build.0 = Debug-Xml|Any CPU
		{65C21411-AC78-4136-90C1-A14FAD714B25}.Release|Any CPU.ActiveCfg = Release|Any CPU
		{65C21411-AC78-4136-90C1-A14FAD714B25}.Release|Any CPU.Build.0 = Release|Any CPU
		{65C21411-AC78-4136-90C1-A14FAD714B25}.Release-Xml|Any CPU.ActiveCfg = Release-Xml|Any CPU
		{65C21411-AC78-4136-90C1-A14FAD714B25}.Release-Xml|Any CPU.Build.0 = Release-Xml|Any CPU
	EndGlobalSection
	GlobalSection(SolutionProperties) = preSolution
		HideSolutionNode = FALSE
	EndGlobalSection
EndGlobal
