
Microsoft Visual Studio Solution File, Format Version 11.00
# Visual Studio 2010
Project("{FAE04EC0-301F-11D3-BF4B-00C04F79EFBC}") = "Syncfusion.Theming.Office2010Silver5_2010", "Syncfusion.Theming.Office2010Silver5_2010.csproj", "{7BFB30A4-951E-4829-A2BC-46BD478E9929}"
EndProject
Global
	GlobalSection(SolutionConfigurationPlatforms) = preSolution
		Debug|Any CPU = Debug|Any CPU
		Debug-Xml|Any CPU = Debug-Xml|Any CPU
		Release|Any CPU = Release|Any CPU
		Release-Xml|Any CPU = Release-Xml|Any CPU
	EndGlobalSection
	GlobalSection(ProjectConfigurationPlatforms) = postSolution
		{7BFB30A4-951E-4829-A2BC-46BD478E9929}.Debug|Any CPU.ActiveCfg = Debug|Any CPU
		{7BFB30A4-951E-4829-A2BC-46BD478E9929}.Debug|Any CPU.Build.0 = Debug|Any CPU
		{7BFB30A4-951E-4829-A2BC-46BD478E9929}.Debug-Xml|Any CPU.ActiveCfg = Debug-Xml|Any CPU
		{7BFB30A4-951E-4829-A2BC-46BD478E9929}.Debug-Xml|Any CPU.Build.0 = Debug-Xml|Any CPU
		{7BFB30A4-951E-4829-A2BC-46BD478E9929}.Release|Any CPU.ActiveCfg = Release|Any CPU
		{7BFB30A4-951E-4829-A2BC-46BD478E9929}.Release|Any CPU.Build.0 = Release|Any CPU
		{7BFB30A4-951E-4829-A2BC-46BD478E9929}.Release-Xml|Any CPU.ActiveCfg = Release-Xml|Any CPU
		{7BFB30A4-951E-4829-A2BC-46BD478E9929}.Release-Xml|Any CPU.Build.0 = Release-Xml|Any CPU
	EndGlobalSection
	GlobalSection(SolutionProperties) = preSolution
		HideSolutionNode = FALSE
	EndGlobalSection
EndGlobal
