Microsoft Visual Studio Solution File, Format Version 9.00
# Visual Studio 2005
Project("{FAE04EC0-301F-11D3-BF4B-00C04F79EFBC}") = "Syncfusion.Tools.Base_2005", "Syncfusion.Tools.Base_2005.csproj", "{DE2B3FD8-B5EC-4E24-8EBF-A1161E26E46D}"
EndProject
Global
	GlobalSection(SolutionConfiguration) = preSolution
		ConfigName.0 = Debug
		ConfigName.1 = Debug-Xml
		ConfigName.2 = Release
		ConfigName.3 = Release-Xml
	EndGlobalSection
	GlobalSection(ProjectDependencies) = postSolution
	EndGlobalSection
	GlobalSection(ProjectConfiguration) = postSolution
		{DE2B3FD8-B5EC-4E24-8EBF-A1161E26E46D}.Debug.ActiveCfg = Debug|.NET
		{DE2B3FD8-B5EC-4E24-8EBF-A1161E26E46D}.Debug.Build.0 = Debug|.NET
		{DE2B3FD8-B5EC-4E24-8EBF-A1161E26E46D}.Debug-Xml.ActiveCfg = Debug-Xml|.NET
		{DE2B3FD8-B5EC-4E24-8EBF-A1161E26E46D}.Debug-Xml.Build.0 = Debug-Xml|.NET
		{DE2B3FD8-B5EC-4E24-8EBF-A1161E26E46D}.Release.ActiveCfg = Release|.NET
		{DE2B3FD8-B5EC-4E24-8EBF-A1161E26E46D}.Release.Build.0 = Release|.NET
		{DE2B3FD8-B5EC-4E24-8EBF-A1161E26E46D}.Release-Xml.ActiveCfg = Release-Xml|.NET
		{DE2B3FD8-B5EC-4E24-8EBF-A1161E26E46D}.Release-Xml.Build.0 = Release-Xml|.NET
	EndGlobalSection
	GlobalSection(ExtensibilityGlobals) = postSolution
	EndGlobalSection
	GlobalSection(ExtensibilityAddIns) = postSolution
	EndGlobalSection
EndGlobal
