
Microsoft Visual Studio Solution File, Format Version 10.00
# Visual Studio 2008
Project("{FAE04EC0-301F-11D3-BF4B-00C04F79EFBC}") = "Syncfusion.Spreadsheet.MVVM.Wpf_2008", "Syncfusion.Spreadsheet.MVVM.Wpf_2008.csproj", "{0803FA6E-30D3-4C7D-9913-AC78EA62AA42}"
EndProject
Global
	GlobalSection(SolutionConfigurationPlatforms) = preSolution
		Debug|Any CPU = Debug|Any CPU
		Debug-Xml|Any CPU = Debug-Xml|Any CPU
		Release|Any CPU = Release|Any CPU
		Release-Xml|Any CPU = Release-Xml|Any CPU
	EndGlobalSection
	GlobalSection(ProjectConfigurationPlatforms) = postSolution
		{0803FA6E-30D3-4C7D-9913-AC78EA62AA42}.Debug|Any CPU.ActiveCfg = Debug|Any CPU
		{0803FA6E-30D3-4C7D-9913-AC78EA62AA42}.Debug|Any CPU.Build.0 = Debug|Any CPU
		{0803FA6E-30D3-4C7D-9913-AC78EA62AA42}.Debug-Xml|Any CPU.ActiveCfg = Debug-Xml|Any CPU
		{0803FA6E-30D3-4C7D-9913-AC78EA62AA42}.Debug-Xml|Any CPU.Build.0 = Debug-Xml|Any CPU
		{0803FA6E-30D3-4C7D-9913-AC78EA62AA42}.Release|Any CPU.ActiveCfg = Release|Any CPU
		{0803FA6E-30D3-4C7D-9913-AC78EA62AA42}.Release|Any CPU.Build.0 = Release|Any CPU
		{0803FA6E-30D3-4C7D-9913-AC78EA62AA42}.Release-Xml|Any CPU.ActiveCfg = Release-Xml|Any CPU
		{0803FA6E-30D3-4C7D-9913-AC78EA62AA42}.Release-Xml|Any CPU.Build.0 = Release-Xml|Any CPU
	EndGlobalSection
	GlobalSection(SolutionProperties) = preSolution
		HideSolutionNode = FALSE
	EndGlobalSection
EndGlobal
