
Microsoft Visual Studio Solution File, Format Version 11.00
# Visual Studio 2010
Project("{FAE04EC0-301F-11D3-BF4B-00C04F79EFBC}") = "Syncfusion.SfBulletGraph.WPF_2010", "Syncfusion.SfBulletGraph.WPF_2010.csproj", "{E3C04091-CA7B-4727-8448-A482482CD466}"
EndProject
Global
	GlobalSection(SolutionConfigurationPlatforms) = preSolution
		Debug|Any CPU = Debug|Any CPU
		Release|Any CPU = Release|Any CPU
		Release-XML|Any CPU = Release-XML|Any CPU
	EndGlobalSection
	GlobalSection(ProjectConfigurationPlatforms) = postSolution
		{E3C04091-CA7B-4727-8448-A482482CD466}.Debug|Any CPU.ActiveCfg = Debug|Any CPU
		{E3C04091-CA7B-4727-8448-A482482CD466}.Debug|Any CPU.Build.0 = Debug|Any CPU
		{E3C04091-CA7B-4727-8448-A482482CD466}.Release|Any CPU.ActiveCfg = Release|Any CPU
		{E3C04091-CA7B-4727-8448-A482482CD466}.Release|Any CPU.Build.0 = Release|Any CPU
		{E3C04091-CA7B-4727-8448-A482482CD466}.Release-XML|Any CPU.ActiveCfg = Release-XML|Any CPU
		{E3C04091-CA7B-4727-8448-A482482CD466}.Release-XML|Any CPU.Build.0 = Release-XML|Any CPU
	EndGlobalSection
	GlobalSection(SolutionProperties) = preSolution
		HideSolutionNode = FALSE
	EndGlobalSection
EndGlobal
