
Microsoft Visual Studio Solution File, Format Version 10.00
# Visual Studio 2008
Project("{FAE04EC0-301F-11D3-BF4B-00C04F79EFBC}") = "Syncfusion.Grouping.Base_2008", "Syncfusion.Grouping.Base_2008.csproj", "{B5207F5A-5A1B-4B80-AB38-15CEF4DDF570}"
EndProject
Global
	GlobalSection(SolutionConfigurationPlatforms) = preSolution
		Debug|Any CPU = Debug|Any CPU
		Debug-Xml|Any CPU = Debug-Xml|Any CPU
		Release|Any CPU = Release|Any CPU
		Release-Xml|Any CPU = Release-Xml|Any CPU
	EndGlobalSection
	GlobalSection(ProjectConfigurationPlatforms) = postSolution
		{B5207F5A-5A1B-4B80-AB38-15CEF4DDF570}.Debug|Any CPU.ActiveCfg = Debug|Any CPU
		{B5207F5A-5A1B-4B80-AB38-15CEF4DDF570}.Debug|Any CPU.Build.0 = Debug|Any CPU
		{B5207F5A-5A1B-4B80-AB38-15CEF4DDF570}.Debug-Xml|Any CPU.ActiveCfg = Debug-Xml|Any CPU
		{B5207F5A-5A1B-4B80-AB38-15CEF4DDF570}.Debug-Xml|Any CPU.Build.0 = Debug-Xml|Any CPU
		{B5207F5A-5A1B-4B80-AB38-15CEF4DDF570}.Release|Any CPU.ActiveCfg = Release|Any CPU
		{B5207F5A-5A1B-4B80-AB38-15CEF4DDF570}.Release|Any CPU.Build.0 = Release|Any CPU
		{B5207F5A-5A1B-4B80-AB38-15CEF4DDF570}.Release-Xml|Any CPU.ActiveCfg = Release-Xml|Any CPU
		{B5207F5A-5A1B-4B80-AB38-15CEF4DDF570}.Release-Xml|Any CPU.Build.0 = Release-Xml|Any CPU
	EndGlobalSection
	GlobalSection(SolutionProperties) = preSolution
		HideSolutionNode = FALSE
	EndGlobalSection
EndGlobal
