Microsoft Visual Studio Solution File, Format Version 9.00
# Visual Studio 2005
Project("{FAE04EC0-301F-11D3-BF4B-00C04F79EFBC}") = "Syncfusion.Grouping.Base_2005", "Syncfusion.Grouping.Base_2005.csproj", "{B5207F5A-5A1B-4B80-AB38-15CEF4DDF570}"
EndProject
Global
	GlobalSection(SolutionConfiguration) = preSolution
		ConfigName.0 = Debug
		ConfigName.1 = Debug-Xml
		ConfigName.2 = Release
		ConfigName.3 = Release-Xml
	EndGlobalSection
	GlobalSection(ProjectDependencies) = postSolution
	EndGlobalSection
	GlobalSection(ProjectConfiguration) = postSolution
		{B5207F5A-5A1B-4B80-AB38-15CEF4DDF570}.Debug.ActiveCfg = Debug|.NET
		{B5207F5A-5A1B-4B80-AB38-15CEF4DDF570}.Debug.Build.0 = Debug|.NET
		{B5207F5A-5A1B-4B80-AB38-15CEF4DDF570}.Debug-Xml.ActiveCfg = Debug-Xml|.NET
		{B5207F5A-5A1B-4B80-AB38-15CEF4DDF570}.Debug-Xml.Build.0 = Debug-Xml|.NET
		{B5207F5A-5A1B-4B80-AB38-15CEF4DDF570}.Release.ActiveCfg = Release|.NET
		{B5207F5A-5A1B-4B80-AB38-15CEF4DDF570}.Release.Build.0 = Release|.NET
		{B5207F5A-5A1B-4B80-AB38-15CEF4DDF570}.Release-Xml.ActiveCfg = Release-Xml|.NET
		{B5207F5A-5A1B-4B80-AB38-15CEF4DDF570}.Release-Xml.Build.0 = Release-Xml|.NET
	EndGlobalSection
	GlobalSection(ExtensibilityGlobals) = postSolution
	EndGlobalSection
	GlobalSection(ExtensibilityAddIns) = postSolution
	EndGlobalSection
EndGlobal
