
Microsoft Visual Studio Solution File, Format Version 11.00
# Visual Studio 2010
Project("{FAE04EC0-301F-11D3-BF4B-00C04F79EFBC}") = "Syncfusion.OlapClient.Silverlight_2010", "Syncfusion.OlapClient.Silverlight_2010.csproj", "{69F2A914-42D4-4AC4-A8E9-29D6AA536241}"
EndProject
Global
	GlobalSection(SolutionConfigurationPlatforms) = preSolution
		Debug|Any CPU = Debug|Any CPU
		Release|Any CPU = Release|Any CPU
		Release-xml|Any CPU = Release-xml|Any CPU
	EndGlobalSection
	GlobalSection(ProjectConfigurationPlatforms) = postSolution
		{69F2A914-42D4-4AC4-A8E9-29D6AA536241}.Debug|Any CPU.ActiveCfg = Debug|Any CPU
		{69F2A914-42D4-4AC4-A8E9-29D6AA536241}.Debug|Any CPU.Build.0 = Debug|Any CPU
		{69F2A914-42D4-4AC4-A8E9-29D6AA536241}.Release|Any CPU.ActiveCfg = Release|Any CPU
		{69F2A914-42D4-4AC4-A8E9-29D6AA536241}.Release|Any CPU.Build.0 = Release|Any CPU
		{69F2A914-42D4-4AC4-A8E9-29D6AA536241}.Release-xml|Any CPU.ActiveCfg = Release|Any CPU
		{69F2A914-42D4-4AC4-A8E9-29D6AA536241}.Release-xml|Any CPU.Build.0 = Release|Any CPU
	EndGlobalSection
	GlobalSection(SolutionProperties) = preSolution
		HideSolutionNode = FALSE
	EndGlobalSection
EndGlobal
