Microsoft Visual Studio Solution File, Format Version 9.00
# Visual Studio 2005
Project("{FAE04EC0-301F-11D3-BF4B-00C04F79EFBC}") = "Syncfusion.Tools.Windows_2005", "Syncfusion.Tools.Windows_2005.csproj", "{DF43B1DA-3543-4204-9D64-D55DCAF8F390}"
EndProject
Global
	GlobalSection(SolutionConfiguration) = preSolution
		ConfigName.0 = Debug
		ConfigName.1 = Debug-XML
		ConfigName.2 = Release
		ConfigName.3 = Release-XML
	EndGlobalSection
	GlobalSection(ProjectDependencies) = postSolution
	EndGlobalSection
	GlobalSection(ProjectConfiguration) = postSolution
		{DF43B1DA-3543-4204-9D64-D55DCAF8F390}.Debug.ActiveCfg = Debug|.NET
		{DF43B1DA-3543-4204-9D64-D55DCAF8F390}.Debug.Build.0 = Debug|.NET
		{DF43B1DA-3543-4204-9D64-D55DCAF8F390}.Debug-XML.ActiveCfg = Debug-XML|.NET
		{DF43B1DA-3543-4204-9D64-D55DCAF8F390}.Debug-XML.Build.0 = Debug-XML|.NET
		{DF43B1DA-3543-4204-9D64-D55DCAF8F390}.Release.ActiveCfg = Release|.NET
		{DF43B1DA-3543-4204-9D64-D55DCAF8F390}.Release.Build.0 = Release|.NET
		{DF43B1DA-3543-4204-9D64-D55DCAF8F390}.Release-XML.ActiveCfg = Release-XML|.NET
		{DF43B1DA-3543-4204-9D64-D55DCAF8F390}.Release-XML.Build.0 = Release-XML|.NET
	EndGlobalSection
	GlobalSection(ExtensibilityGlobals) = postSolution
	EndGlobalSection
	GlobalSection(ExtensibilityAddIns) = postSolution
	EndGlobalSection
EndGlobal
