<?xml version="1.0" encoding="utf-8"?>
<Project ToolsVersion="4.0" xmlns="http://schemas.microsoft.com/developer/msbuild/2003">
  <ItemGroup>
    <Filter Include="Source Files">
      <UniqueIdentifier>{4FC737F1-C7A5-4376-A066-2A32D752A2FF}</UniqueIdentifier>
      <Extensions>cpp;c;cc;cxx;def;odl;idl;hpj;bat;asm;asmx</Extensions>
    </Filter>
    <Filter Include="Header Files">
      <UniqueIdentifier>{93995380-89BD-4b04-88EB-625FBE52EBFB}</UniqueIdentifier>
      <Extensions>h;hh;hpp;hxx;hm;inl;inc;ipp;xsd</Extensions>
    </Filter>
    <Filter Include="Resource Files">
      <UniqueIdentifier>{67DA6AB6-F800-4c08-8B7A-83BB121AAD01}</UniqueIdentifier>
      <Extensions>rc;ico;cur;bmp;dlg;rc2;rct;bin;rgs;gif;jpg;jpeg;jpe;resx;tiff;tif;png;wav;mfcribbon-ms</Extensions>
    </Filter>
    <Filter Include="ExternalLib">
      <UniqueIdentifier>{d7958b46-6092-4f41-8180-37873737cdd6}</UniqueIdentifier>
    </Filter>
  </ItemGroup>
  <ItemGroup>
    <ClInclude Include="stdafx.h">
      <Filter>Header Files</Filter>
    </ClInclude>
    <ClInclude Include="PLCHandler\PLCHandler.h">
      <Filter>Header Files</Filter>
    </ClInclude>
    <ClInclude Include="PLCHandler\PLCConfig.h">
      <Filter>Header Files</Filter>
    </ClInclude>
    <ClInclude Include="PLCHandler\CmpStd.h">
      <Filter>Header Files</Filter>
    </ClInclude>
    <ClInclude Include="PLCHandler\CmpPLCHandlerDep.h">
      <Filter>Header Files</Filter>
    </ClInclude>
    <ClInclude Include="PLCHandler\PLCComBase.h">
      <Filter>Header Files</Filter>
    </ClInclude>
    <ClInclude Include="PLCHandler\PLCUtil.h">
      <Filter>Header Files</Filter>
    </ClInclude>
    <ClInclude Include="PLCHandler\PLCHandlerPrivate.h">
      <Filter>Header Files</Filter>
    </ClInclude>
    <ClInclude Include="PLCHandler\PLCHandlerItf.h">
      <Filter>Header Files</Filter>
    </ClInclude>
    <ClInclude Include="PLCHandler\CMItf.h">
      <Filter>Header Files</Filter>
    </ClInclude>
    <ClInclude Include="PLCHandler\CmpBinTagUtilItf.h">
      <Filter>Header Files</Filter>
    </ClInclude>
    <ClInclude Include="PLCHandler\CmpCommunicationLibItf.h">
      <Filter>Header Files</Filter>
    </ClInclude>
    <ClInclude Include="PLCHandler\CmpCryptMD5Itf.h">
      <Filter>Header Files</Filter>
    </ClInclude>
    <ClInclude Include="PLCHandler\CmpDeviceItf.h">
      <Filter>Header Files</Filter>
    </ClInclude>
    <ClInclude Include="PLCHandler\CmpErrors.h">
      <Filter>Header Files</Filter>
    </ClInclude>
    <ClInclude Include="PLCHandler\CmpEventCallbackItf.h">
      <Filter>Header Files</Filter>
    </ClInclude>
    <ClInclude Include="PLCHandler\CmpEventMgrItf.h">
      <Filter>Header Files</Filter>
    </ClInclude>
    <ClInclude Include="PLCHandler\CmpGwClientItf.h">
      <Filter>Header Files</Filter>
    </ClInclude>
    <ClInclude Include="PLCHandler\CmpItf.h">
      <Filter>Header Files</Filter>
    </ClInclude>
    <ClInclude Include="PLCHandler\CmpLogBackendItf.h">
      <Filter>Header Files</Filter>
    </ClInclude>
    <ClInclude Include="PLCHandler\CmpLogItf.h">
      <Filter>Header Files</Filter>
    </ClInclude>
    <ClInclude Include="PLCHandler\CmpMemPoolItf.h">
      <Filter>Header Files</Filter>
    </ClInclude>
    <ClInclude Include="PLCHandler\CmpPLCHandlerItf.h">
      <Filter>Header Files</Filter>
    </ClInclude>
    <ClInclude Include="PLCHandler\CmpUserDBItf.h">
      <Filter>Header Files</Filter>
    </ClInclude>
    <ClInclude Include="PLCHandler\CmpUserMgrItf.h">
      <Filter>Header Files</Filter>
    </ClInclude>
    <ClInclude Include="PLCHandler\CmpXMLParserItf.h">
      <Filter>Header Files</Filter>
    </ClInclude>
    <ClInclude Include="PLCHandler\CMUtilsItf.h">
      <Filter>Header Files</Filter>
    </ClInclude>
    <ClInclude Include="PLCHandler\LogInfoIds.h">
      <Filter>Header Files</Filter>
    </ClInclude>
    <ClInclude Include="PLCHandler\PLCComARTI.h">
      <Filter>Header Files</Filter>
    </ClInclude>
    <ClInclude Include="PLCHandler\PLCComDirect.h">
      <Filter>Header Files</Filter>
    </ClInclude>
    <ClInclude Include="PLCHandler\PLCComGateway.h">
      <Filter>Header Files</Filter>
    </ClInclude>
    <ClInclude Include="PLCHandler\PLCComGateway3.h">
      <Filter>Header Files</Filter>
    </ClInclude>
    <ClInclude Include="PLCHandler\PLCHandlerVersion.h">
      <Filter>Header Files</Filter>
    </ClInclude>
    <ClInclude Include="PLCHandler\SysComItf.h">
      <Filter>Header Files</Filter>
    </ClInclude>
    <ClInclude Include="PLCHandler\SysDirItf.h">
      <Filter>Header Files</Filter>
    </ClInclude>
    <ClInclude Include="PLCHandler\SysEventItf.h">
      <Filter>Header Files</Filter>
    </ClInclude>
    <ClInclude Include="PLCHandler\SysExceptItf.h">
      <Filter>Header Files</Filter>
    </ClInclude>
    <ClInclude Include="PLCHandler\SysFileItf.h">
      <Filter>Header Files</Filter>
    </ClInclude>
    <ClInclude Include="PLCHandler\SysMemItf.h">
      <Filter>Header Files</Filter>
    </ClInclude>
    <ClInclude Include="PLCHandler\SysModuleItf.h">
      <Filter>Header Files</Filter>
    </ClInclude>
    <ClInclude Include="PLCHandler\SysOutItf.h">
      <Filter>Header Files</Filter>
    </ClInclude>
    <ClInclude Include="PLCHandler\SysSemItf.h">
      <Filter>Header Files</Filter>
    </ClInclude>
    <ClInclude Include="PLCHandler\SysSocketItf.h">
      <Filter>Header Files</Filter>
    </ClInclude>
    <ClInclude Include="PLCHandler\SysTaskItf.h">
      <Filter>Header Files</Filter>
    </ClInclude>
    <ClInclude Include="PLCHandler\SysTimeItf.h">
      <Filter>Header Files</Filter>
    </ClInclude>
    <ClInclude Include="PLCHandler\targetdefines.h">
      <Filter>Header Files</Filter>
    </ClInclude>
    <ClInclude Include="ClassName.h">
      <Filter>Header Files</Filter>
    </ClInclude>
    <ClInclude Include="CoDeSysWrapper.h">
      <Filter>Header Files</Filter>
    </ClInclude>
  </ItemGroup>
  <ItemGroup>
    <ClCompile Include="stdafx.cpp">
      <Filter>Source Files</Filter>
    </ClCompile>
    <ClCompile Include="dllmain.cpp">
      <Filter>Source Files</Filter>
    </ClCompile>
    <ClCompile Include="CoDeSysWrapper.cpp">
      <Filter>Source Files</Filter>
    </ClCompile>
  </ItemGroup>
  <ItemGroup>
    <Library Include="ExternalLib\PLCHandlerDll.lib">
      <Filter>ExternalLib</Filter>
    </Library>
  </ItemGroup>
</Project>