
Microsoft Visual Studio Solution File, Format Version 12.00
# Visual Studio Version 17
VisualStudioVersion = 17.4.33110.190
MinimumVisualStudioVersion = 10.0.40219.1
Project("{FAE04EC0-301F-11D3-BF4B-00C04F79EFBC}") = "ServerSignalR", "ServerSignalR\ServerSignalR.csproj", "{FCBC9862-7A3B-4164-9C26-DEEA064A5DE4}"
EndProject
Global
	GlobalSection(SolutionConfigurationPlatforms) = preSolution
		Debug|Any CPU = Debug|Any CPU
		Release|Any CPU = Release|Any CPU
	EndGlobalSection
	GlobalSection(ProjectConfigurationPlatforms) = postSolution
		{FCBC9862-7A3B-4164-9C26-DEEA064A5DE4}.Debug|Any CPU.ActiveCfg = Debug|Any CPU
		{FCBC9862-7A3B-4164-9C26-DEEA064A5DE4}.Debug|Any CPU.Build.0 = Debug|Any CPU
		{FCBC9862-7A3B-4164-9C26-DEEA064A5DE4}.Release|Any CPU.ActiveCfg = Release|Any CPU
		{FCBC9862-7A3B-4164-9C26-DEEA064A5DE4}.Release|Any CPU.Build.0 = Release|Any CPU
	EndGlobalSection
	GlobalSection(SolutionProperties) = preSolution
		HideSolutionNode = FALSE
	EndGlobalSection
	GlobalSection(ExtensibilityGlobals) = postSolution
		SolutionGuid = {34EB0171-84C1-4BEA-ACC9-07B10D53ABF5}
	EndGlobalSection
EndGlobal
