
Microsoft Visual Studio Solution File, Format Version 12.00
# Visual Studio 2012
Project("{FAE04EC0-301F-11D3-BF4B-00C04F79EFBC}") = "IISManager", "IISManager\IISManager.csproj", "{59AAA1B7-010C-4A6A-9AF8-96E7817CBB64}"
EndProject
Project("{FAE04EC0-301F-11D3-BF4B-00C04F79EFBC}") = "Tester", "Tester\Tester.csproj", "{0B3AA8E5-FA5D-4742-B435-C42A4FAF91FE}"
EndProject
Global
	GlobalSection(SolutionConfigurationPlatforms) = preSolution
		Debug|Any CPU = Debug|Any CPU
		Release|Any CPU = Release|Any CPU
	EndGlobalSection
	GlobalSection(ProjectConfigurationPlatforms) = postSolution
		{59AAA1B7-010C-4A6A-9AF8-96E7817CBB64}.Debug|Any CPU.ActiveCfg = Debug|Any CPU
		{59AAA1B7-010C-4A6A-9AF8-96E7817CBB64}.Debug|Any CPU.Build.0 = Debug|Any CPU
		{59AAA1B7-010C-4A6A-9AF8-96E7817CBB64}.Release|Any CPU.ActiveCfg = Release|Any CPU
		{59AAA1B7-010C-4A6A-9AF8-96E7817CBB64}.Release|Any CPU.Build.0 = Release|Any CPU
		{0B3AA8E5-FA5D-4742-B435-C42A4FAF91FE}.Debug|Any CPU.ActiveCfg = Debug|Any CPU
		{0B3AA8E5-FA5D-4742-B435-C42A4FAF91FE}.Debug|Any CPU.Build.0 = Debug|Any CPU
		{0B3AA8E5-FA5D-4742-B435-C42A4FAF91FE}.Release|Any CPU.ActiveCfg = Release|Any CPU
		{0B3AA8E5-FA5D-4742-B435-C42A4FAF91FE}.Release|Any CPU.Build.0 = Release|Any CPU
	EndGlobalSection
	GlobalSection(SolutionProperties) = preSolution
		HideSolutionNode = FALSE
	EndGlobalSection
EndGlobal
