
Microsoft Visual Studio Solution File, Format Version 12.00
# Visual Studio 2013
VisualStudioVersion = 12.0.20827.3
MinimumVisualStudioVersion = 10.0.40219.1
Project("{FAE04EC0-301F-11D3-BF4B-00C04F79EFBC}") = "Syncfusion.Pdf.WPF_2013", "Syncfusion.Pdf.WPF_2013.csproj", "{4E3031DF-8FC7-47ED-9F16-3F05C8BACF50}"
EndProject
Global
	GlobalSection(SolutionConfigurationPlatforms) = preSolution
		Debug|Any CPU = Debug|Any CPU
		Debug-XML|Any CPU = Debug-XML|Any CPU
		Release|Any CPU = Release|Any CPU
		Release-XML|Any CPU = Release-XML|Any CPU
	EndGlobalSection
	GlobalSection(ProjectConfigurationPlatforms) = postSolution
		{4E3031DF-8FC7-47ED-9F16-3F05C8BACF50}.Debug|Any CPU.ActiveCfg = Debug|Any CPU
		{4E3031DF-8FC7-47ED-9F16-3F05C8BACF50}.Debug|Any CPU.Build.0 = Debug|Any CPU
		{4E3031DF-8FC7-47ED-9F16-3F05C8BACF50}.Debug-XML|Any CPU.ActiveCfg = Debug-XML|Any CPU
		{4E3031DF-8FC7-47ED-9F16-3F05C8BACF50}.Debug-XML|Any CPU.Build.0 = Debug-XML|Any CPU
		{4E3031DF-8FC7-47ED-9F16-3F05C8BACF50}.Release|Any CPU.ActiveCfg = Release|Any CPU
		{4E3031DF-8FC7-47ED-9F16-3F05C8BACF50}.Release|Any CPU.Build.0 = Release|Any CPU
		{4E3031DF-8FC7-47ED-9F16-3F05C8BACF50}.Release-XML|Any CPU.ActiveCfg = Release-XML|Any CPU
		{4E3031DF-8FC7-47ED-9F16-3F05C8BACF50}.Release-XML|Any CPU.Build.0 = Release-XML|Any CPU
	EndGlobalSection
	GlobalSection(SolutionProperties) = preSolution
		HideSolutionNode = FALSE
	EndGlobalSection
EndGlobal
