
Microsoft Visual Studio Solution File, Format Version 12.00
# Visual Studio Version 16
VisualStudioVersion = 16.0.30907.101
MinimumVisualStudioVersion = 10.0.40219.1
Project("{8BC9CEB8-8B4A-11D0-8D11-00A0C91BC942}") = "ipldtest", "ipldtest\ipldtest.vcxproj", "{C1D5E5BF-3DC7-4C04-96FB-5094F90A9E2B}"
EndProject
Project("{9A19103F-16F7-4668-BE54-9A1E7A4F7556}") = "ipldtestlinux", "ipldtestlinux\ipldtestlinux.csproj", "{6B22BFA6-9FA2-4175-A23A-E474415CD3F5}"
EndProject
Project("{FAE04EC0-301F-11D3-BF4B-00C04F79EFBC}") = "ipldtestwindows", "ipldtestwindows\ipldtestwindows.csproj", "{E96E5D47-7448-49A2-897A-487BE21F7BA8}"
EndProject
Global
	GlobalSection(SolutionConfigurationPlatforms) = preSolution
		Debug|Any CPU = Debug|Any CPU
		Debug|x64 = Debug|x64
		Debug|x86 = Debug|x86
		Release|Any CPU = Release|Any CPU
		Release|x64 = Release|x64
		Release|x86 = Release|x86
	EndGlobalSection
	GlobalSection(ProjectConfigurationPlatforms) = postSolution
		{C1D5E5BF-3DC7-4C04-96FB-5094F90A9E2B}.Debug|Any CPU.ActiveCfg = Debug|Win32
		{C1D5E5BF-3DC7-4C04-96FB-5094F90A9E2B}.Debug|x64.ActiveCfg = Debug|x64
		{C1D5E5BF-3DC7-4C04-96FB-5094F90A9E2B}.Debug|x64.Build.0 = Debug|x64
		{C1D5E5BF-3DC7-4C04-96FB-5094F90A9E2B}.Debug|x86.ActiveCfg = Debug|Win32
		{C1D5E5BF-3DC7-4C04-96FB-5094F90A9E2B}.Debug|x86.Build.0 = Debug|Win32
		{C1D5E5BF-3DC7-4C04-96FB-5094F90A9E2B}.Release|Any CPU.ActiveCfg = Release|Win32
		{C1D5E5BF-3DC7-4C04-96FB-5094F90A9E2B}.Release|x64.ActiveCfg = Release|x64
		{C1D5E5BF-3DC7-4C04-96FB-5094F90A9E2B}.Release|x64.Build.0 = Release|x64
		{C1D5E5BF-3DC7-4C04-96FB-5094F90A9E2B}.Release|x86.ActiveCfg = Release|Win32
		{C1D5E5BF-3DC7-4C04-96FB-5094F90A9E2B}.Release|x86.Build.0 = Release|Win32
		{6B22BFA6-9FA2-4175-A23A-E474415CD3F5}.Debug|Any CPU.ActiveCfg = Debug|Any CPU
		{6B22BFA6-9FA2-4175-A23A-E474415CD3F5}.Debug|Any CPU.Build.0 = Debug|Any CPU
		{6B22BFA6-9FA2-4175-A23A-E474415CD3F5}.Debug|x64.ActiveCfg = Debug|Any CPU
		{6B22BFA6-9FA2-4175-A23A-E474415CD3F5}.Debug|x64.Build.0 = Debug|Any CPU
		{6B22BFA6-9FA2-4175-A23A-E474415CD3F5}.Debug|x86.ActiveCfg = Debug|Any CPU
		{6B22BFA6-9FA2-4175-A23A-E474415CD3F5}.Debug|x86.Build.0 = Debug|Any CPU
		{6B22BFA6-9FA2-4175-A23A-E474415CD3F5}.Release|Any CPU.ActiveCfg = Release|Any CPU
		{6B22BFA6-9FA2-4175-A23A-E474415CD3F5}.Release|Any CPU.Build.0 = Release|Any CPU
		{6B22BFA6-9FA2-4175-A23A-E474415CD3F5}.Release|x64.ActiveCfg = Release|Any CPU
		{6B22BFA6-9FA2-4175-A23A-E474415CD3F5}.Release|x64.Build.0 = Release|Any CPU
		{6B22BFA6-9FA2-4175-A23A-E474415CD3F5}.Release|x86.ActiveCfg = Release|Any CPU
		{6B22BFA6-9FA2-4175-A23A-E474415CD3F5}.Release|x86.Build.0 = Release|Any CPU
		{E96E5D47-7448-49A2-897A-487BE21F7BA8}.Debug|Any CPU.ActiveCfg = Debug|Any CPU
		{E96E5D47-7448-49A2-897A-487BE21F7BA8}.Debug|Any CPU.Build.0 = Debug|Any CPU
		{E96E5D47-7448-49A2-897A-487BE21F7BA8}.Debug|x64.ActiveCfg = Debug|Any CPU
		{E96E5D47-7448-49A2-897A-487BE21F7BA8}.Debug|x64.Build.0 = Debug|Any CPU
		{E96E5D47-7448-49A2-897A-487BE21F7BA8}.Debug|x86.ActiveCfg = Debug|Any CPU
		{E96E5D47-7448-49A2-897A-487BE21F7BA8}.Debug|x86.Build.0 = Debug|Any CPU
		{E96E5D47-7448-49A2-897A-487BE21F7BA8}.Release|Any CPU.ActiveCfg = Release|Any CPU
		{E96E5D47-7448-49A2-897A-487BE21F7BA8}.Release|Any CPU.Build.0 = Release|Any CPU
		{E96E5D47-7448-49A2-897A-487BE21F7BA8}.Release|x64.ActiveCfg = Release|Any CPU
		{E96E5D47-7448-49A2-897A-487BE21F7BA8}.Release|x64.Build.0 = Release|Any CPU
		{E96E5D47-7448-49A2-897A-487BE21F7BA8}.Release|x86.ActiveCfg = Release|Any CPU
		{E96E5D47-7448-49A2-897A-487BE21F7BA8}.Release|x86.Build.0 = Release|Any CPU
	EndGlobalSection
	GlobalSection(SolutionProperties) = preSolution
		HideSolutionNode = FALSE
	EndGlobalSection
	GlobalSection(ExtensibilityGlobals) = postSolution
		SolutionGuid = {62D3E9D9-57C7-4813-BD3A-EE653EE0837D}
	EndGlobalSection
EndGlobal
