
Microsoft Visual Studio Solution File, Format Version 12.00
# Visual Studio 2013
VisualStudioVersion = 12.0.30110.0
MinimumVisualStudioVersion = 10.0.40219.1
Project("{2150E333-8FDC-42A3-9474-1A3956D46DE8}") = "Silverlight", "Silverlight", "{D6914E32-562F-4A82-AAF4-E9A7AB36D4C3}"
EndProject
Project("{2150E333-8FDC-42A3-9474-1A3956D46DE8}") = "Wpf", "Wpf", "{299BE8E6-6ACC-43E1-B4AC-DAF1BEAA6362}"
EndProject
Project("{2150E333-8FDC-42A3-9474-1A3956D46DE8}") = "Windows Phone", "Windows Phone", "{F7E1AF83-3253-4076-9295-802E5CCDC0C3}"
EndProject
Project("{2150E333-8FDC-42A3-9474-1A3956D46DE8}") = "WinRT", "WinRT", "{ACC5DD04-97FC-4A45-B3D9-4A8DD95A398A}"
EndProject
Project("{2150E333-8FDC-42A3-9474-1A3956D46DE8}") = "WinMD", "WinMD", "{8034B099-AAF3-4847-AC42-E6478E0F72E7}"
EndProject
Project("{FAE04EC0-301F-11D3-BF4B-00C04F79EFBC}") = "WriteableBitmapEx", "..\Source\WriteableBitmapEx\WriteableBitmapEx.csproj", "{255CC1F7-0442-4B32-A517-DF69B958382C}"
EndProject
Project("{FAE04EC0-301F-11D3-BF4B-00C04F79EFBC}") = "WriteableBitmapExBlitSample", "..\Source\WriteableBitmapExBlitSample\WriteableBitmapExBlitSample.csproj", "{F7655AA5-7444-4FF7-A816-4F680E980CDB}"
EndProject
Project("{FAE04EC0-301F-11D3-BF4B-00C04F79EFBC}") = "WriteableBitmapExCurveSample", "..\Source\WriteableBitmapExCurveSample\WriteableBitmapExCurveSample.csproj", "{12A8802E-1EF7-44CC-927F-333D0E5221C7}"
EndProject
Project("{FAE04EC0-301F-11D3-BF4B-00C04F79EFBC}") = "WriteableBitmapExFillSample", "..\Source\WriteableBitmapExFillSample\WriteableBitmapExFillSample.csproj", "{3B98853F-786A-444B-887D-A8149364DA7E}"
EndProject
Project("{FAE04EC0-301F-11D3-BF4B-00C04F79EFBC}") = "WriteableBitmapExShapeSample", "..\Source\WriteableBitmapExShapeSample\WriteableBitmapExShapeSample.csproj", "{90E2BCA2-72D9-4E7E-9B20-76B5C8D92C81}"
EndProject
Project("{FAE04EC0-301F-11D3-BF4B-00C04F79EFBC}") = "WriteableBitmapEx.Wpf", "..\Source\WriteableBitmapEx.Wpf\WriteableBitmapEx.Wpf.csproj", "{B0AA6A94-6784-4221-81F0-244A68C374C0}"
EndProject
Project("{FAE04EC0-301F-11D3-BF4B-00C04F79EFBC}") = "WriteableBitmapExCurveSample.Wpf", "..\Source\WriteableBitmapExCurveSample.Wpf\WriteableBitmapExCurveSample.Wpf.csproj", "{EBAE3620-C67D-4313-AEDC-9D336C71EC29}"
EndProject
Project("{FAE04EC0-301F-11D3-BF4B-00C04F79EFBC}") = "WriteableBitmapExBlitSample.Wpf", "..\Source\WriteableBitmapExBlitSample.Wpf\WriteableBitmapExBlitSample.Wpf.csproj", "{7449175B-5E83-46E3-B67D-120319BCDCC5}"
EndProject
Project("{FAE04EC0-301F-11D3-BF4B-00C04F79EFBC}") = "WriteableBitmapExShapeSample.Wpf", "..\Source\WriteableBitmapExShapeSample.Wpf\WriteableBitmapExShapeSample.Wpf.csproj", "{9020AC35-A876-4002-BD92-30666319E019}"
EndProject
Project("{FAE04EC0-301F-11D3-BF4B-00C04F79EFBC}") = "WriteableBitmapExFillSample.Wpf", "..\Source\WriteableBitmapExFillSample.Wpf\WriteableBitmapExFillSample.Wpf.csproj", "{7111E514-9D2B-47C4-B63B-7C2E32FD145B}"
EndProject
Project("{FAE04EC0-301F-11D3-BF4B-00C04F79EFBC}") = "WriteableBitmapExWinPhonePerformanceSample", "..\Source\WriteableBitmapExWinPhonePerformanceSample\WriteableBitmapExWinPhonePerformanceSample.csproj", "{42DFD935-CEDE-4520-B937-AEBAB894AB7E}"
EndProject
Project("{FAE04EC0-301F-11D3-BF4B-00C04F79EFBC}") = "WriteableBitmapExWinPhone", "..\Source\WriteableBitmapEx\WriteableBitmapExWinPhone.csproj", "{204A8F2C-DF9E-40E0-9C6E-52726DC1E95F}"
EndProject
Project("{FAE04EC0-301F-11D3-BF4B-00C04F79EFBC}") = "WriteableBitmapExWinPhoneCurveSample", "..\Source\WriteableBitmapExWinPhoneCurveSample\WriteableBitmapExWinPhoneCurveSample.csproj", "{796DE32B-6EBD-4BBD-8A0F-192148A81781}"
EndProject
Project("{FAE04EC0-301F-11D3-BF4B-00C04F79EFBC}") = "WriteableBitmapExWinPhoneXnaDependant", "..\Source\WriteableBitmapExWinPhoneXnaDependant\WriteableBitmapExWinPhoneXnaDependant.csproj", "{F5C61BEF-8BEE-44CD-B8A6-70EE593ADCE0}"
EndProject
Project("{FAE04EC0-301F-11D3-BF4B-00C04F79EFBC}") = "WriteableBitmapEx.WinRT", "..\Source\WriteableBitmapEx.WinRT\WriteableBitmapEx.WinRT.csproj", "{1D239050-4D34-4B95-9F5F-699622410F1C}"
EndProject
Project("{FAE04EC0-301F-11D3-BF4B-00C04F79EFBC}") = "WriteableBitmapExCurveSample.WinRT", "..\Source\WriteableBitmapExCurveSample.WinRT\WriteableBitmapExCurveSample.WinRT.csproj", "{6DACC857-EE5D-4D86-81CC-504A9F0336B8}"
EndProject
Project("{FAE04EC0-301F-11D3-BF4B-00C04F79EFBC}") = "WriteableBitmapEx.WinMD", "..\Source\WriteableBitmapEx.WinMD\WriteableBitmapEx.WinMD.csproj", "{174318F8-6998-404A-95A4-871E3E909BF3}"
EndProject
Project("{8BC9CEB8-8B4A-11D0-8D11-00A0C91BC942}") = "WriteableBitmapExSimpleCircleSampleCppWinMD", "..\Source\WriteableBitmapExSimpleCircleSampleCppWinMD\WriteableBitmapExSimpleCircleSampleCppWinMD.vcxproj", "{19C797EC-9319-4F7A-8F16-D4523D811466}"
EndProject
Global
	GlobalSection(SolutionConfigurationPlatforms) = preSolution
		Debug|Any CPU = Debug|Any CPU
		Debug|ARM = Debug|ARM
		Debug|Mixed Platforms = Debug|Mixed Platforms
		Debug|Win32 = Debug|Win32
		Debug|x64 = Debug|x64
		Debug|x86 = Debug|x86
		Release|Any CPU = Release|Any CPU
		Release|ARM = Release|ARM
		Release|Mixed Platforms = Release|Mixed Platforms
		Release|Win32 = Release|Win32
		Release|x64 = Release|x64
		Release|x86 = Release|x86
	EndGlobalSection
	GlobalSection(ProjectConfigurationPlatforms) = postSolution
		{255CC1F7-0442-4B32-A517-DF69B958382C}.Debug|Any CPU.ActiveCfg = Debug|Any CPU
		{255CC1F7-0442-4B32-A517-DF69B958382C}.Debug|Any CPU.Build.0 = Debug|Any CPU
		{255CC1F7-0442-4B32-A517-DF69B958382C}.Debug|ARM.ActiveCfg = Debug|Any CPU
		{255CC1F7-0442-4B32-A517-DF69B958382C}.Debug|Mixed Platforms.ActiveCfg = Debug|Any CPU
		{255CC1F7-0442-4B32-A517-DF69B958382C}.Debug|Mixed Platforms.Build.0 = Debug|Any CPU
		{255CC1F7-0442-4B32-A517-DF69B958382C}.Debug|Win32.ActiveCfg = Debug|Any CPU
		{255CC1F7-0442-4B32-A517-DF69B958382C}.Debug|x64.ActiveCfg = Debug|Any CPU
		{255CC1F7-0442-4B32-A517-DF69B958382C}.Debug|x86.ActiveCfg = Debug|Any CPU
		{255CC1F7-0442-4B32-A517-DF69B958382C}.Release|Any CPU.ActiveCfg = Release|Any CPU
		{255CC1F7-0442-4B32-A517-DF69B958382C}.Release|Any CPU.Build.0 = Release|Any CPU
		{255CC1F7-0442-4B32-A517-DF69B958382C}.Release|ARM.ActiveCfg = Release|Any CPU
		{255CC1F7-0442-4B32-A517-DF69B958382C}.Release|Mixed Platforms.ActiveCfg = Release|Any CPU
		{255CC1F7-0442-4B32-A517-DF69B958382C}.Release|Mixed Platforms.Build.0 = Release|Any CPU
		{255CC1F7-0442-4B32-A517-DF69B958382C}.Release|Win32.ActiveCfg = Release|Any CPU
		{255CC1F7-0442-4B32-A517-DF69B958382C}.Release|x64.ActiveCfg = Release|Any CPU
		{255CC1F7-0442-4B32-A517-DF69B958382C}.Release|x86.ActiveCfg = Release|Any CPU
		{F7655AA5-7444-4FF7-A816-4F680E980CDB}.Debug|Any CPU.ActiveCfg = Debug|Any CPU
		{F7655AA5-7444-4FF7-A816-4F680E980CDB}.Debug|Any CPU.Build.0 = Debug|Any CPU
		{F7655AA5-7444-4FF7-A816-4F680E980CDB}.Debug|ARM.ActiveCfg = Debug|Any CPU
		{F7655AA5-7444-4FF7-A816-4F680E980CDB}.Debug|Mixed Platforms.ActiveCfg = Debug|Any CPU
		{F7655AA5-7444-4FF7-A816-4F680E980CDB}.Debug|Mixed Platforms.Build.0 = Debug|Any CPU
		{F7655AA5-7444-4FF7-A816-4F680E980CDB}.Debug|Win32.ActiveCfg = Debug|Any CPU
		{F7655AA5-7444-4FF7-A816-4F680E980CDB}.Debug|x64.ActiveCfg = Debug|Any CPU
		{F7655AA5-7444-4FF7-A816-4F680E980CDB}.Debug|x86.ActiveCfg = Debug|Any CPU
		{F7655AA5-7444-4FF7-A816-4F680E980CDB}.Release|Any CPU.ActiveCfg = Release|Any CPU
		{F7655AA5-7444-4FF7-A816-4F680E980CDB}.Release|Any CPU.Build.0 = Release|Any CPU
		{F7655AA5-7444-4FF7-A816-4F680E980CDB}.Release|ARM.ActiveCfg = Release|Any CPU
		{F7655AA5-7444-4FF7-A816-4F680E980CDB}.Release|Mixed Platforms.ActiveCfg = Release|Any CPU
		{F7655AA5-7444-4FF7-A816-4F680E980CDB}.Release|Mixed Platforms.Build.0 = Release|Any CPU
		{F7655AA5-7444-4FF7-A816-4F680E980CDB}.Release|Win32.ActiveCfg = Release|Any CPU
		{F7655AA5-7444-4FF7-A816-4F680E980CDB}.Release|x64.ActiveCfg = Release|Any CPU
		{F7655AA5-7444-4FF7-A816-4F680E980CDB}.Release|x86.ActiveCfg = Release|Any CPU
		{12A8802E-1EF7-44CC-927F-333D0E5221C7}.Debug|Any CPU.ActiveCfg = Debug|Any CPU
		{12A8802E-1EF7-44CC-927F-333D0E5221C7}.Debug|Any CPU.Build.0 = Debug|Any CPU
		{12A8802E-1EF7-44CC-927F-333D0E5221C7}.Debug|ARM.ActiveCfg = Debug|Any CPU
		{12A8802E-1EF7-44CC-927F-333D0E5221C7}.Debug|Mixed Platforms.ActiveCfg = Debug|Any CPU
		{12A8802E-1EF7-44CC-927F-333D0E5221C7}.Debug|Mixed Platforms.Build.0 = Debug|Any CPU
		{12A8802E-1EF7-44CC-927F-333D0E5221C7}.Debug|Win32.ActiveCfg = Debug|Any CPU
		{12A8802E-1EF7-44CC-927F-333D0E5221C7}.Debug|x64.ActiveCfg = Debug|Any CPU
		{12A8802E-1EF7-44CC-927F-333D0E5221C7}.Debug|x86.ActiveCfg = Debug|Any CPU
		{12A8802E-1EF7-44CC-927F-333D0E5221C7}.Release|Any CPU.ActiveCfg = Release|Any CPU
		{12A8802E-1EF7-44CC-927F-333D0E5221C7}.Release|Any CPU.Build.0 = Release|Any CPU
		{12A8802E-1EF7-44CC-927F-333D0E5221C7}.Release|ARM.ActiveCfg = Release|Any CPU
		{12A8802E-1EF7-44CC-927F-333D0E5221C7}.Release|Mixed Platforms.ActiveCfg = Release|Any CPU
		{12A8802E-1EF7-44CC-927F-333D0E5221C7}.Release|Mixed Platforms.Build.0 = Release|Any CPU
		{12A8802E-1EF7-44CC-927F-333D0E5221C7}.Release|Win32.ActiveCfg = Release|Any CPU
		{12A8802E-1EF7-44CC-927F-333D0E5221C7}.Release|x64.ActiveCfg = Release|Any CPU
		{12A8802E-1EF7-44CC-927F-333D0E5221C7}.Release|x86.ActiveCfg = Release|Any CPU
		{3B98853F-786A-444B-887D-A8149364DA7E}.Debug|Any CPU.ActiveCfg = Debug|Any CPU
		{3B98853F-786A-444B-887D-A8149364DA7E}.Debug|Any CPU.Build.0 = Debug|Any CPU
		{3B98853F-786A-444B-887D-A8149364DA7E}.Debug|ARM.ActiveCfg = Debug|Any CPU
		{3B98853F-786A-444B-887D-A8149364DA7E}.Debug|Mixed Platforms.ActiveCfg = Debug|Any CPU
		{3B98853F-786A-444B-887D-A8149364DA7E}.Debug|Mixed Platforms.Build.0 = Debug|Any CPU
		{3B98853F-786A-444B-887D-A8149364DA7E}.Debug|Win32.ActiveCfg = Debug|Any CPU
		{3B98853F-786A-444B-887D-A8149364DA7E}.Debug|x64.ActiveCfg = Debug|Any CPU
		{3B98853F-786A-444B-887D-A8149364DA7E}.Debug|x86.ActiveCfg = Debug|Any CPU
		{3B98853F-786A-444B-887D-A8149364DA7E}.Release|Any CPU.ActiveCfg = Release|Any CPU
		{3B98853F-786A-444B-887D-A8149364DA7E}.Release|Any CPU.Build.0 = Release|Any CPU
		{3B98853F-786A-444B-887D-A8149364DA7E}.Release|ARM.ActiveCfg = Release|Any CPU
		{3B98853F-786A-444B-887D-A8149364DA7E}.Release|Mixed Platforms.ActiveCfg = Release|Any CPU
		{3B98853F-786A-444B-887D-A8149364DA7E}.Release|Mixed Platforms.Build.0 = Release|Any CPU
		{3B98853F-786A-444B-887D-A8149364DA7E}.Release|Win32.ActiveCfg = Release|Any CPU
		{3B98853F-786A-444B-887D-A8149364DA7E}.Release|x64.ActiveCfg = Release|Any CPU
		{3B98853F-786A-444B-887D-A8149364DA7E}.Release|x86.ActiveCfg = Release|Any CPU
		{90E2BCA2-72D9-4E7E-9B20-76B5C8D92C81}.Debug|Any CPU.ActiveCfg = Debug|Any CPU
		{90E2BCA2-72D9-4E7E-9B20-76B5C8D92C81}.Debug|Any CPU.Build.0 = Debug|Any CPU
		{90E2BCA2-72D9-4E7E-9B20-76B5C8D92C81}.Debug|ARM.ActiveCfg = Debug|Any CPU
		{90E2BCA2-72D9-4E7E-9B20-76B5C8D92C81}.Debug|Mixed Platforms.ActiveCfg = Debug|Any CPU
		{90E2BCA2-72D9-4E7E-9B20-76B5C8D92C81}.Debug|Mixed Platforms.Build.0 = Debug|Any CPU
		{90E2BCA2-72D9-4E7E-9B20-76B5C8D92C81}.Debug|Win32.ActiveCfg = Debug|Any CPU
		{90E2BCA2-72D9-4E7E-9B20-76B5C8D92C81}.Debug|x64.ActiveCfg = Debug|Any CPU
		{90E2BCA2-72D9-4E7E-9B20-76B5C8D92C81}.Debug|x86.ActiveCfg = Debug|Any CPU
		{90E2BCA2-72D9-4E7E-9B20-76B5C8D92C81}.Release|Any CPU.ActiveCfg = Release|Any CPU
		{90E2BCA2-72D9-4E7E-9B20-76B5C8D92C81}.Release|Any CPU.Build.0 = Release|Any CPU
		{90E2BCA2-72D9-4E7E-9B20-76B5C8D92C81}.Release|ARM.ActiveCfg = Release|Any CPU
		{90E2BCA2-72D9-4E7E-9B20-76B5C8D92C81}.Release|Mixed Platforms.ActiveCfg = Release|Any CPU
		{90E2BCA2-72D9-4E7E-9B20-76B5C8D92C81}.Release|Mixed Platforms.Build.0 = Release|Any CPU
		{90E2BCA2-72D9-4E7E-9B20-76B5C8D92C81}.Release|Win32.ActiveCfg = Release|Any CPU
		{90E2BCA2-72D9-4E7E-9B20-76B5C8D92C81}.Release|x64.ActiveCfg = Release|Any CPU
		{90E2BCA2-72D9-4E7E-9B20-76B5C8D92C81}.Release|x86.ActiveCfg = Release|Any CPU
		{B0AA6A94-6784-4221-81F0-244A68C374C0}.Debug|Any CPU.ActiveCfg = Debug|Any CPU
		{B0AA6A94-6784-4221-81F0-244A68C374C0}.Debug|Any CPU.Build.0 = Debug|Any CPU
		{B0AA6A94-6784-4221-81F0-244A68C374C0}.Debug|ARM.ActiveCfg = Debug|Any CPU
		{B0AA6A94-6784-4221-81F0-244A68C374C0}.Debug|Mixed Platforms.ActiveCfg = Debug|Any CPU
		{B0AA6A94-6784-4221-81F0-244A68C374C0}.Debug|Mixed Platforms.Build.0 = Debug|Any CPU
		{B0AA6A94-6784-4221-81F0-244A68C374C0}.Debug|Win32.ActiveCfg = Debug|Any CPU
		{B0AA6A94-6784-4221-81F0-244A68C374C0}.Debug|x64.ActiveCfg = Debug|Any CPU
		{B0AA6A94-6784-4221-81F0-244A68C374C0}.Debug|x86.ActiveCfg = Debug|Any CPU
		{B0AA6A94-6784-4221-81F0-244A68C374C0}.Release|Any CPU.ActiveCfg = Release|Any CPU
		{B0AA6A94-6784-4221-81F0-244A68C374C0}.Release|Any CPU.Build.0 = Release|Any CPU
		{B0AA6A94-6784-4221-81F0-244A68C374C0}.Release|ARM.ActiveCfg = Release|Any CPU
		{B0AA6A94-6784-4221-81F0-244A68C374C0}.Release|Mixed Platforms.ActiveCfg = Release|Any CPU
		{B0AA6A94-6784-4221-81F0-244A68C374C0}.Release|Mixed Platforms.Build.0 = Release|Any CPU
		{B0AA6A94-6784-4221-81F0-244A68C374C0}.Release|Win32.ActiveCfg = Release|Any CPU
		{B0AA6A94-6784-4221-81F0-244A68C374C0}.Release|x64.ActiveCfg = Release|Any CPU
		{B0AA6A94-6784-4221-81F0-244A68C374C0}.Release|x86.ActiveCfg = Release|Any CPU
		{EBAE3620-C67D-4313-AEDC-9D336C71EC29}.Debug|Any CPU.ActiveCfg = Debug|x86
		{EBAE3620-C67D-4313-AEDC-9D336C71EC29}.Debug|ARM.ActiveCfg = Debug|x86
		{EBAE3620-C67D-4313-AEDC-9D336C71EC29}.Debug|Mixed Platforms.ActiveCfg = Debug|x86
		{EBAE3620-C67D-4313-AEDC-9D336C71EC29}.Debug|Mixed Platforms.Build.0 = Debug|x86
		{EBAE3620-C67D-4313-AEDC-9D336C71EC29}.Debug|Win32.ActiveCfg = Debug|x86
		{EBAE3620-C67D-4313-AEDC-9D336C71EC29}.Debug|Win32.Build.0 = Debug|x86
		{EBAE3620-C67D-4313-AEDC-9D336C71EC29}.Debug|x64.ActiveCfg = Debug|x86
		{EBAE3620-C67D-4313-AEDC-9D336C71EC29}.Debug|x86.ActiveCfg = Debug|x86
		{EBAE3620-C67D-4313-AEDC-9D336C71EC29}.Debug|x86.Build.0 = Debug|x86
		{EBAE3620-C67D-4313-AEDC-9D336C71EC29}.Release|Any CPU.ActiveCfg = Release|x86
		{EBAE3620-C67D-4313-AEDC-9D336C71EC29}.Release|Any CPU.Build.0 = Release|x86
		{EBAE3620-C67D-4313-AEDC-9D336C71EC29}.Release|ARM.ActiveCfg = Release|x86
		{EBAE3620-C67D-4313-AEDC-9D336C71EC29}.Release|Mixed Platforms.ActiveCfg = Release|x86
		{EBAE3620-C67D-4313-AEDC-9D336C71EC29}.Release|Mixed Platforms.Build.0 = Release|x86
		{EBAE3620-C67D-4313-AEDC-9D336C71EC29}.Release|Win32.ActiveCfg = Release|x86
		{EBAE3620-C67D-4313-AEDC-9D336C71EC29}.Release|Win32.Build.0 = Release|x86
		{EBAE3620-C67D-4313-AEDC-9D336C71EC29}.Release|x64.ActiveCfg = Release|x86
		{EBAE3620-C67D-4313-AEDC-9D336C71EC29}.Release|x86.ActiveCfg = Release|x86
		{EBAE3620-C67D-4313-AEDC-9D336C71EC29}.Release|x86.Build.0 = Release|x86
		{7449175B-5E83-46E3-B67D-120319BCDCC5}.Debug|Any CPU.ActiveCfg = Debug|x86
		{7449175B-5E83-46E3-B67D-120319BCDCC5}.Debug|ARM.ActiveCfg = Debug|x86
		{7449175B-5E83-46E3-B67D-120319BCDCC5}.Debug|Mixed Platforms.ActiveCfg = Debug|x86
		{7449175B-5E83-46E3-B67D-120319BCDCC5}.Debug|Mixed Platforms.Build.0 = Debug|x86
		{7449175B-5E83-46E3-B67D-120319BCDCC5}.Debug|Win32.ActiveCfg = Debug|x86
		{7449175B-5E83-46E3-B67D-120319BCDCC5}.Debug|Win32.Build.0 = Debug|x86
		{7449175B-5E83-46E3-B67D-120319BCDCC5}.Debug|x64.ActiveCfg = Debug|x86
		{7449175B-5E83-46E3-B67D-120319BCDCC5}.Debug|x86.ActiveCfg = Debug|x86
		{7449175B-5E83-46E3-B67D-120319BCDCC5}.Debug|x86.Build.0 = Debug|x86
		{7449175B-5E83-46E3-B67D-120319BCDCC5}.Release|Any CPU.ActiveCfg = Release|x86
		{7449175B-5E83-46E3-B67D-120319BCDCC5}.Release|Any CPU.Build.0 = Release|x86
		{7449175B-5E83-46E3-B67D-120319BCDCC5}.Release|ARM.ActiveCfg = Release|x86
		{7449175B-5E83-46E3-B67D-120319BCDCC5}.Release|Mixed Platforms.ActiveCfg = Release|x86
		{7449175B-5E83-46E3-B67D-120319BCDCC5}.Release|Mixed Platforms.Build.0 = Release|x86
		{7449175B-5E83-46E3-B67D-120319BCDCC5}.Release|Win32.ActiveCfg = Release|x86
		{7449175B-5E83-46E3-B67D-120319BCDCC5}.Release|Win32.Build.0 = Release|x86
		{7449175B-5E83-46E3-B67D-120319BCDCC5}.Release|x64.ActiveCfg = Release|x86
		{7449175B-5E83-46E3-B67D-120319BCDCC5}.Release|x86.ActiveCfg = Release|x86
		{7449175B-5E83-46E3-B67D-120319BCDCC5}.Release|x86.Build.0 = Release|x86
		{9020AC35-A876-4002-BD92-30666319E019}.Debug|Any CPU.ActiveCfg = Debug|x86
		{9020AC35-A876-4002-BD92-30666319E019}.Debug|ARM.ActiveCfg = Debug|x86
		{9020AC35-A876-4002-BD92-30666319E019}.Debug|Mixed Platforms.ActiveCfg = Debug|x86
		{9020AC35-A876-4002-BD92-30666319E019}.Debug|Mixed Platforms.Build.0 = Debug|x86
		{9020AC35-A876-4002-BD92-30666319E019}.Debug|Win32.ActiveCfg = Debug|x86
		{9020AC35-A876-4002-BD92-30666319E019}.Debug|Win32.Build.0 = Debug|x86
		{9020AC35-A876-4002-BD92-30666319E019}.Debug|x64.ActiveCfg = Debug|x86
		{9020AC35-A876-4002-BD92-30666319E019}.Debug|x86.ActiveCfg = Debug|x86
		{9020AC35-A876-4002-BD92-30666319E019}.Debug|x86.Build.0 = Debug|x86
		{9020AC35-A876-4002-BD92-30666319E019}.Release|Any CPU.ActiveCfg = Release|x86
		{9020AC35-A876-4002-BD92-30666319E019}.Release|Any CPU.Build.0 = Release|x86
		{9020AC35-A876-4002-BD92-30666319E019}.Release|ARM.ActiveCfg = Release|x86
		{9020AC35-A876-4002-BD92-30666319E019}.Release|Mixed Platforms.ActiveCfg = Release|x86
		{9020AC35-A876-4002-BD92-30666319E019}.Release|Mixed Platforms.Build.0 = Release|x86
		{9020AC35-A876-4002-BD92-30666319E019}.Release|Win32.ActiveCfg = Release|x86
		{9020AC35-A876-4002-BD92-30666319E019}.Release|Win32.Build.0 = Release|x86
		{9020AC35-A876-4002-BD92-30666319E019}.Release|x64.ActiveCfg = Release|x86
		{9020AC35-A876-4002-BD92-30666319E019}.Release|x86.ActiveCfg = Release|x86
		{9020AC35-A876-4002-BD92-30666319E019}.Release|x86.Build.0 = Release|x86
		{7111E514-9D2B-47C4-B63B-7C2E32FD145B}.Debug|Any CPU.ActiveCfg = Debug|x86
		{7111E514-9D2B-47C4-B63B-7C2E32FD145B}.Debug|ARM.ActiveCfg = Debug|x86
		{7111E514-9D2B-47C4-B63B-7C2E32FD145B}.Debug|Mixed Platforms.ActiveCfg = Debug|x86
		{7111E514-9D2B-47C4-B63B-7C2E32FD145B}.Debug|Mixed Platforms.Build.0 = Debug|x86
		{7111E514-9D2B-47C4-B63B-7C2E32FD145B}.Debug|Win32.ActiveCfg = Debug|x86
		{7111E514-9D2B-47C4-B63B-7C2E32FD145B}.Debug|Win32.Build.0 = Debug|x86
		{7111E514-9D2B-47C4-B63B-7C2E32FD145B}.Debug|x64.ActiveCfg = Debug|x86
		{7111E514-9D2B-47C4-B63B-7C2E32FD145B}.Debug|x86.ActiveCfg = Debug|x86
		{7111E514-9D2B-47C4-B63B-7C2E32FD145B}.Debug|x86.Build.0 = Debug|x86
		{7111E514-9D2B-47C4-B63B-7C2E32FD145B}.Release|Any CPU.ActiveCfg = Release|x86
		{7111E514-9D2B-47C4-B63B-7C2E32FD145B}.Release|Any CPU.Build.0 = Release|x86
		{7111E514-9D2B-47C4-B63B-7C2E32FD145B}.Release|ARM.ActiveCfg = Release|x86
		{7111E514-9D2B-47C4-B63B-7C2E32FD145B}.Release|Mixed Platforms.ActiveCfg = Release|x86
		{7111E514-9D2B-47C4-B63B-7C2E32FD145B}.Release|Mixed Platforms.Build.0 = Release|x86
		{7111E514-9D2B-47C4-B63B-7C2E32FD145B}.Release|Win32.ActiveCfg = Release|x86
		{7111E514-9D2B-47C4-B63B-7C2E32FD145B}.Release|Win32.Build.0 = Release|x86
		{7111E514-9D2B-47C4-B63B-7C2E32FD145B}.Release|x64.ActiveCfg = Release|x86
		{7111E514-9D2B-47C4-B63B-7C2E32FD145B}.Release|x86.ActiveCfg = Release|x86
		{7111E514-9D2B-47C4-B63B-7C2E32FD145B}.Release|x86.Build.0 = Release|x86
		{42DFD935-CEDE-4520-B937-AEBAB894AB7E}.Debug|Any CPU.ActiveCfg = Debug|Any CPU
		{42DFD935-CEDE-4520-B937-AEBAB894AB7E}.Debug|Any CPU.Build.0 = Debug|Any CPU
		{42DFD935-CEDE-4520-B937-AEBAB894AB7E}.Debug|Any CPU.Deploy.0 = Debug|Any CPU
		{42DFD935-CEDE-4520-B937-AEBAB894AB7E}.Debug|ARM.ActiveCfg = Debug|Any CPU
		{42DFD935-CEDE-4520-B937-AEBAB894AB7E}.Debug|Mixed Platforms.ActiveCfg = Debug|Any CPU
		{42DFD935-CEDE-4520-B937-AEBAB894AB7E}.Debug|Mixed Platforms.Build.0 = Debug|Any CPU
		{42DFD935-CEDE-4520-B937-AEBAB894AB7E}.Debug|Mixed Platforms.Deploy.0 = Debug|Any CPU
		{42DFD935-CEDE-4520-B937-AEBAB894AB7E}.Debug|Win32.ActiveCfg = Debug|Any CPU
		{42DFD935-CEDE-4520-B937-AEBAB894AB7E}.Debug|x64.ActiveCfg = Debug|Any CPU
		{42DFD935-CEDE-4520-B937-AEBAB894AB7E}.Debug|x86.ActiveCfg = Debug|Any CPU
		{42DFD935-CEDE-4520-B937-AEBAB894AB7E}.Release|Any CPU.ActiveCfg = Release|Any CPU
		{42DFD935-CEDE-4520-B937-AEBAB894AB7E}.Release|Any CPU.Build.0 = Release|Any CPU
		{42DFD935-CEDE-4520-B937-AEBAB894AB7E}.Release|Any CPU.Deploy.0 = Release|Any CPU
		{42DFD935-CEDE-4520-B937-AEBAB894AB7E}.Release|ARM.ActiveCfg = Release|Any CPU
		{42DFD935-CEDE-4520-B937-AEBAB894AB7E}.Release|Mixed Platforms.ActiveCfg = Release|Any CPU
		{42DFD935-CEDE-4520-B937-AEBAB894AB7E}.Release|Mixed Platforms.Build.0 = Release|Any CPU
		{42DFD935-CEDE-4520-B937-AEBAB894AB7E}.Release|Mixed Platforms.Deploy.0 = Release|Any CPU
		{42DFD935-CEDE-4520-B937-AEBAB894AB7E}.Release|Win32.ActiveCfg = Release|Any CPU
		{42DFD935-CEDE-4520-B937-AEBAB894AB7E}.Release|x64.ActiveCfg = Release|Any CPU
		{42DFD935-CEDE-4520-B937-AEBAB894AB7E}.Release|x86.ActiveCfg = Release|Any CPU
		{204A8F2C-DF9E-40E0-9C6E-52726DC1E95F}.Debug|Any CPU.ActiveCfg = Debug|Any CPU
		{204A8F2C-DF9E-40E0-9C6E-52726DC1E95F}.Debug|Any CPU.Build.0 = Debug|Any CPU
		{204A8F2C-DF9E-40E0-9C6E-52726DC1E95F}.Debug|ARM.ActiveCfg = Debug|Any CPU
		{204A8F2C-DF9E-40E0-9C6E-52726DC1E95F}.Debug|Mixed Platforms.ActiveCfg = Debug|Any CPU
		{204A8F2C-DF9E-40E0-9C6E-52726DC1E95F}.Debug|Mixed Platforms.Build.0 = Debug|Any CPU
		{204A8F2C-DF9E-40E0-9C6E-52726DC1E95F}.Debug|Win32.ActiveCfg = Debug|Any CPU
		{204A8F2C-DF9E-40E0-9C6E-52726DC1E95F}.Debug|x64.ActiveCfg = Debug|Any CPU
		{204A8F2C-DF9E-40E0-9C6E-52726DC1E95F}.Debug|x86.ActiveCfg = Debug|Any CPU
		{204A8F2C-DF9E-40E0-9C6E-52726DC1E95F}.Release|Any CPU.ActiveCfg = Release|Any CPU
		{204A8F2C-DF9E-40E0-9C6E-52726DC1E95F}.Release|Any CPU.Build.0 = Release|Any CPU
		{204A8F2C-DF9E-40E0-9C6E-52726DC1E95F}.Release|ARM.ActiveCfg = Release|Any CPU
		{204A8F2C-DF9E-40E0-9C6E-52726DC1E95F}.Release|Mixed Platforms.ActiveCfg = Release|Any CPU
		{204A8F2C-DF9E-40E0-9C6E-52726DC1E95F}.Release|Mixed Platforms.Build.0 = Release|Any CPU
		{204A8F2C-DF9E-40E0-9C6E-52726DC1E95F}.Release|Win32.ActiveCfg = Release|Any CPU
		{204A8F2C-DF9E-40E0-9C6E-52726DC1E95F}.Release|x64.ActiveCfg = Release|Any CPU
		{204A8F2C-DF9E-40E0-9C6E-52726DC1E95F}.Release|x86.ActiveCfg = Release|Any CPU
		{796DE32B-6EBD-4BBD-8A0F-192148A81781}.Debug|Any CPU.ActiveCfg = Debug|Any CPU
		{796DE32B-6EBD-4BBD-8A0F-192148A81781}.Debug|Any CPU.Build.0 = Debug|Any CPU
		{796DE32B-6EBD-4BBD-8A0F-192148A81781}.Debug|Any CPU.Deploy.0 = Debug|Any CPU
		{796DE32B-6EBD-4BBD-8A0F-192148A81781}.Debug|ARM.ActiveCfg = Debug|Any CPU
		{796DE32B-6EBD-4BBD-8A0F-192148A81781}.Debug|Mixed Platforms.ActiveCfg = Debug|Any CPU
		{796DE32B-6EBD-4BBD-8A0F-192148A81781}.Debug|Mixed Platforms.Build.0 = Debug|Any CPU
		{796DE32B-6EBD-4BBD-8A0F-192148A81781}.Debug|Mixed Platforms.Deploy.0 = Debug|Any CPU
		{796DE32B-6EBD-4BBD-8A0F-192148A81781}.Debug|Win32.ActiveCfg = Debug|Any CPU
		{796DE32B-6EBD-4BBD-8A0F-192148A81781}.Debug|x64.ActiveCfg = Debug|Any CPU
		{796DE32B-6EBD-4BBD-8A0F-192148A81781}.Debug|x86.ActiveCfg = Debug|Any CPU
		{796DE32B-6EBD-4BBD-8A0F-192148A81781}.Release|Any CPU.ActiveCfg = Release|Any CPU
		{796DE32B-6EBD-4BBD-8A0F-192148A81781}.Release|Any CPU.Build.0 = Release|Any CPU
		{796DE32B-6EBD-4BBD-8A0F-192148A81781}.Release|Any CPU.Deploy.0 = Release|Any CPU
		{796DE32B-6EBD-4BBD-8A0F-192148A81781}.Release|ARM.ActiveCfg = Release|Any CPU
		{796DE32B-6EBD-4BBD-8A0F-192148A81781}.Release|Mixed Platforms.ActiveCfg = Release|Any CPU
		{796DE32B-6EBD-4BBD-8A0F-192148A81781}.Release|Mixed Platforms.Build.0 = Release|Any CPU
		{796DE32B-6EBD-4BBD-8A0F-192148A81781}.Release|Mixed Platforms.Deploy.0 = Release|Any CPU
		{796DE32B-6EBD-4BBD-8A0F-192148A81781}.Release|Win32.ActiveCfg = Release|Any CPU
		{796DE32B-6EBD-4BBD-8A0F-192148A81781}.Release|x64.ActiveCfg = Release|Any CPU
		{796DE32B-6EBD-4BBD-8A0F-192148A81781}.Release|x86.ActiveCfg = Release|Any CPU
		{F5C61BEF-8BEE-44CD-B8A6-70EE593ADCE0}.Debug|Any CPU.ActiveCfg = Debug|Any CPU
		{F5C61BEF-8BEE-44CD-B8A6-70EE593ADCE0}.Debug|Any CPU.Build.0 = Debug|Any CPU
		{F5C61BEF-8BEE-44CD-B8A6-70EE593ADCE0}.Debug|ARM.ActiveCfg = Debug|Any CPU
		{F5C61BEF-8BEE-44CD-B8A6-70EE593ADCE0}.Debug|Mixed Platforms.ActiveCfg = Debug|Any CPU
		{F5C61BEF-8BEE-44CD-B8A6-70EE593ADCE0}.Debug|Mixed Platforms.Build.0 = Debug|Any CPU
		{F5C61BEF-8BEE-44CD-B8A6-70EE593ADCE0}.Debug|Win32.ActiveCfg = Debug|Any CPU
		{F5C61BEF-8BEE-44CD-B8A6-70EE593ADCE0}.Debug|x64.ActiveCfg = Debug|Any CPU
		{F5C61BEF-8BEE-44CD-B8A6-70EE593ADCE0}.Debug|x86.ActiveCfg = Debug|Any CPU
		{F5C61BEF-8BEE-44CD-B8A6-70EE593ADCE0}.Release|Any CPU.ActiveCfg = Release|Any CPU
		{F5C61BEF-8BEE-44CD-B8A6-70EE593ADCE0}.Release|Any CPU.Build.0 = Release|Any CPU
		{F5C61BEF-8BEE-44CD-B8A6-70EE593ADCE0}.Release|ARM.ActiveCfg = Release|Any CPU
		{F5C61BEF-8BEE-44CD-B8A6-70EE593ADCE0}.Release|Mixed Platforms.ActiveCfg = Release|Any CPU
		{F5C61BEF-8BEE-44CD-B8A6-70EE593ADCE0}.Release|Mixed Platforms.Build.0 = Release|Any CPU
		{F5C61BEF-8BEE-44CD-B8A6-70EE593ADCE0}.Release|Win32.ActiveCfg = Release|Any CPU
		{F5C61BEF-8BEE-44CD-B8A6-70EE593ADCE0}.Release|x64.ActiveCfg = Release|Any CPU
		{F5C61BEF-8BEE-44CD-B8A6-70EE593ADCE0}.Release|x86.ActiveCfg = Release|Any CPU
		{1D239050-4D34-4B95-9F5F-699622410F1C}.Debug|Any CPU.ActiveCfg = Debug|Any CPU
		{1D239050-4D34-4B95-9F5F-699622410F1C}.Debug|Any CPU.Build.0 = Debug|Any CPU
		{1D239050-4D34-4B95-9F5F-699622410F1C}.Debug|ARM.ActiveCfg = Debug|ARM
		{1D239050-4D34-4B95-9F5F-699622410F1C}.Debug|ARM.Build.0 = Debug|ARM
		{1D239050-4D34-4B95-9F5F-699622410F1C}.Debug|Mixed Platforms.ActiveCfg = Debug|Any CPU
		{1D239050-4D34-4B95-9F5F-699622410F1C}.Debug|Mixed Platforms.Build.0 = Debug|Any CPU
		{1D239050-4D34-4B95-9F5F-699622410F1C}.Debug|Win32.ActiveCfg = Debug|x86
		{1D239050-4D34-4B95-9F5F-699622410F1C}.Debug|Win32.Build.0 = Debug|x86
		{1D239050-4D34-4B95-9F5F-699622410F1C}.Debug|x64.ActiveCfg = Debug|x64
		{1D239050-4D34-4B95-9F5F-699622410F1C}.Debug|x64.Build.0 = Debug|x64
		{1D239050-4D34-4B95-9F5F-699622410F1C}.Debug|x86.ActiveCfg = Debug|x86
		{1D239050-4D34-4B95-9F5F-699622410F1C}.Debug|x86.Build.0 = Debug|x86
		{1D239050-4D34-4B95-9F5F-699622410F1C}.Release|Any CPU.ActiveCfg = Release|Any CPU
		{1D239050-4D34-4B95-9F5F-699622410F1C}.Release|Any CPU.Build.0 = Release|Any CPU
		{1D239050-4D34-4B95-9F5F-699622410F1C}.Release|ARM.ActiveCfg = Release|ARM
		{1D239050-4D34-4B95-9F5F-699622410F1C}.Release|ARM.Build.0 = Release|ARM
		{1D239050-4D34-4B95-9F5F-699622410F1C}.Release|Mixed Platforms.ActiveCfg = Release|Any CPU
		{1D239050-4D34-4B95-9F5F-699622410F1C}.Release|Mixed Platforms.Build.0 = Release|Any CPU
		{1D239050-4D34-4B95-9F5F-699622410F1C}.Release|Win32.ActiveCfg = Release|x86
		{1D239050-4D34-4B95-9F5F-699622410F1C}.Release|Win32.Build.0 = Release|x86
		{1D239050-4D34-4B95-9F5F-699622410F1C}.Release|x64.ActiveCfg = Release|x64
		{1D239050-4D34-4B95-9F5F-699622410F1C}.Release|x64.Build.0 = Release|x64
		{1D239050-4D34-4B95-9F5F-699622410F1C}.Release|x86.ActiveCfg = Release|x86
		{1D239050-4D34-4B95-9F5F-699622410F1C}.Release|x86.Build.0 = Release|x86
		{6DACC857-EE5D-4D86-81CC-504A9F0336B8}.Debug|Any CPU.ActiveCfg = Debug|Any CPU
		{6DACC857-EE5D-4D86-81CC-504A9F0336B8}.Debug|Any CPU.Build.0 = Debug|Any CPU
		{6DACC857-EE5D-4D86-81CC-504A9F0336B8}.Debug|Any CPU.Deploy.0 = Debug|Any CPU
		{6DACC857-EE5D-4D86-81CC-504A9F0336B8}.Debug|ARM.ActiveCfg = Debug|ARM
		{6DACC857-EE5D-4D86-81CC-504A9F0336B8}.Debug|ARM.Build.0 = Debug|ARM
		{6DACC857-EE5D-4D86-81CC-504A9F0336B8}.Debug|ARM.Deploy.0 = Debug|ARM
		{6DACC857-EE5D-4D86-81CC-504A9F0336B8}.Debug|Mixed Platforms.ActiveCfg = Debug|x86
		{6DACC857-EE5D-4D86-81CC-504A9F0336B8}.Debug|Mixed Platforms.Build.0 = Debug|x86
		{6DACC857-EE5D-4D86-81CC-504A9F0336B8}.Debug|Mixed Platforms.Deploy.0 = Debug|x86
		{6DACC857-EE5D-4D86-81CC-504A9F0336B8}.Debug|Win32.ActiveCfg = Debug|x86
		{6DACC857-EE5D-4D86-81CC-504A9F0336B8}.Debug|Win32.Build.0 = Debug|x86
		{6DACC857-EE5D-4D86-81CC-504A9F0336B8}.Debug|Win32.Deploy.0 = Debug|x86
		{6DACC857-EE5D-4D86-81CC-504A9F0336B8}.Debug|x64.ActiveCfg = Debug|x64
		{6DACC857-EE5D-4D86-81CC-504A9F0336B8}.Debug|x64.Build.0 = Debug|x64
		{6DACC857-EE5D-4D86-81CC-504A9F0336B8}.Debug|x64.Deploy.0 = Debug|x64
		{6DACC857-EE5D-4D86-81CC-504A9F0336B8}.Debug|x86.ActiveCfg = Debug|x86
		{6DACC857-EE5D-4D86-81CC-504A9F0336B8}.Debug|x86.Build.0 = Debug|x86
		{6DACC857-EE5D-4D86-81CC-504A9F0336B8}.Debug|x86.Deploy.0 = Debug|x86
		{6DACC857-EE5D-4D86-81CC-504A9F0336B8}.Release|Any CPU.ActiveCfg = Release|Any CPU
		{6DACC857-EE5D-4D86-81CC-504A9F0336B8}.Release|Any CPU.Build.0 = Release|Any CPU
		{6DACC857-EE5D-4D86-81CC-504A9F0336B8}.Release|Any CPU.Deploy.0 = Release|Any CPU
		{6DACC857-EE5D-4D86-81CC-504A9F0336B8}.Release|ARM.ActiveCfg = Release|ARM
		{6DACC857-EE5D-4D86-81CC-504A9F0336B8}.Release|ARM.Build.0 = Release|ARM
		{6DACC857-EE5D-4D86-81CC-504A9F0336B8}.Release|ARM.Deploy.0 = Release|ARM
		{6DACC857-EE5D-4D86-81CC-504A9F0336B8}.Release|Mixed Platforms.ActiveCfg = Release|x86
		{6DACC857-EE5D-4D86-81CC-504A9F0336B8}.Release|Mixed Platforms.Build.0 = Release|x86
		{6DACC857-EE5D-4D86-81CC-504A9F0336B8}.Release|Mixed Platforms.Deploy.0 = Release|x86
		{6DACC857-EE5D-4D86-81CC-504A9F0336B8}.Release|Win32.ActiveCfg = Release|x86
		{6DACC857-EE5D-4D86-81CC-504A9F0336B8}.Release|Win32.Build.0 = Release|x86
		{6DACC857-EE5D-4D86-81CC-504A9F0336B8}.Release|Win32.Deploy.0 = Release|x86
		{6DACC857-EE5D-4D86-81CC-504A9F0336B8}.Release|x64.ActiveCfg = Release|x64
		{6DACC857-EE5D-4D86-81CC-504A9F0336B8}.Release|x64.Build.0 = Release|x64
		{6DACC857-EE5D-4D86-81CC-504A9F0336B8}.Release|x64.Deploy.0 = Release|x64
		{6DACC857-EE5D-4D86-81CC-504A9F0336B8}.Release|x86.ActiveCfg = Release|x86
		{6DACC857-EE5D-4D86-81CC-504A9F0336B8}.Release|x86.Build.0 = Release|x86
		{6DACC857-EE5D-4D86-81CC-504A9F0336B8}.Release|x86.Deploy.0 = Release|x86
		{174318F8-6998-404A-95A4-871E3E909BF3}.Debug|Any CPU.ActiveCfg = Debug|Any CPU
		{174318F8-6998-404A-95A4-871E3E909BF3}.Debug|Any CPU.Build.0 = Debug|Any CPU
		{174318F8-6998-404A-95A4-871E3E909BF3}.Debug|ARM.ActiveCfg = Debug|ARM
		{174318F8-6998-404A-95A4-871E3E909BF3}.Debug|ARM.Build.0 = Debug|ARM
		{174318F8-6998-404A-95A4-871E3E909BF3}.Debug|Mixed Platforms.ActiveCfg = Debug|x86
		{174318F8-6998-404A-95A4-871E3E909BF3}.Debug|Mixed Platforms.Build.0 = Debug|x86
		{174318F8-6998-404A-95A4-871E3E909BF3}.Debug|Win32.ActiveCfg = Debug|x86
		{174318F8-6998-404A-95A4-871E3E909BF3}.Debug|Win32.Build.0 = Debug|x86
		{174318F8-6998-404A-95A4-871E3E909BF3}.Debug|x64.ActiveCfg = Debug|x64
		{174318F8-6998-404A-95A4-871E3E909BF3}.Debug|x64.Build.0 = Debug|x64
		{174318F8-6998-404A-95A4-871E3E909BF3}.Debug|x86.ActiveCfg = Debug|x86
		{174318F8-6998-404A-95A4-871E3E909BF3}.Debug|x86.Build.0 = Debug|x86
		{174318F8-6998-404A-95A4-871E3E909BF3}.Release|Any CPU.ActiveCfg = Release|Any CPU
		{174318F8-6998-404A-95A4-871E3E909BF3}.Release|Any CPU.Build.0 = Release|Any CPU
		{174318F8-6998-404A-95A4-871E3E909BF3}.Release|ARM.ActiveCfg = Release|ARM
		{174318F8-6998-404A-95A4-871E3E909BF3}.Release|ARM.Build.0 = Release|ARM
		{174318F8-6998-404A-95A4-871E3E909BF3}.Release|Mixed Platforms.ActiveCfg = Release|x86
		{174318F8-6998-404A-95A4-871E3E909BF3}.Release|Mixed Platforms.Build.0 = Release|x86
		{174318F8-6998-404A-95A4-871E3E909BF3}.Release|Win32.ActiveCfg = Release|x86
		{174318F8-6998-404A-95A4-871E3E909BF3}.Release|Win32.Build.0 = Release|x86
		{174318F8-6998-404A-95A4-871E3E909BF3}.Release|x64.ActiveCfg = Release|x64
		{174318F8-6998-404A-95A4-871E3E909BF3}.Release|x64.Build.0 = Release|x64
		{174318F8-6998-404A-95A4-871E3E909BF3}.Release|x86.ActiveCfg = Release|x86
		{174318F8-6998-404A-95A4-871E3E909BF3}.Release|x86.Build.0 = Release|x86
		{19C797EC-9319-4F7A-8F16-D4523D811466}.Debug|Any CPU.ActiveCfg = Debug|Win32
		{19C797EC-9319-4F7A-8F16-D4523D811466}.Debug|Any CPU.Build.0 = Debug|Win32
		{19C797EC-9319-4F7A-8F16-D4523D811466}.Debug|Any CPU.Deploy.0 = Debug|Win32
		{19C797EC-9319-4F7A-8F16-D4523D811466}.Debug|ARM.ActiveCfg = Debug|ARM
		{19C797EC-9319-4F7A-8F16-D4523D811466}.Debug|ARM.Build.0 = Debug|ARM
		{19C797EC-9319-4F7A-8F16-D4523D811466}.Debug|ARM.Deploy.0 = Debug|ARM
		{19C797EC-9319-4F7A-8F16-D4523D811466}.Debug|Mixed Platforms.ActiveCfg = Debug|Win32
		{19C797EC-9319-4F7A-8F16-D4523D811466}.Debug|Mixed Platforms.Build.0 = Debug|Win32
		{19C797EC-9319-4F7A-8F16-D4523D811466}.Debug|Mixed Platforms.Deploy.0 = Debug|Win32
		{19C797EC-9319-4F7A-8F16-D4523D811466}.Debug|Win32.ActiveCfg = Debug|Win32
		{19C797EC-9319-4F7A-8F16-D4523D811466}.Debug|Win32.Build.0 = Debug|Win32
		{19C797EC-9319-4F7A-8F16-D4523D811466}.Debug|Win32.Deploy.0 = Debug|Win32
		{19C797EC-9319-4F7A-8F16-D4523D811466}.Debug|x64.ActiveCfg = Debug|x64
		{19C797EC-9319-4F7A-8F16-D4523D811466}.Debug|x64.Build.0 = Debug|x64
		{19C797EC-9319-4F7A-8F16-D4523D811466}.Debug|x64.Deploy.0 = Debug|x64
		{19C797EC-9319-4F7A-8F16-D4523D811466}.Debug|x86.ActiveCfg = Debug|Win32
		{19C797EC-9319-4F7A-8F16-D4523D811466}.Debug|x86.Build.0 = Debug|Win32
		{19C797EC-9319-4F7A-8F16-D4523D811466}.Debug|x86.Deploy.0 = Debug|Win32
		{19C797EC-9319-4F7A-8F16-D4523D811466}.Release|Any CPU.ActiveCfg = Release|Win32
		{19C797EC-9319-4F7A-8F16-D4523D811466}.Release|ARM.ActiveCfg = Release|ARM
		{19C797EC-9319-4F7A-8F16-D4523D811466}.Release|ARM.Build.0 = Release|ARM
		{19C797EC-9319-4F7A-8F16-D4523D811466}.Release|ARM.Deploy.0 = Release|ARM
		{19C797EC-9319-4F7A-8F16-D4523D811466}.Release|Mixed Platforms.ActiveCfg = Release|Win32
		{19C797EC-9319-4F7A-8F16-D4523D811466}.Release|Mixed Platforms.Build.0 = Release|Win32
		{19C797EC-9319-4F7A-8F16-D4523D811466}.Release|Mixed Platforms.Deploy.0 = Release|Win32
		{19C797EC-9319-4F7A-8F16-D4523D811466}.Release|Win32.ActiveCfg = Release|Win32
		{19C797EC-9319-4F7A-8F16-D4523D811466}.Release|Win32.Build.0 = Release|Win32
		{19C797EC-9319-4F7A-8F16-D4523D811466}.Release|Win32.Deploy.0 = Release|Win32
		{19C797EC-9319-4F7A-8F16-D4523D811466}.Release|x64.ActiveCfg = Release|x64
		{19C797EC-9319-4F7A-8F16-D4523D811466}.Release|x64.Build.0 = Release|x64
		{19C797EC-9319-4F7A-8F16-D4523D811466}.Release|x64.Deploy.0 = Release|x64
		{19C797EC-9319-4F7A-8F16-D4523D811466}.Release|x86.ActiveCfg = Release|Win32
		{19C797EC-9319-4F7A-8F16-D4523D811466}.Release|x86.Build.0 = Release|Win32
		{19C797EC-9319-4F7A-8F16-D4523D811466}.Release|x86.Deploy.0 = Release|Win32
	EndGlobalSection
	GlobalSection(SolutionProperties) = preSolution
		HideSolutionNode = FALSE
	EndGlobalSection
	GlobalSection(NestedProjects) = preSolution
		{255CC1F7-0442-4B32-A517-DF69B958382C} = {D6914E32-562F-4A82-AAF4-E9A7AB36D4C3}
		{F7655AA5-7444-4FF7-A816-4F680E980CDB} = {D6914E32-562F-4A82-AAF4-E9A7AB36D4C3}
		{12A8802E-1EF7-44CC-927F-333D0E5221C7} = {D6914E32-562F-4A82-AAF4-E9A7AB36D4C3}
		{3B98853F-786A-444B-887D-A8149364DA7E} = {D6914E32-562F-4A82-AAF4-E9A7AB36D4C3}
		{90E2BCA2-72D9-4E7E-9B20-76B5C8D92C81} = {D6914E32-562F-4A82-AAF4-E9A7AB36D4C3}
		{B0AA6A94-6784-4221-81F0-244A68C374C0} = {299BE8E6-6ACC-43E1-B4AC-DAF1BEAA6362}
		{EBAE3620-C67D-4313-AEDC-9D336C71EC29} = {299BE8E6-6ACC-43E1-B4AC-DAF1BEAA6362}
		{7449175B-5E83-46E3-B67D-120319BCDCC5} = {299BE8E6-6ACC-43E1-B4AC-DAF1BEAA6362}
		{9020AC35-A876-4002-BD92-30666319E019} = {299BE8E6-6ACC-43E1-B4AC-DAF1BEAA6362}
		{7111E514-9D2B-47C4-B63B-7C2E32FD145B} = {299BE8E6-6ACC-43E1-B4AC-DAF1BEAA6362}
		{42DFD935-CEDE-4520-B937-AEBAB894AB7E} = {F7E1AF83-3253-4076-9295-802E5CCDC0C3}
		{204A8F2C-DF9E-40E0-9C6E-52726DC1E95F} = {F7E1AF83-3253-4076-9295-802E5CCDC0C3}
		{796DE32B-6EBD-4BBD-8A0F-192148A81781} = {F7E1AF83-3253-4076-9295-802E5CCDC0C3}
		{F5C61BEF-8BEE-44CD-B8A6-70EE593ADCE0} = {F7E1AF83-3253-4076-9295-802E5CCDC0C3}
		{8034B099-AAF3-4847-AC42-E6478E0F72E7} = {ACC5DD04-97FC-4A45-B3D9-4A8DD95A398A}
		{1D239050-4D34-4B95-9F5F-699622410F1C} = {ACC5DD04-97FC-4A45-B3D9-4A8DD95A398A}
		{6DACC857-EE5D-4D86-81CC-504A9F0336B8} = {ACC5DD04-97FC-4A45-B3D9-4A8DD95A398A}
		{174318F8-6998-404A-95A4-871E3E909BF3} = {8034B099-AAF3-4847-AC42-E6478E0F72E7}
		{19C797EC-9319-4F7A-8F16-D4523D811466} = {8034B099-AAF3-4847-AC42-E6478E0F72E7}
	EndGlobalSection
EndGlobal
