Microsoft Visual Studio Solution File, Format Version 9.00
# Visual Studio 2005
Project("{FAE04EC0-301F-11D3-BF4B-00C04F79EFBC}") = "Syncfusion.GridConverter.Windows_2005", "Syncfusion.GridConverter.Windows_2005.csproj", "{71BBB059-FAE0-4BB0-B54D-5344E21EE7BB}"
EndProject
Global
	GlobalSection(SolutionConfiguration) = preSolution
		ConfigName.0 = Debug
		ConfigName.1 = Debug-Xml
		ConfigName.2 = Release
		ConfigName.3 = Release-Xml
	EndGlobalSection
	GlobalSection(ProjectDependencies) = postSolution
	EndGlobalSection
	GlobalSection(ProjectConfiguration) = postSolution
		{71BBB059-FAE0-4BB0-B54D-5344E21EE7BB}.Debug.ActiveCfg = Debug|.NET
		{71BBB059-FAE0-4BB0-B54D-5344E21EE7BB}.Debug.Build.0 = Debug|.NET
		{71BBB059-FAE0-4BB0-B54D-5344E21EE7BB}.Debug-Xml.ActiveCfg = Debug-Xml|.NET
		{71BBB059-FAE0-4BB0-B54D-5344E21EE7BB}.Debug-Xml.Build.0 = Debug-Xml|.NET
		{71BBB059-FAE0-4BB0-B54D-5344E21EE7BB}.Release.ActiveCfg = Release|.NET
		{71BBB059-FAE0-4BB0-B54D-5344E21EE7BB}.Release.Build.0 = Release|.NET
		{71BBB059-FAE0-4BB0-B54D-5344E21EE7BB}.Release-Xml.ActiveCfg = Release-Xml|.NET
		{71BBB059-FAE0-4BB0-B54D-5344E21EE7BB}.Release-Xml.Build.0 = Release-Xml|.NET
	EndGlobalSection
	GlobalSection(ExtensibilityGlobals) = postSolution
	EndGlobalSection
	GlobalSection(ExtensibilityAddIns) = postSolution
	EndGlobalSection
EndGlobal
