<Solution>
  <Folder Name="/Solution Items/">
    <File Path=".gitignore" />
    <File Path="Directory.Build.props" />
    <File Path="Directory.Build.targets" />
    <File Path="Directory.Packages.props" />
    <File Path="global.json" />
  </Folder>
  <Project Path="UnoApptest.DataContracts/UnoApptest.DataContracts.csproj">
    <Deploy />
  </Project>
  <Project Path="UnoApptest.Server/UnoApptest.Server.csproj">
    <Deploy />
  </Project>
  <Project Path="UnoApptest/UnoApptest.csproj">
    <Deploy />
  </Project>
</Solution>
