
Microsoft Visual Studio Solution File, Format Version 12.00
# Visual Studio 2012
Project("{FAE04EC0-301F-11D3-BF4B-00C04F79EFBC}") = "Syncfusion.SfRadialMenu.Silverlight.Expression.Design_2012", "Syncfusion.SfRadialMenu.Silverlight.Expression.Design_2012.csproj", "{F5CDB99D-187B-488C-9EEB-E514AC55CE9F}"
EndProject
Global
	GlobalSection(SolutionConfigurationPlatforms) = preSolution
		Debug|Any CPU = Debug|Any CPU
		Debug-Xml|Any CPU = Debug-Xml|Any CPU
		Release|Any CPU = Release|Any CPU
		Release-Xml|Any CPU = Release-Xml|Any CPU
	EndGlobalSection
	GlobalSection(ProjectConfigurationPlatforms) = postSolution
		{F5CDB99D-187B-488C-9EEB-E514AC55CE9F}.Debug|Any CPU.ActiveCfg = Debug|Any CPU
		{F5CDB99D-187B-488C-9EEB-E514AC55CE9F}.Debug|Any CPU.Build.0 = Debug|Any CPU
		{F5CDB99D-187B-488C-9EEB-E514AC55CE9F}.Debug-Xml|Any CPU.ActiveCfg = Debug-Xml|Any CPU
		{F5CDB99D-187B-488C-9EEB-E514AC55CE9F}.Debug-Xml|Any CPU.Build.0 = Debug-Xml|Any CPU
		{F5CDB99D-187B-488C-9EEB-E514AC55CE9F}.Release|Any CPU.ActiveCfg = Release|Any CPU
		{F5CDB99D-187B-488C-9EEB-E514AC55CE9F}.Release|Any CPU.Build.0 = Release|Any CPU
		{F5CDB99D-187B-488C-9EEB-E514AC55CE9F}.Release-Xml|Any CPU.ActiveCfg = Release-Xml|Any CPU
		{F5CDB99D-187B-488C-9EEB-E514AC55CE9F}.Release-Xml|Any CPU.Build.0 = Release-Xml|Any CPU
	EndGlobalSection
	GlobalSection(SolutionProperties) = preSolution
		HideSolutionNode = FALSE
	EndGlobalSection
EndGlobal
