Microsoft Visual Studio Solution File, Format Version 9.00
# Visual Studio 2005
Project("{FAE04EC0-301F-11D3-BF4B-00C04F79EFBC}") = "Syncfusion.Calculate.Base_2005", "Syncfusion.Calculate.Base_2005.csproj", "{AE6C654B-2804-4F62-94E2-A15E4EF6BAF5}"
EndProject
Global
	GlobalSection(SolutionConfiguration) = preSolution
		ConfigName.0 = Debug
		ConfigName.1 = Release
		ConfigName.2 = Release-XML
	EndGlobalSection
	GlobalSection(ProjectDependencies) = postSolution
	EndGlobalSection
	GlobalSection(ProjectConfiguration) = postSolution
		{AE6C654B-2804-4F62-94E2-A15E4EF6BAF5}.Debug.ActiveCfg = Debug|.NET
		{AE6C654B-2804-4F62-94E2-A15E4EF6BAF5}.Debug.Build.0 = Debug|.NET
		{AE6C654B-2804-4F62-94E2-A15E4EF6BAF5}.Release.ActiveCfg = Release|.NET
		{AE6C654B-2804-4F62-94E2-A15E4EF6BAF5}.Release.Build.0 = Release|.NET
		{AE6C654B-2804-4F62-94E2-A15E4EF6BAF5}.Release-XML.ActiveCfg = Release-XML|.NET
		{AE6C654B-2804-4F62-94E2-A15E4EF6BAF5}.Release-XML.Build.0 = Release-XML|.NET
	EndGlobalSection
	GlobalSection(ExtensibilityGlobals) = postSolution
	EndGlobalSection
	GlobalSection(ExtensibilityAddIns) = postSolution
	EndGlobalSection
EndGlobal
