
Microsoft Visual Studio Solution File, Format Version 11.00
# Visual Studio 2010
Project("{FAE04EC0-301F-11D3-BF4B-00C04F79EFBC}") = "Syncfusion.Olap.MVVM.Silverlight_2010", "Syncfusion.Olap.MVVM.Silverlight_2010.csproj", "{C35F0DEE-B405-4FA1-9D2E-0CC5BB12892C}"
EndProject
Global
	GlobalSection(SolutionConfigurationPlatforms) = preSolution
		Debug|Any CPU = Debug|Any CPU
		Release|Any CPU = Release|Any CPU
		Release-xml|Any CPU = Release-xml|Any CPU
	EndGlobalSection
	GlobalSection(ProjectConfigurationPlatforms) = postSolution
		{C35F0DEE-B405-4FA1-9D2E-0CC5BB12892C}.Debug|Any CPU.ActiveCfg = Debug|Any CPU
		{C35F0DEE-B405-4FA1-9D2E-0CC5BB12892C}.Debug|Any CPU.Build.0 = Debug|Any CPU
		{C35F0DEE-B405-4FA1-9D2E-0CC5BB12892C}.Release|Any CPU.ActiveCfg = Release|Any CPU
		{C35F0DEE-B405-4FA1-9D2E-0CC5BB12892C}.Release|Any CPU.Build.0 = Release|Any CPU
		{C35F0DEE-B405-4FA1-9D2E-0CC5BB12892C}.Release-xml|Any CPU.ActiveCfg = Release-xml|Any CPU
		{C35F0DEE-B405-4FA1-9D2E-0CC5BB12892C}.Release-xml|Any CPU.Build.0 = Release-xml|Any CPU
	EndGlobalSection
	GlobalSection(SolutionProperties) = preSolution
		HideSolutionNode = FALSE
	EndGlobalSection
EndGlobal
