
Microsoft Visual Studio Solution File, Format Version 10.00
# Visual Studio 2008
Project("{FAE04EC0-301F-11D3-BF4B-00C04F79EFBC}") = "Syncfusion.SfBarcode.Windows_2008", "Syncfusion.SfBarcode.Windows_2008.csproj", "{16CB2BB5-9EDF-4E4D-B067-DF9BE49A2606}"
EndProject
Global
	GlobalSection(SolutionConfigurationPlatforms) = preSolution
		Debug|Any CPU = Debug|Any CPU
		Release|Any CPU = Release|Any CPU
		Release-XML|Any CPU = Release-XML|Any CPU
	EndGlobalSection
	GlobalSection(ProjectConfigurationPlatforms) = postSolution
		{16CB2BB5-9EDF-4E4D-B067-DF9BE49A2606}.Debug|Any CPU.ActiveCfg = Debug|Any CPU
		{16CB2BB5-9EDF-4E4D-B067-DF9BE49A2606}.Debug|Any CPU.Build.0 = Debug|Any CPU
		{16CB2BB5-9EDF-4E4D-B067-DF9BE49A2606}.Release|Any CPU.ActiveCfg = Release|Any CPU
		{16CB2BB5-9EDF-4E4D-B067-DF9BE49A2606}.Release|Any CPU.Build.0 = Release|Any CPU
		{16CB2BB5-9EDF-4E4D-B067-DF9BE49A2606}.Release-XML|Any CPU.ActiveCfg = Release-XML|Any CPU
		{16CB2BB5-9EDF-4E4D-B067-DF9BE49A2606}.Release-XML|Any CPU.Build.0 = Release-XML|Any CPU
	EndGlobalSection
	GlobalSection(SolutionProperties) = preSolution
		HideSolutionNode = FALSE
	EndGlobalSection
EndGlobal
