
Microsoft Visual Studio Solution File, Format Version 10.00
# Visual Studio 2008
Project("{FAE04EC0-301F-11D3-BF4B-00C04F79EFBC}") = "Syncfusion.PropertyGrid.WPF_2008", "Syncfusion.PropertyGrid.WPF_2008.csproj", "{61C08824-C831-4CE0-B412-390689133947}"
EndProject
Global
	GlobalSection(SolutionConfigurationPlatforms) = preSolution
		Debug|Any CPU = Debug|Any CPU
		Debug-Xml|Any CPU = Debug-Xml|Any CPU
		Release|Any CPU = Release|Any CPU
		Release-Xml|Any CPU = Release-Xml|Any CPU
	EndGlobalSection
	GlobalSection(ProjectConfigurationPlatforms) = postSolution
		{61C08824-C831-4CE0-B412-390689133947}.Debug|Any CPU.ActiveCfg = Debug|Any CPU
		{61C08824-C831-4CE0-B412-390689133947}.Debug|Any CPU.Build.0 = Debug|Any CPU
		{61C08824-C831-4CE0-B412-390689133947}.Debug-Xml|Any CPU.ActiveCfg = Debug-Xml|Any CPU
		{61C08824-C831-4CE0-B412-390689133947}.Debug-Xml|Any CPU.Build.0 = Debug-Xml|Any CPU
		{61C08824-C831-4CE0-B412-390689133947}.Release|Any CPU.ActiveCfg = Release|Any CPU
		{61C08824-C831-4CE0-B412-390689133947}.Release|Any CPU.Build.0 = Release|Any CPU
		{61C08824-C831-4CE0-B412-390689133947}.Release-Xml|Any CPU.ActiveCfg = Release-Xml|Any CPU
		{61C08824-C831-4CE0-B412-390689133947}.Release-Xml|Any CPU.Build.0 = Release-Xml|Any CPU
	EndGlobalSection
	GlobalSection(SolutionProperties) = preSolution
		HideSolutionNode = FALSE
	EndGlobalSection
EndGlobal
