
Microsoft Visual Studio Solution File, Format Version 11.00
# Visual Studio 2010
Project("{FAE04EC0-301F-11D3-BF4B-00C04F79EFBC}") = "Syncfusion.GridCommon.Wpf_2010", "Syncfusion.GridCommon.Wpf_2010.csproj", "{70687937-5E0F-47A0-929D-4B7C44F3F40C}"
EndProject
Global
	GlobalSection(SolutionConfigurationPlatforms) = preSolution
		Debug|Any CPU = Debug|Any CPU
		Debug-Xml|Any CPU = Debug-Xml|Any CPU
		Release|Any CPU = Release|Any CPU
		Release-Xml|Any CPU = Release-Xml|Any CPU
	EndGlobalSection
	GlobalSection(ProjectConfigurationPlatforms) = postSolution
		{70687937-5E0F-47A0-929D-4B7C44F3F40C}.Debug|Any CPU.ActiveCfg = Debug|Any CPU
		{70687937-5E0F-47A0-929D-4B7C44F3F40C}.Debug|Any CPU.Build.0 = Debug|Any CPU
		{70687937-5E0F-47A0-929D-4B7C44F3F40C}.Debug-Xml|Any CPU.ActiveCfg = Debug-Xml|Any CPU
		{70687937-5E0F-47A0-929D-4B7C44F3F40C}.Debug-Xml|Any CPU.Build.0 = Debug-Xml|Any CPU
		{70687937-5E0F-47A0-929D-4B7C44F3F40C}.Release|Any CPU.ActiveCfg = Release|Any CPU
		{70687937-5E0F-47A0-929D-4B7C44F3F40C}.Release|Any CPU.Build.0 = Release|Any CPU
		{70687937-5E0F-47A0-929D-4B7C44F3F40C}.Release-Xml|Any CPU.ActiveCfg = Release-Xml|Any CPU
		{70687937-5E0F-47A0-929D-4B7C44F3F40C}.Release-Xml|Any CPU.Build.0 = Release-Xml|Any CPU
	EndGlobalSection
	GlobalSection(SolutionProperties) = preSolution
		HideSolutionNode = FALSE
	EndGlobalSection
EndGlobal
