Microsoft Visual Studio Solution File, Format Version 9.00
# Visual Studio 2005
Project("{FAE04EC0-301F-11D3-BF4B-00C04F79EFBC}") = "Syncfusion.Grid.Grouping.Base_2005", "Syncfusion.Grid.Grouping.Base_2005.csproj", "{FC1CD9E8-2058-4BC4-AE4A-F631F24C3356}"
EndProject
Global
	GlobalSection(SolutionConfiguration) = preSolution
		ConfigName.0 = Debug
		ConfigName.1 = Release
		ConfigName.2 = Release-Xml
	EndGlobalSection
	GlobalSection(ProjectDependencies) = postSolution
	EndGlobalSection
	GlobalSection(ProjectConfiguration) = postSolution
		{FC1CD9E8-2058-4BC4-AE4A-F631F24C3356}.Debug.ActiveCfg = Debug|.NET
		{FC1CD9E8-2058-4BC4-AE4A-F631F24C3356}.Debug.Build.0 = Debug|.NET
		{FC1CD9E8-2058-4BC4-AE4A-F631F24C3356}.Release.ActiveCfg = Release|.NET
		{FC1CD9E8-2058-4BC4-AE4A-F631F24C3356}.Release.Build.0 = Release|.NET
		{FC1CD9E8-2058-4BC4-AE4A-F631F24C3356}.Release-Xml.ActiveCfg = Release-Xml|.NET
		{FC1CD9E8-2058-4BC4-AE4A-F631F24C3356}.Release-Xml.Build.0 = Release-Xml|.NET
	EndGlobalSection
	GlobalSection(ExtensibilityGlobals) = postSolution
	EndGlobalSection
	GlobalSection(ExtensibilityAddIns) = postSolution
	EndGlobalSection
EndGlobal
