
Microsoft Visual Studio Solution File, Format Version 11.00
# Visual Studio 2010
Project("{FAE04EC0-301F-11D3-BF4B-00C04F79EFBC}") = "Syncfusion.SfTreeNavigator.Silverlight.Expression.Design_2010", "Syncfusion.SfTreeNavigator.Silverlight.Expression.Design_2010.csproj", "{F57CAA27-CAC2-4F76-B140-A4A287B2D395}"
EndProject
Global
	GlobalSection(SolutionConfigurationPlatforms) = preSolution
		Debug|Any CPU = Debug|Any CPU
		Debug-Xml|Any CPU = Debug-Xml|Any CPU
		Release|Any CPU = Release|Any CPU
		Release-Xml|Any CPU = Release-Xml|Any CPU
	EndGlobalSection
	GlobalSection(ProjectConfigurationPlatforms) = postSolution
		{F57CAA27-CAC2-4F76-B140-A4A287B2D395}.Debug|Any CPU.ActiveCfg = Debug|Any CPU
		{F57CAA27-CAC2-4F76-B140-A4A287B2D395}.Debug|Any CPU.Build.0 = Debug|Any CPU
		{F57CAA27-CAC2-4F76-B140-A4A287B2D395}.Debug-Xml|Any CPU.ActiveCfg = Debug-Xml|Any CPU
		{F57CAA27-CAC2-4F76-B140-A4A287B2D395}.Debug-Xml|Any CPU.Build.0 = Debug-Xml|Any CPU
		{F57CAA27-CAC2-4F76-B140-A4A287B2D395}.Release|Any CPU.ActiveCfg = Release|Any CPU
		{F57CAA27-CAC2-4F76-B140-A4A287B2D395}.Release|Any CPU.Build.0 = Release|Any CPU
		{F57CAA27-CAC2-4F76-B140-A4A287B2D395}.Release-Xml|Any CPU.ActiveCfg = Release-Xml|Any CPU
		{F57CAA27-CAC2-4F76-B140-A4A287B2D395}.Release-Xml|Any CPU.Build.0 = Release-Xml|Any CPU
	EndGlobalSection
	GlobalSection(SolutionProperties) = preSolution
		HideSolutionNode = FALSE
	EndGlobalSection
EndGlobal
