
Microsoft Visual Studio Solution File, Format Version 11.00
# Visual Studio 2010
Project("{FAE04EC0-301F-11D3-BF4B-00C04F79EFBC}") = "Syncfusion.Shared.MVVM.Silverlight_2010", "Syncfusion.Shared.MVVM.Silverlight_2010.csproj", "{13B98681-503F-4AEC-948E-0538E9C2A73B}"
EndProject

Global
	GlobalSection(SolutionConfigurationPlatforms) = preSolution
		Debug|Any CPU = Debug|Any CPU
		Debug-Xml|Any CPU = Debug-Xml|Any CPU
		Release|Any CPU = Release|Any CPU
		Release-Xml|Any CPU = Release-Xml|Any CPU
	EndGlobalSection
	GlobalSection(ProjectConfigurationPlatforms) = postSolution
		{13B98681-503F-4AEC-948E-0538E9C2A73B}.Debug|Any CPU.ActiveCfg = Debug|Any CPU
		{13B98681-503F-4AEC-948E-0538E9C2A73B}.Debug|Any CPU.Build.0 = Debug|Any CPU
		{13B98681-503F-4AEC-948E-0538E9C2A73B}.Debug-Xml|Any CPU.ActiveCfg = Debug|Any CPU
		{13B98681-503F-4AEC-948E-0538E9C2A73B}.Debug-Xml|Any CPU.Build.0 = Debug|Any CPU
		{13B98681-503F-4AEC-948E-0538E9C2A73B}.Release|Any CPU.ActiveCfg = Release|Any CPU
		{13B98681-503F-4AEC-948E-0538E9C2A73B}.Release|Any CPU.Build.0 = Release|Any CPU
		{13B98681-503F-4AEC-948E-0538E9C2A73B}.Release-Xml|Any CPU.ActiveCfg = Release|Any CPU
		{13B98681-503F-4AEC-948E-0538E9C2A73B}.Release-Xml|Any CPU.Build.0 = Release|Any CPU
		{61BEEAE4-82CD-4786-8C01-10AA41AF5BB0}.Debug|Any CPU.ActiveCfg = Debug|Any CPU
		{61BEEAE4-82CD-4786-8C01-10AA41AF5BB0}.Debug|Any CPU.Build.0 = Debug|Any CPU
		{61BEEAE4-82CD-4786-8C01-10AA41AF5BB0}.Debug-Xml|Any CPU.ActiveCfg = Debug-Xml|Any CPU
		{61BEEAE4-82CD-4786-8C01-10AA41AF5BB0}.Debug-Xml|Any CPU.Build.0 = Debug-Xml|Any CPU
		{61BEEAE4-82CD-4786-8C01-10AA41AF5BB0}.Release|Any CPU.ActiveCfg = Release|Any CPU
		{61BEEAE4-82CD-4786-8C01-10AA41AF5BB0}.Release|Any CPU.Build.0 = Release|Any CPU
		{61BEEAE4-82CD-4786-8C01-10AA41AF5BB0}.Release-Xml|Any CPU.ActiveCfg = Release-Xml|Any CPU
		{61BEEAE4-82CD-4786-8C01-10AA41AF5BB0}.Release-Xml|Any CPU.Build.0 = Release-Xml|Any CPU
		{5DC6CFF7-844F-4302-8C09-6F95402B2637}.Debug|Any CPU.ActiveCfg = Debug|Any CPU
		{5DC6CFF7-844F-4302-8C09-6F95402B2637}.Debug|Any CPU.Build.0 = Debug|Any CPU
		{5DC6CFF7-844F-4302-8C09-6F95402B2637}.Debug-Xml|Any CPU.ActiveCfg = Debug-Xml|Any CPU
		{5DC6CFF7-844F-4302-8C09-6F95402B2637}.Debug-Xml|Any CPU.Build.0 = Debug-Xml|Any CPU
		{5DC6CFF7-844F-4302-8C09-6F95402B2637}.Release|Any CPU.ActiveCfg = Release|Any CPU
		{5DC6CFF7-844F-4302-8C09-6F95402B2637}.Release|Any CPU.Build.0 = Release|Any CPU
		{5DC6CFF7-844F-4302-8C09-6F95402B2637}.Release-Xml|Any CPU.ActiveCfg = Release-Xml|Any CPU
		{5DC6CFF7-844F-4302-8C09-6F95402B2637}.Release-Xml|Any CPU.Build.0 = Release-Xml|Any CPU
		{C5DFAE9A-35EE-4312-8D6C-2B3AA6AFF735}.Debug|Any CPU.ActiveCfg = Debug|Any CPU
		{C5DFAE9A-35EE-4312-8D6C-2B3AA6AFF735}.Debug|Any CPU.Build.0 = Debug|Any CPU
		{C5DFAE9A-35EE-4312-8D6C-2B3AA6AFF735}.Debug-Xml|Any CPU.ActiveCfg = Debug-Xml|Any CPU
		{C5DFAE9A-35EE-4312-8D6C-2B3AA6AFF735}.Debug-Xml|Any CPU.Build.0 = Debug-Xml|Any CPU
		{C5DFAE9A-35EE-4312-8D6C-2B3AA6AFF735}.Release|Any CPU.ActiveCfg = Release|Any CPU
		{C5DFAE9A-35EE-4312-8D6C-2B3AA6AFF735}.Release|Any CPU.Build.0 = Release|Any CPU
		{C5DFAE9A-35EE-4312-8D6C-2B3AA6AFF735}.Release-Xml|Any CPU.ActiveCfg = Release-Xml|Any CPU
		{C5DFAE9A-35EE-4312-8D6C-2B3AA6AFF735}.Release-Xml|Any CPU.Build.0 = Release-Xml|Any CPU
		{DF27C134-BBE5-438B-9297-B36137234F44}.Debug|Any CPU.ActiveCfg = Debug|Any CPU
		{DF27C134-BBE5-438B-9297-B36137234F44}.Debug|Any CPU.Build.0 = Debug|Any CPU
		{DF27C134-BBE5-438B-9297-B36137234F44}.Debug-Xml|Any CPU.ActiveCfg = Debug-Xml|Any CPU
		{DF27C134-BBE5-438B-9297-B36137234F44}.Debug-Xml|Any CPU.Build.0 = Debug-Xml|Any CPU
		{DF27C134-BBE5-438B-9297-B36137234F44}.Release|Any CPU.ActiveCfg = Release|Any CPU
		{DF27C134-BBE5-438B-9297-B36137234F44}.Release|Any CPU.Build.0 = Release|Any CPU
		{DF27C134-BBE5-438B-9297-B36137234F44}.Release-Xml|Any CPU.ActiveCfg = Release-Xml|Any CPU
		{DF27C134-BBE5-438B-9297-B36137234F44}.Release-Xml|Any CPU.Build.0 = Release-Xml|Any CPU
	EndGlobalSection
	GlobalSection(SolutionProperties) = preSolution
		HideSolutionNode = FALSE
	EndGlobalSection
EndGlobal
