
Microsoft Visual Studio Solution File, Format Version 11.00
# Visual Studio 2010
Project("{FAE04EC0-301F-11D3-BF4B-00C04F79EFBC}") = "Syncfusion.Ribbon.Silverlight.Expression.Design_2010", "Syncfusion.Ribbon.Silverlight.Expression.Design_2010.csproj", "{8F4AA137-712B-4660-B208-DE8C5CD566D3}"
EndProject
Global
	GlobalSection(SolutionConfigurationPlatforms) = preSolution
		Debug|Any CPU = Debug|Any CPU
		Debug-Xml|Any CPU = Debug-Xml|Any CPU
		Release|Any CPU = Release|Any CPU
		Release-Xml|Any CPU = Release-Xml|Any CPU
	EndGlobalSection
	GlobalSection(ProjectConfigurationPlatforms) = postSolution
		{8F4AA137-712B-4660-B208-DE8C5CD566D3}.Debug|Any CPU.ActiveCfg = Debug|Any CPU
		{8F4AA137-712B-4660-B208-DE8C5CD566D3}.Debug|Any CPU.Build.0 = Debug|Any CPU
		{8F4AA137-712B-4660-B208-DE8C5CD566D3}.Debug-Xml|Any CPU.ActiveCfg = Debug-Xml|Any CPU
		{8F4AA137-712B-4660-B208-DE8C5CD566D3}.Debug-Xml|Any CPU.Build.0 = Debug-Xml|Any CPU
		{8F4AA137-712B-4660-B208-DE8C5CD566D3}.Release|Any CPU.ActiveCfg = Release|Any CPU
		{8F4AA137-712B-4660-B208-DE8C5CD566D3}.Release|Any CPU.Build.0 = Release|Any CPU
		{8F4AA137-712B-4660-B208-DE8C5CD566D3}.Release-Xml|Any CPU.ActiveCfg = Release-Xml|Any CPU
		{8F4AA137-712B-4660-B208-DE8C5CD566D3}.Release-Xml|Any CPU.Build.0 = Release-Xml|Any CPU
	EndGlobalSection
	GlobalSection(SolutionProperties) = preSolution
		HideSolutionNode = FALSE
	EndGlobalSection
EndGlobal
