Microsoft Visual Studio Solution File, Format Version 7.00
Project("{FAE04EC0-301F-11D3-BF4B-00C04F79EFBC}") = "Syncfusion.HtmlConverter.Base", "Syncfusion.HtmlConverter.Base.csproj", "{5DDCC3BF-4B3B-4E14-811A-165134B666F9}"
EndProject
Global
	GlobalSection(SolutionConfiguration) = preSolution
		ConfigName.0 = Debug
		ConfigName.1 = Debug-XML
		ConfigName.2 = Release
		ConfigName.3 = Release-XML
	EndGlobalSection
	GlobalSection(ProjectDependencies) = postSolution
	EndGlobalSection
	GlobalSection(ProjectConfiguration) = postSolution
		{5DDCC3BF-4B3B-4E14-811A-165134B666F9}.Debug.ActiveCfg = Debug|.NET
		{5DDCC3BF-4B3B-4E14-811A-165134B666F9}.Debug.Build.0 = Debug|.NET
		{5DDCC3BF-4B3B-4E14-811A-165134B666F9}.Debug-XML.ActiveCfg = Debug-XML|.NET
		{5DDCC3BF-4B3B-4E14-811A-165134B666F9}.Debug-XML.Build.0 = Debug-XML|.NET
		{5DDCC3BF-4B3B-4E14-811A-165134B666F9}.Release.ActiveCfg = Release|.NET
		{5DDCC3BF-4B3B-4E14-811A-165134B666F9}.Release.Build.0 = Release|.NET
		{5DDCC3BF-4B3B-4E14-811A-165134B666F9}.Release-XML.ActiveCfg = Release-XML|.NET
		{5DDCC3BF-4B3B-4E14-811A-165134B666F9}.Release-XML.Build.0 = Release-XML|.NET
	EndGlobalSection
	GlobalSection(ExtensibilityGlobals) = postSolution
	EndGlobalSection
	GlobalSection(ExtensibilityAddIns) = postSolution
	EndGlobalSection
EndGlobal
