
Microsoft Visual Studio Solution File, Format Version 11.00
# Visual Studio 2010
Project("{FAE04EC0-301F-11D3-BF4B-00C04F79EFBC}") = "Syncfusion.ReportViewer.Silverlight5_2010", "Syncfusion.ReportViewer.Silverlight5_2010.csproj", "{54328EB2-28E6-4647-A77D-899EEC9E941C}"
EndProject
Global
	GlobalSection(SolutionConfigurationPlatforms) = preSolution
		Debug|Any CPU = Debug|Any CPU
		Release|Any CPU = Release|Any CPU
		Release-Xml|Any CPU = Release-Xml|Any CPU
	EndGlobalSection
	GlobalSection(ProjectConfigurationPlatforms) = postSolution
		{54328EB2-28E6-4647-A77D-899EEC9E941C}.Debug|Any CPU.ActiveCfg = Debug|Any CPU
		{54328EB2-28E6-4647-A77D-899EEC9E941C}.Debug|Any CPU.Build.0 = Debug|Any CPU
		{54328EB2-28E6-4647-A77D-899EEC9E941C}.Release|Any CPU.ActiveCfg = Release|Any CPU
		{54328EB2-28E6-4647-A77D-899EEC9E941C}.Release|Any CPU.Build.0 = Release|Any CPU
		{54328EB2-28E6-4647-A77D-899EEC9E941C}.Release-Xml|Any CPU.ActiveCfg = Release-Xml|Any CPU
		{54328EB2-28E6-4647-A77D-899EEC9E941C}.Release-Xml|Any CPU.Build.0 = Release-Xml|Any CPU
	EndGlobalSection
	GlobalSection(SolutionProperties) = preSolution
		HideSolutionNode = FALSE
	EndGlobalSection
EndGlobal
