
Microsoft Visual Studio Solution File, Format Version 12.00
# Visual Studio Version 17
VisualStudioVersion = 17.4.33110.190
MinimumVisualStudioVersion = 10.0.40219.1
Project("{9A19103F-16F7-4668-BE54-9A1E7A4F7556}") = "WebApplication1", "WebApplication1\WebApplication1.csproj", "{BC5D9802-1E2B-437C-8071-F8A814EA9130}"
EndProject
Project("{9A19103F-16F7-4668-BE54-9A1E7A4F7556}") = "DXApplication1", "DXApplication1\DXApplication1.csproj", "{144670CB-6396-488C-A76D-2E03A3B69E78}"
EndProject
Project("{9A19103F-16F7-4668-BE54-9A1E7A4F7556}") = "RealTimeTags", "RealTimeTags\RealTimeTags.csproj", "{0EED1A8D-3526-4480-9C2E-30F51EB9186B}"
EndProject
Project("{9A19103F-16F7-4668-BE54-9A1E7A4F7556}") = "HubServer", "HubServer\HubServer.csproj", "{4F5185C9-F3F9-4E2A-B8C5-F8A9405FDBB8}"
EndProject
Project("{9A19103F-16F7-4668-BE54-9A1E7A4F7556}") = "HubClient", "HubClient\HubClient.csproj", "{C27C6431-48BD-49D0-927F-92595741440F}"
EndProject
Project("{9A19103F-16F7-4668-BE54-9A1E7A4F7556}") = "Interfaces", "Interfaces\Interfaces.csproj", "{01F77FDB-7181-4691-ACB1-456BE14FC82C}"
EndProject
Project("{9A19103F-16F7-4668-BE54-9A1E7A4F7556}") = "RealTimeData", "HubData\RealTimeData.csproj", "{8F64B21D-EFFD-4A58-AED8-4522F8445379}"
EndProject
Project("{2150E333-8FDC-42A3-9474-1A3956D46DE8}") = "ModuleType", "ModuleType", "{D197B42C-C109-47D3-BA61-623B82CB5A79}"
EndProject
Project("{FAE04EC0-301F-11D3-BF4B-00C04F79EFBC}") = "TypeBrowser.Main", "TypeBrowser\TypeBrowser.Main\TypeBrowser.Main.csproj", "{321183F9-1E88-4BDE-A0FA-DCAD663A838C}"
EndProject
Project("{FAE04EC0-301F-11D3-BF4B-00C04F79EFBC}") = "TypeBrowser.Common", "TypeBrowser\TypeBrowser.Common\TypeBrowser.Common.csproj", "{48D44B8B-4AC3-4E21-A85E-7B9CE132A4B0}"
EndProject
Project("{FAE04EC0-301F-11D3-BF4B-00C04F79EFBC}") = "TypeBrowser.Modules", "TypeBrowser\TypeBrowser.Modules\TypeBrowser.Modules.csproj", "{B6CE67B2-D5C9-4D8D-A023-BFF34F7BD273}"
EndProject
Project("{FAE04EC0-301F-11D3-BF4B-00C04F79EFBC}") = "TypeBrowser.Tests", "TypeBrowser\TypeBrowser.Tests\TypeBrowser.Tests.csproj", "{C42243D4-C041-4FD2-8C6A-42C778EFA42B}"
EndProject
Global
	GlobalSection(SolutionConfigurationPlatforms) = preSolution
		Debug|Any CPU = Debug|Any CPU
		Release|Any CPU = Release|Any CPU
	EndGlobalSection
	GlobalSection(ProjectConfigurationPlatforms) = postSolution
		{BC5D9802-1E2B-437C-8071-F8A814EA9130}.Debug|Any CPU.ActiveCfg = Debug|Any CPU
		{BC5D9802-1E2B-437C-8071-F8A814EA9130}.Debug|Any CPU.Build.0 = Debug|Any CPU
		{BC5D9802-1E2B-437C-8071-F8A814EA9130}.Release|Any CPU.ActiveCfg = Release|Any CPU
		{BC5D9802-1E2B-437C-8071-F8A814EA9130}.Release|Any CPU.Build.0 = Release|Any CPU
		{144670CB-6396-488C-A76D-2E03A3B69E78}.Debug|Any CPU.ActiveCfg = Debug|Any CPU
		{144670CB-6396-488C-A76D-2E03A3B69E78}.Debug|Any CPU.Build.0 = Debug|Any CPU
		{144670CB-6396-488C-A76D-2E03A3B69E78}.Release|Any CPU.ActiveCfg = Release|Any CPU
		{144670CB-6396-488C-A76D-2E03A3B69E78}.Release|Any CPU.Build.0 = Release|Any CPU
		{0EED1A8D-3526-4480-9C2E-30F51EB9186B}.Debug|Any CPU.ActiveCfg = Debug|Any CPU
		{0EED1A8D-3526-4480-9C2E-30F51EB9186B}.Debug|Any CPU.Build.0 = Debug|Any CPU
		{0EED1A8D-3526-4480-9C2E-30F51EB9186B}.Release|Any CPU.ActiveCfg = Release|Any CPU
		{0EED1A8D-3526-4480-9C2E-30F51EB9186B}.Release|Any CPU.Build.0 = Release|Any CPU
		{4F5185C9-F3F9-4E2A-B8C5-F8A9405FDBB8}.Debug|Any CPU.ActiveCfg = Debug|Any CPU
		{4F5185C9-F3F9-4E2A-B8C5-F8A9405FDBB8}.Debug|Any CPU.Build.0 = Debug|Any CPU
		{4F5185C9-F3F9-4E2A-B8C5-F8A9405FDBB8}.Release|Any CPU.ActiveCfg = Release|Any CPU
		{4F5185C9-F3F9-4E2A-B8C5-F8A9405FDBB8}.Release|Any CPU.Build.0 = Release|Any CPU
		{C27C6431-48BD-49D0-927F-92595741440F}.Debug|Any CPU.ActiveCfg = Debug|Any CPU
		{C27C6431-48BD-49D0-927F-92595741440F}.Debug|Any CPU.Build.0 = Debug|Any CPU
		{C27C6431-48BD-49D0-927F-92595741440F}.Release|Any CPU.ActiveCfg = Release|Any CPU
		{C27C6431-48BD-49D0-927F-92595741440F}.Release|Any CPU.Build.0 = Release|Any CPU
		{01F77FDB-7181-4691-ACB1-456BE14FC82C}.Debug|Any CPU.ActiveCfg = Debug|Any CPU
		{01F77FDB-7181-4691-ACB1-456BE14FC82C}.Debug|Any CPU.Build.0 = Debug|Any CPU
		{01F77FDB-7181-4691-ACB1-456BE14FC82C}.Release|Any CPU.ActiveCfg = Release|Any CPU
		{01F77FDB-7181-4691-ACB1-456BE14FC82C}.Release|Any CPU.Build.0 = Release|Any CPU
		{8F64B21D-EFFD-4A58-AED8-4522F8445379}.Debug|Any CPU.ActiveCfg = Debug|Any CPU
		{8F64B21D-EFFD-4A58-AED8-4522F8445379}.Debug|Any CPU.Build.0 = Debug|Any CPU
		{8F64B21D-EFFD-4A58-AED8-4522F8445379}.Release|Any CPU.ActiveCfg = Release|Any CPU
		{8F64B21D-EFFD-4A58-AED8-4522F8445379}.Release|Any CPU.Build.0 = Release|Any CPU
		{321183F9-1E88-4BDE-A0FA-DCAD663A838C}.Debug|Any CPU.ActiveCfg = Debug|Any CPU
		{321183F9-1E88-4BDE-A0FA-DCAD663A838C}.Debug|Any CPU.Build.0 = Debug|Any CPU
		{321183F9-1E88-4BDE-A0FA-DCAD663A838C}.Release|Any CPU.ActiveCfg = Release|Any CPU
		{321183F9-1E88-4BDE-A0FA-DCAD663A838C}.Release|Any CPU.Build.0 = Release|Any CPU
		{48D44B8B-4AC3-4E21-A85E-7B9CE132A4B0}.Debug|Any CPU.ActiveCfg = Debug|Any CPU
		{48D44B8B-4AC3-4E21-A85E-7B9CE132A4B0}.Debug|Any CPU.Build.0 = Debug|Any CPU
		{48D44B8B-4AC3-4E21-A85E-7B9CE132A4B0}.Release|Any CPU.ActiveCfg = Release|Any CPU
		{48D44B8B-4AC3-4E21-A85E-7B9CE132A4B0}.Release|Any CPU.Build.0 = Release|Any CPU
		{B6CE67B2-D5C9-4D8D-A023-BFF34F7BD273}.Debug|Any CPU.ActiveCfg = Debug|Any CPU
		{B6CE67B2-D5C9-4D8D-A023-BFF34F7BD273}.Debug|Any CPU.Build.0 = Debug|Any CPU
		{B6CE67B2-D5C9-4D8D-A023-BFF34F7BD273}.Release|Any CPU.ActiveCfg = Release|Any CPU
		{B6CE67B2-D5C9-4D8D-A023-BFF34F7BD273}.Release|Any CPU.Build.0 = Release|Any CPU
		{C42243D4-C041-4FD2-8C6A-42C778EFA42B}.Debug|Any CPU.ActiveCfg = Debug|Any CPU
		{C42243D4-C041-4FD2-8C6A-42C778EFA42B}.Debug|Any CPU.Build.0 = Debug|Any CPU
		{C42243D4-C041-4FD2-8C6A-42C778EFA42B}.Release|Any CPU.ActiveCfg = Release|Any CPU
		{C42243D4-C041-4FD2-8C6A-42C778EFA42B}.Release|Any CPU.Build.0 = Release|Any CPU
	EndGlobalSection
	GlobalSection(SolutionProperties) = preSolution
		HideSolutionNode = FALSE
	EndGlobalSection
	GlobalSection(NestedProjects) = preSolution
		{321183F9-1E88-4BDE-A0FA-DCAD663A838C} = {D197B42C-C109-47D3-BA61-623B82CB5A79}
		{48D44B8B-4AC3-4E21-A85E-7B9CE132A4B0} = {D197B42C-C109-47D3-BA61-623B82CB5A79}
		{B6CE67B2-D5C9-4D8D-A023-BFF34F7BD273} = {D197B42C-C109-47D3-BA61-623B82CB5A79}
		{C42243D4-C041-4FD2-8C6A-42C778EFA42B} = {D197B42C-C109-47D3-BA61-623B82CB5A79}
	EndGlobalSection
	GlobalSection(ExtensibilityGlobals) = postSolution
		SolutionGuid = {8C99245E-82E3-4EE5-AD61-D8FE43D0AC89}
	EndGlobalSection
EndGlobal
