Microsoft Visual Studio Solution File, Format Version 9.00
# Visual Studio 2005
Project("{FAE04EC0-301F-11D3-BF4B-00C04F79EFBC}") = "Syncfusion.Shared.Base_2005", "Syncfusion.Shared.Base_2005.csproj", "{00FC4641-FCD8-4C11-B296-CC646701CE2C}"
EndProject
Global
	GlobalSection(SolutionConfiguration) = preSolution
		ConfigName.0 = Debug
		ConfigName.1 = Debug-XML
		ConfigName.2 = Release
		ConfigName.3 = Release-XML
	EndGlobalSection
	GlobalSection(ProjectDependencies) = postSolution
	EndGlobalSection
	GlobalSection(ProjectConfiguration) = postSolution
		{00FC4641-FCD8-4C11-B296-CC646701CE2C}.Debug.ActiveCfg = Debug|.NET
		{00FC4641-FCD8-4C11-B296-CC646701CE2C}.Debug.Build.0 = Debug|.NET
		{00FC4641-FCD8-4C11-B296-CC646701CE2C}.Debug-XML.ActiveCfg = Debug-XML|.NET
		{00FC4641-FCD8-4C11-B296-CC646701CE2C}.Debug-XML.Build.0 = Debug-XML|.NET
		{00FC4641-FCD8-4C11-B296-CC646701CE2C}.Release.ActiveCfg = Release|.NET
		{00FC4641-FCD8-4C11-B296-CC646701CE2C}.Release.Build.0 = Release|.NET
		{00FC4641-FCD8-4C11-B296-CC646701CE2C}.Release-XML.ActiveCfg = Release-XML|.NET
		{00FC4641-FCD8-4C11-B296-CC646701CE2C}.Release-XML.Build.0 = Release-XML|.NET
	EndGlobalSection
	GlobalSection(ExtensibilityGlobals) = postSolution
	EndGlobalSection
	GlobalSection(ExtensibilityAddIns) = postSolution
	EndGlobalSection
EndGlobal
