
Microsoft Visual Studio Solution File, Format Version 11.00
# Visual Studio 2010
Project("{FAE04EC0-301F-11D3-BF4B-00C04F79EFBC}") = "Syncfusion.Spreadsheet.MVVM.Wpf_2010", "Syncfusion.Spreadsheet.MVVM.Wpf_2010.csproj", "{96E572B5-DD91-48AC-AD24-7E856405E751}"
EndProject
Global
	GlobalSection(SolutionConfigurationPlatforms) = preSolution
		Debug|Any CPU = Debug|Any CPU
		Debug-Xml|Any CPU = Debug-Xml|Any CPU
		Release|Any CPU = Release|Any CPU
		Release-Xml|Any CPU = Release-Xml|Any CPU
	EndGlobalSection
	GlobalSection(ProjectConfigurationPlatforms) = postSolution
		{96E572B5-DD91-48AC-AD24-7E856405E751}.Debug|Any CPU.ActiveCfg = Debug|Any CPU
		{96E572B5-DD91-48AC-AD24-7E856405E751}.Debug|Any CPU.Build.0 = Debug|Any CPU
		{96E572B5-DD91-48AC-AD24-7E856405E751}.Debug-Xml|Any CPU.ActiveCfg = Debug-Xml|Any CPU
		{96E572B5-DD91-48AC-AD24-7E856405E751}.Debug-Xml|Any CPU.Build.0 = Debug-Xml|Any CPU
		{96E572B5-DD91-48AC-AD24-7E856405E751}.Release|Any CPU.ActiveCfg = Release|Any CPU
		{96E572B5-DD91-48AC-AD24-7E856405E751}.Release|Any CPU.Build.0 = Release|Any CPU
		{96E572B5-DD91-48AC-AD24-7E856405E751}.Release-Xml|Any CPU.ActiveCfg = Release-Xml|Any CPU
		{96E572B5-DD91-48AC-AD24-7E856405E751}.Release-Xml|Any CPU.Build.0 = Release-Xml|Any CPU
	EndGlobalSection
	GlobalSection(SolutionProperties) = preSolution
		HideSolutionNode = FALSE
	EndGlobalSection
EndGlobal
