
Microsoft Visual Studio Solution File, Format Version 11.00
# Visual Studio 2010
Project("{FAE04EC0-301F-11D3-BF4B-00C04F79EFBC}") = "Syncfusion.PivotGridConverter.Silverlight_2010", "Syncfusion.PivotGridConverter.Silverlight_2010.csproj", "{0532AA33-8C6A-461D-B156-6943E43D98B9}"
EndProject
Global
	GlobalSection(SolutionConfigurationPlatforms) = preSolution
		Debug|Any CPU = Debug|Any CPU
		Release|Any CPU = Release|Any CPU
		Release-Xml|Any CPU = Release-Xml|Any CPU
	EndGlobalSection
	GlobalSection(ProjectConfigurationPlatforms) = postSolution
		{0532AA33-8C6A-461D-B156-6943E43D98B9}.Debug|Any CPU.ActiveCfg = Debug|Any CPU
		{0532AA33-8C6A-461D-B156-6943E43D98B9}.Debug|Any CPU.Build.0 = Debug|Any CPU
		{0532AA33-8C6A-461D-B156-6943E43D98B9}.Release|Any CPU.ActiveCfg = Release|Any CPU
		{0532AA33-8C6A-461D-B156-6943E43D98B9}.Release|Any CPU.Build.0 = Release|Any CPU
		{0532AA33-8C6A-461D-B156-6943E43D98B9}.Release-Xml|Any CPU.ActiveCfg = Release-Xml|Any CPU
		{0532AA33-8C6A-461D-B156-6943E43D98B9}.Release-Xml|Any CPU.Build.0 = Release-Xml|Any CPU
	EndGlobalSection
	GlobalSection(SolutionProperties) = preSolution
		HideSolutionNode = FALSE
	EndGlobalSection
EndGlobal
