
Microsoft Visual Studio Solution File, Format Version 11.00
# Visual Studio 2010
Project("{FAE04EC0-301F-11D3-BF4B-00C04F79EFBC}") = "Syncfusion.SfBusyIndicator.Silverlight.VisualStudio.Design_2010", "Syncfusion.SfBusyIndicator.Silverlight.VisualStudio.Design_2010.csproj", "{268E67C4-110A-4FF3-857B-939E931E024D}"
EndProject
Global
	GlobalSection(SolutionConfigurationPlatforms) = preSolution
		Debug|Any CPU = Debug|Any CPU
		Debug-Xml|Any CPU = Debug-Xml|Any CPU
		Release|Any CPU = Release|Any CPU
		Release-Xml|Any CPU = Release-Xml|Any CPU
	EndGlobalSection
	GlobalSection(ProjectConfigurationPlatforms) = postSolution
		{268E67C4-110A-4FF3-857B-939E931E024D}.Debug|Any CPU.ActiveCfg = Debug|Any CPU
		{268E67C4-110A-4FF3-857B-939E931E024D}.Debug|Any CPU.Build.0 = Debug|Any CPU
		{268E67C4-110A-4FF3-857B-939E931E024D}.Debug-Xml|Any CPU.ActiveCfg = Debug-Xml|Any CPU
		{268E67C4-110A-4FF3-857B-939E931E024D}.Debug-Xml|Any CPU.Build.0 = Debug-Xml|Any CPU
		{268E67C4-110A-4FF3-857B-939E931E024D}.Release|Any CPU.ActiveCfg = Release|Any CPU
		{268E67C4-110A-4FF3-857B-939E931E024D}.Release|Any CPU.Build.0 = Release|Any CPU
		{268E67C4-110A-4FF3-857B-939E931E024D}.Release-Xml|Any CPU.ActiveCfg = Release-Xml|Any CPU
		{268E67C4-110A-4FF3-857B-939E931E024D}.Release-Xml|Any CPU.Build.0 = Release-Xml|Any CPU
	EndGlobalSection
	GlobalSection(SolutionProperties) = preSolution
		HideSolutionNode = FALSE
	EndGlobalSection
EndGlobal
