Microsoft Visual Studio Solution File, Format Version 9.00
# Visual Studio 2005
Project("{FAE04EC0-301F-11D3-BF4B-00C04F79EFBC}") = "Syncfusion.Scripting.Windows_2005", "Syncfusion.Scripting.Windows_2005.csproj", "{0159F2C6-62BA-4529-BDA8-600859244A85}"
EndProject
Global
	GlobalSection(SolutionConfiguration) = preSolution
		ConfigName.0 = Debug
		ConfigName.1 = Release
		ConfigName.2 = Release-Xml
	EndGlobalSection
	GlobalSection(ProjectDependencies) = postSolution
	EndGlobalSection
	GlobalSection(ProjectConfiguration) = postSolution
		{0159F2C6-62BA-4529-BDA8-600859244A85}.Debug.ActiveCfg = Debug|.NET
		{0159F2C6-62BA-4529-BDA8-600859244A85}.Debug.Build.0 = Debug|.NET
		{0159F2C6-62BA-4529-BDA8-600859244A85}.Release.ActiveCfg = Release|.NET
		{0159F2C6-62BA-4529-BDA8-600859244A85}.Release.Build.0 = Release|.NET
		{0159F2C6-62BA-4529-BDA8-600859244A85}.Release-Xml.ActiveCfg = Release-Xml|.NET
		{0159F2C6-62BA-4529-BDA8-600859244A85}.Release-Xml.Build.0 = Release-Xml|.NET
	EndGlobalSection
	GlobalSection(ExtensibilityGlobals) = postSolution
	EndGlobalSection
	GlobalSection(ExtensibilityAddIns) = postSolution
	EndGlobalSection
EndGlobal
