Microsoft Visual Studio Solution File, Format Version 9.00
# Visual Studio 2005
Project("{FAE04EC0-301F-11D3-BF4B-00C04F79EFBC}") = "Syncfusion.Diagram.Base_2005", "Syncfusion.Diagram.Base_2005.csproj", "{ED1CA22F-0F78-4F88-9942-22021ABE6079}"
EndProject
Global
	GlobalSection(SolutionConfiguration) = preSolution
		ConfigName.0 = Debug
		ConfigName.1 = Debug-XML
		ConfigName.2 = Release
		ConfigName.3 = Release-XML
	EndGlobalSection
	GlobalSection(ProjectDependencies) = postSolution
	EndGlobalSection
	GlobalSection(ProjectConfiguration) = postSolution
		{ED1CA22F-0F78-4F88-9942-22021ABE6079}.Debug.ActiveCfg = Debug|.NET
		{ED1CA22F-0F78-4F88-9942-22021ABE6079}.Debug.Build.0 = Debug|.NET
		{ED1CA22F-0F78-4F88-9942-22021ABE6079}.Debug-XML.ActiveCfg = Debug-XML|.NET
		{ED1CA22F-0F78-4F88-9942-22021ABE6079}.Release.ActiveCfg = Release|.NET
		{ED1CA22F-0F78-4F88-9942-22021ABE6079}.Release.Build.0 = Release|.NET
		{ED1CA22F-0F78-4F88-9942-22021ABE6079}.Release-XML.ActiveCfg = Release-XML|.NET
		{ED1CA22F-0F78-4F88-9942-22021ABE6079}.Release-XML.Build.0 = Release-XML|.NET
	EndGlobalSection
	GlobalSection(ExtensibilityGlobals) = postSolution
	EndGlobalSection
	GlobalSection(ExtensibilityAddIns) = postSolution
	EndGlobalSection
EndGlobal
