
Microsoft Visual Studio Solution File, Format Version 11.00
# Visual Studio 2010
Project("{FAE04EC0-301F-11D3-BF4B-00C04F79EFBC}") = "Syncfusion.SfGridConverter.WPF_2010", "Syncfusion.SfGridConverter.WPF_2010.csproj", "{825B062B-B2C6-4570-9F53-484DD5907F08}"
EndProject
Global
	GlobalSection(SolutionConfigurationPlatforms) = preSolution
		Debug|Any CPU = Debug|Any CPU
		Release|Any CPU = Release|Any CPU
		Release-XML|Any CPU = Release-XML|Any CPU
	EndGlobalSection
	GlobalSection(ProjectConfigurationPlatforms) = postSolution
		{825B062B-B2C6-4570-9F53-484DD5907F08}.Debug|Any CPU.ActiveCfg = Debug|Any CPU
		{825B062B-B2C6-4570-9F53-484DD5907F08}.Debug|Any CPU.Build.0 = Debug|Any CPU
		{825B062B-B2C6-4570-9F53-484DD5907F08}.Release|Any CPU.ActiveCfg = Release|Any CPU
		{825B062B-B2C6-4570-9F53-484DD5907F08}.Release|Any CPU.Build.0 = Release|Any CPU
		{825B062B-B2C6-4570-9F53-484DD5907F08}.Release-XML|Any CPU.ActiveCfg = Release-XML|Any CPU
		{825B062B-B2C6-4570-9F53-484DD5907F08}.Release-XML|Any CPU.Build.0 = Release-XML|Any CPU
	EndGlobalSection
	GlobalSection(SolutionProperties) = preSolution
		HideSolutionNode = FALSE
	EndGlobalSection
EndGlobal
