Microsoft Visual Studio Solution File, Format Version 12.00
# Visual Studio Version 17
VisualStudioVersion = 17.10.34928.147
MinimumVisualStudioVersion = 10.0.40219.1
Project("{FAE04EC0-301F-11D3-BF4B-00C04F79EFBC}") = "AspireApp1.AppHost", "AspireApp1.AppHost\AspireApp1.AppHost.csproj", "{C5C6F92D-85D0-4B8B-9C88-3AAA67D2CF0D}"
EndProject
Project("{9A19103F-16F7-4668-BE54-9A1E7A4F7556}") = "AspireApp1.ServiceDefaults", "AspireApp1.ServiceDefaults\AspireApp1.ServiceDefaults.csproj", "{3670DAD4-927B-4C37-BDEE-9D1F63A054DB}"
EndProject
Project("{9A19103F-16F7-4668-BE54-9A1E7A4F7556}") = "AspireApp1.ApiService", "AspireApp1.ApiService\AspireApp1.ApiService.csproj", "{463DD557-53A3-4801-B4C6-A5C0B1BF8723}"
EndProject
Project("{9A19103F-16F7-4668-BE54-9A1E7A4F7556}") = "AspireApp1.Web", "AspireApp1.Web\AspireApp1.Web.csproj", "{66806BE7-82B7-45D7-9756-5A94C76481E4}"
EndProject
Project("{9A19103F-16F7-4668-BE54-9A1E7A4F7556}") = "AspireApp1.Tests", "AspireApp1.Tests\AspireApp1.Tests.csproj", "{94DE4CDD-B0AB-4CB1-A737-BB1295AE16D7}"
EndProject
Global
	GlobalSection(SolutionConfigurationPlatforms) = preSolution
		Debug|Any CPU = Debug|Any CPU
		Release|Any CPU = Release|Any CPU
	EndGlobalSection
	GlobalSection(ProjectConfigurationPlatforms) = postSolution
		{C5C6F92D-85D0-4B8B-9C88-3AAA67D2CF0D}.Debug|Any CPU.ActiveCfg = Debug|Any CPU
		{C5C6F92D-85D0-4B8B-9C88-3AAA67D2CF0D}.Debug|Any CPU.Build.0 = Debug|Any CPU
		{C5C6F92D-85D0-4B8B-9C88-3AAA67D2CF0D}.Release|Any CPU.ActiveCfg = Release|Any CPU
		{C5C6F92D-85D0-4B8B-9C88-3AAA67D2CF0D}.Release|Any CPU.Build.0 = Release|Any CPU
		{3670DAD4-927B-4C37-BDEE-9D1F63A054DB}.Debug|Any CPU.ActiveCfg = Debug|Any CPU
		{3670DAD4-927B-4C37-BDEE-9D1F63A054DB}.Debug|Any CPU.Build.0 = Debug|Any CPU
		{3670DAD4-927B-4C37-BDEE-9D1F63A054DB}.Release|Any CPU.ActiveCfg = Release|Any CPU
		{3670DAD4-927B-4C37-BDEE-9D1F63A054DB}.Release|Any CPU.Build.0 = Release|Any CPU
		{463DD557-53A3-4801-B4C6-A5C0B1BF8723}.Debug|Any CPU.ActiveCfg = Debug|Any CPU
		{463DD557-53A3-4801-B4C6-A5C0B1BF8723}.Debug|Any CPU.Build.0 = Debug|Any CPU
		{463DD557-53A3-4801-B4C6-A5C0B1BF8723}.Release|Any CPU.ActiveCfg = Release|Any CPU
		{463DD557-53A3-4801-B4C6-A5C0B1BF8723}.Release|Any CPU.Build.0 = Release|Any CPU
		{66806BE7-82B7-45D7-9756-5A94C76481E4}.Debug|Any CPU.ActiveCfg = Debug|Any CPU
		{66806BE7-82B7-45D7-9756-5A94C76481E4}.Debug|Any CPU.Build.0 = Debug|Any CPU
		{66806BE7-82B7-45D7-9756-5A94C76481E4}.Release|Any CPU.ActiveCfg = Release|Any CPU
		{66806BE7-82B7-45D7-9756-5A94C76481E4}.Release|Any CPU.Build.0 = Release|Any CPU
		{94DE4CDD-B0AB-4CB1-A737-BB1295AE16D7}.Debug|Any CPU.ActiveCfg = Debug|Any CPU
		{94DE4CDD-B0AB-4CB1-A737-BB1295AE16D7}.Debug|Any CPU.Build.0 = Debug|Any CPU
		{94DE4CDD-B0AB-4CB1-A737-BB1295AE16D7}.Release|Any CPU.ActiveCfg = Release|Any CPU
		{94DE4CDD-B0AB-4CB1-A737-BB1295AE16D7}.Release|Any CPU.Build.0 = Release|Any CPU
	EndGlobalSection
	GlobalSection(SolutionProperties) = preSolution
		HideSolutionNode = FALSE
	EndGlobalSection
	GlobalSection(ExtensibilityGlobals) = postSolution
		SolutionGuid = {A7FEDB7E-1801-472E-AFB3-656E262445AF}
	EndGlobalSection
EndGlobal
