
Microsoft Visual Studio Solution File, Format Version 11.00
# Visual Studio 2010
Project("{FAE04EC0-301F-11D3-BF4B-00C04F79EFBC}") = "Syncfusion.Chart.MVVM.Silverlight_2010", "Syncfusion.Chart.MVVM.Silverlight_2010.csproj", "{FABF13A9-FC6A-4773-BD98-B1E3E802FF9F}"
EndProject
Global
	GlobalSection(SolutionConfigurationPlatforms) = preSolution
		Debug|Any CPU = Debug|Any CPU
		Debug-Xml|Any CPU = Debug-Xml|Any CPU
		Release|Any CPU = Release|Any CPU
		Release-Xml|Any CPU = Release-Xml|Any CPU
	EndGlobalSection
	GlobalSection(ProjectConfigurationPlatforms) = postSolution
		{FABF13A9-FC6A-4773-BD98-B1E3E802FF9F}.Debug|Any CPU.ActiveCfg = Debug|Any CPU
		{FABF13A9-FC6A-4773-BD98-B1E3E802FF9F}.Debug|Any CPU.Build.0 = Debug|Any CPU
		{FABF13A9-FC6A-4773-BD98-B1E3E802FF9F}.Debug-Xml|Any CPU.ActiveCfg = Debug-Xml|Any CPU
		{FABF13A9-FC6A-4773-BD98-B1E3E802FF9F}.Debug-Xml|Any CPU.Build.0 = Debug-Xml|Any CPU
		{FABF13A9-FC6A-4773-BD98-B1E3E802FF9F}.Release|Any CPU.ActiveCfg = Release|Any CPU
		{FABF13A9-FC6A-4773-BD98-B1E3E802FF9F}.Release|Any CPU.Build.0 = Release|Any CPU
		{FABF13A9-FC6A-4773-BD98-B1E3E802FF9F}.Release-Xml|Any CPU.ActiveCfg = Release-Xml|Any CPU
		{FABF13A9-FC6A-4773-BD98-B1E3E802FF9F}.Release-Xml|Any CPU.Build.0 = Release-Xml|Any CPU
	EndGlobalSection
	GlobalSection(SolutionProperties) = preSolution
		HideSolutionNode = FALSE
	EndGlobalSection
EndGlobal
