
Microsoft Visual Studio Solution File, Format Version 10.00
# Visual Studio 2008
Project("{FAE04EC0-301F-11D3-BF4B-00C04F79EFBC}") = "Syncfusion.Olap.Base_2008", "Syncfusion.Olap.Base_2008.csproj", "{A7C1E627-BA62-44C8-8E83-229AEC9FFA5D}"
EndProject
Global
	GlobalSection(SolutionConfigurationPlatforms) = preSolution
		Debug|Any CPU = Debug|Any CPU
		Release|Any CPU = Release|Any CPU
		Release-xml|Any CPU = Release-xml|Any CPU
	EndGlobalSection
	GlobalSection(ProjectConfigurationPlatforms) = postSolution
		{A7C1E627-BA62-44C8-8E83-229AEC9FFA5D}.Debug|Any CPU.ActiveCfg = Debug|Any CPU
		{A7C1E627-BA62-44C8-8E83-229AEC9FFA5D}.Debug|Any CPU.Build.0 = Debug|Any CPU
		{A7C1E627-BA62-44C8-8E83-229AEC9FFA5D}.Release|Any CPU.ActiveCfg = Release|Any CPU
		{A7C1E627-BA62-44C8-8E83-229AEC9FFA5D}.Release|Any CPU.Build.0 = Release|Any CPU
		{A7C1E627-BA62-44C8-8E83-229AEC9FFA5D}.Release-xml|Any CPU.ActiveCfg = Release-xml|Any CPU
		{A7C1E627-BA62-44C8-8E83-229AEC9FFA5D}.Release-xml|Any CPU.Build.0 = Release-xml|Any CPU
	EndGlobalSection
	GlobalSection(SolutionProperties) = preSolution
		HideSolutionNode = FALSE
	EndGlobalSection
EndGlobal
