
Microsoft Visual Studio Solution File, Format Version 11.00
# Visual Studio 2010
Project("{FAE04EC0-301F-11D3-BF4B-00C04F79EFBC}") = "Syncfusion.DocIO.ClientProfile_2010", "Syncfusion.DocIO.ClientProfile_2010.csproj", "{4207C88E-7457-4E69-AB6C-7C187C1FF916}"
EndProject
Global
	GlobalSection(SolutionConfigurationPlatforms) = preSolution
		Debug|Any CPU = Debug|Any CPU
		Debug-Xml|Any CPU = Debug-Xml|Any CPU
		Release|Any CPU = Release|Any CPU
		Release-Xml|Any CPU = Release-Xml|Any CPU
	EndGlobalSection
	GlobalSection(ProjectConfigurationPlatforms) = postSolution
		{4207C88E-7457-4E69-AB6C-7C187C1FF916}.Debug|Any CPU.ActiveCfg = Debug|Any CPU
		{4207C88E-7457-4E69-AB6C-7C187C1FF916}.Debug|Any CPU.Build.0 = Debug|Any CPU
		{4207C88E-7457-4E69-AB6C-7C187C1FF916}.Debug-Xml|Any CPU.ActiveCfg = Debug-Xml|Any CPU
		{4207C88E-7457-4E69-AB6C-7C187C1FF916}.Debug-Xml|Any CPU.Build.0 = Debug-Xml|Any CPU
		{4207C88E-7457-4E69-AB6C-7C187C1FF916}.Release|Any CPU.ActiveCfg = Release|Any CPU
		{4207C88E-7457-4E69-AB6C-7C187C1FF916}.Release|Any CPU.Build.0 = Release|Any CPU
		{4207C88E-7457-4E69-AB6C-7C187C1FF916}.Release-Xml|Any CPU.ActiveCfg = Release-Xml|Any CPU
		{4207C88E-7457-4E69-AB6C-7C187C1FF916}.Release-Xml|Any CPU.Build.0 = Release-Xml|Any CPU
	EndGlobalSection
	GlobalSection(SolutionProperties) = preSolution
		HideSolutionNode = FALSE
	EndGlobalSection
EndGlobal
