Microsoft Visual Studio Solution File, Format Version 8.00
Project("{FAE04EC0-301F-11D3-BF4B-00C04F79EFBC}") = "Syncfusion.Compression.Base_2003", "Syncfusion.Compression.Base_2003.csproj", "{0FB144EF-9940-47FF-BDA4-25B401EB166A}"
EndProject
Global
	GlobalSection(SourceCodeControl) = preSolution
		SccNumberOfProjects = 1
		SccProjectUniqueName0 = Syncfusion.Compression.Base_2003.csproj
		SccProjectName0 = \u0022$/Essential\u0020Suite/Base/Compression.Base/Src\u0022,\u0020EIUDAAAA
		SccLocalPath0 = .
		SccProvider0 = MSSCCI:Microsoft\u0020Visual\u0020SourceSafe
		CanCheckoutShared = false
	EndGlobalSection
	GlobalSection(SolutionConfiguration) = preSolution
		ConfigName.0 = Debug
		ConfigName.1 = Debug-XML
		ConfigName.2 = Release
		ConfigName.3 = Release-XML
	EndGlobalSection
	GlobalSection(ProjectDependencies) = postSolution
	EndGlobalSection
	GlobalSection(ProjectConfiguration) = postSolution
		{0FB144EF-9940-47FF-BDA4-25B401EB166A}.Debug.ActiveCfg = Debug|.NET
		{0FB144EF-9940-47FF-BDA4-25B401EB166A}.Debug.Build.0 = Debug|.NET
		{0FB144EF-9940-47FF-BDA4-25B401EB166A}.Debug-XML.ActiveCfg = Debug-XML|.NET
		{0FB144EF-9940-47FF-BDA4-25B401EB166A}.Debug-XML.Build.0 = Debug-XML|.NET
		{0FB144EF-9940-47FF-BDA4-25B401EB166A}.Release.ActiveCfg = Release|.NET
		{0FB144EF-9940-47FF-BDA4-25B401EB166A}.Release.Build.0 = Release|.NET
		{0FB144EF-9940-47FF-BDA4-25B401EB166A}.Release-XML.ActiveCfg = Release-XML|.NET
		{0FB144EF-9940-47FF-BDA4-25B401EB166A}.Release-XML.Build.0 = Release-XML|.NET
	EndGlobalSection
	GlobalSection(ExtensibilityGlobals) = postSolution
	EndGlobalSection
	GlobalSection(ExtensibilityAddIns) = postSolution
	EndGlobalSection
EndGlobal
