
Microsoft Visual Studio Solution File, Format Version 12.00
# Visual Studio 2012
Project("{FAE04EC0-301F-11D3-BF4B-00C04F79EFBC}") = "Syncfusion.SfBarcode.Silverlight_2012", "Syncfusion.SfBarcode.Silverlight_2012.csproj", "{631C347C-5232-4AA4-A3A5-457AE5BA7311}"
EndProject
Global
	GlobalSection(SolutionConfigurationPlatforms) = preSolution
		Debug|Any CPU = Debug|Any CPU
		Release|Any CPU = Release|Any CPU
		Release-XML|Any CPU = Release-XML|Any CPU
	EndGlobalSection
	GlobalSection(ProjectConfigurationPlatforms) = postSolution
		{631C347C-5232-4AA4-A3A5-457AE5BA7311}.Debug|Any CPU.ActiveCfg = Debug|Any CPU
		{631C347C-5232-4AA4-A3A5-457AE5BA7311}.Debug|Any CPU.Build.0 = Debug|Any CPU
		{631C347C-5232-4AA4-A3A5-457AE5BA7311}.Release|Any CPU.ActiveCfg = Release|Any CPU
		{631C347C-5232-4AA4-A3A5-457AE5BA7311}.Release|Any CPU.Build.0 = Release|Any CPU
		{631C347C-5232-4AA4-A3A5-457AE5BA7311}.Release-XML|Any CPU.ActiveCfg = Release-XML|Any CPU
		{631C347C-5232-4AA4-A3A5-457AE5BA7311}.Release-XML|Any CPU.Build.0 = Release-XML|Any CPU
	EndGlobalSection
	GlobalSection(SolutionProperties) = preSolution
		HideSolutionNode = FALSE
	EndGlobalSection
EndGlobal
