
Microsoft Visual Studio Solution File, Format Version 11.00
# Visual Studio 2010
Project("{FAE04EC0-301F-11D3-BF4B-00C04F79EFBC}") = "Syncfusion.RichTextBoxAdv.Silverlight.VisualStudio.Design_2010", "Syncfusion.RichTextBoxAdv.Silverlight.VisualStudio.Design_2010.csproj", "{EA12C14F-E762-4D21-8852-1E8A92BF94D9}"
EndProject
Global
	GlobalSection(SolutionConfigurationPlatforms) = preSolution
		Debug|Any CPU = Debug|Any CPU
		Release|Any CPU = Release|Any CPU
		Release-Xml|Any CPU = Release-Xml|Any CPU
	EndGlobalSection
	GlobalSection(ProjectConfigurationPlatforms) = postSolution
		{EA12C14F-E762-4D21-8852-1E8A92BF94D9}.Debug|Any CPU.ActiveCfg = Debug|Any CPU
		{EA12C14F-E762-4D21-8852-1E8A92BF94D9}.Debug|Any CPU.Build.0 = Debug|Any CPU
		{EA12C14F-E762-4D21-8852-1E8A92BF94D9}.Release|Any CPU.ActiveCfg = Release|Any CPU
		{EA12C14F-E762-4D21-8852-1E8A92BF94D9}.Release|Any CPU.Build.0 = Release|Any CPU
		{EA12C14F-E762-4D21-8852-1E8A92BF94D9}.Release-Xml|Any CPU.ActiveCfg = Release-Xml|Any CPU
		{EA12C14F-E762-4D21-8852-1E8A92BF94D9}.Release-Xml|Any CPU.Build.0 = Release-Xml|Any CPU
	EndGlobalSection
	GlobalSection(SolutionProperties) = preSolution
		HideSolutionNode = FALSE
	EndGlobalSection
EndGlobal
