
Microsoft Visual Studio Solution File, Format Version 12.00
# Visual Studio 2012
Project("{FAE04EC0-301F-11D3-BF4B-00C04F79EFBC}") = "Syncfusion.Olap.Base_2012", "Syncfusion.Olap.Base_2012.csproj", "{A7C1E627-BA62-44C8-8E83-229AEC9FFA5D}"
EndProject
Global
	GlobalSection(SolutionConfigurationPlatforms) = preSolution
		Debug|Any CPU = Debug|Any CPU
		Debug|C = Debug|C
		Release|Any CPU = Release|Any CPU
		Release|C = Release|C
		Release-xml|Any CPU = Release-xml|Any CPU
		Release-xml|C = Release-xml|C
	EndGlobalSection
	GlobalSection(ProjectConfigurationPlatforms) = postSolution
		{A7C1E627-BA62-44C8-8E83-229AEC9FFA5D}.Debug|Any CPU.ActiveCfg = Debug|Any CPU
		{A7C1E627-BA62-44C8-8E83-229AEC9FFA5D}.Debug|Any CPU.Build.0 = Debug|Any CPU
		{A7C1E627-BA62-44C8-8E83-229AEC9FFA5D}.Debug|C.ActiveCfg = Debug|C
		{A7C1E627-BA62-44C8-8E83-229AEC9FFA5D}.Debug|C.Build.0 = Debug|C
		{A7C1E627-BA62-44C8-8E83-229AEC9FFA5D}.Release|Any CPU.ActiveCfg = Release|Any CPU
		{A7C1E627-BA62-44C8-8E83-229AEC9FFA5D}.Release|Any CPU.Build.0 = Release|Any CPU
		{A7C1E627-BA62-44C8-8E83-229AEC9FFA5D}.Release|C.ActiveCfg = Release|C
		{A7C1E627-BA62-44C8-8E83-229AEC9FFA5D}.Release|C.Build.0 = Release|C
		{A7C1E627-BA62-44C8-8E83-229AEC9FFA5D}.Release-xml|Any CPU.ActiveCfg = Release-xml|Any CPU
		{A7C1E627-BA62-44C8-8E83-229AEC9FFA5D}.Release-xml|Any CPU.Build.0 = Release-xml|Any CPU
		{A7C1E627-BA62-44C8-8E83-229AEC9FFA5D}.Release-xml|C.ActiveCfg = Release-xml|C
		{A7C1E627-BA62-44C8-8E83-229AEC9FFA5D}.Release-xml|C.Build.0 = Release-xml|C
	EndGlobalSection
	GlobalSection(SolutionProperties) = preSolution
		HideSolutionNode = FALSE
	EndGlobalSection
EndGlobal
