
Microsoft Visual Studio Solution File, Format Version 12.00
# Visual Studio Version 17
VisualStudioVersion = 17.10.34928.147
MinimumVisualStudioVersion = 10.0.40219.1
Project("{9A19103F-16F7-4668-BE54-9A1E7A4F7556}") = "AvaloniaApplication3", "AvaloniaApplication3\AvaloniaApplication3.csproj", "{175B5534-1F4D-44B1-A6B5-EC4A916BD8E2}"
EndProject
Project("{9A19103F-16F7-4668-BE54-9A1E7A4F7556}") = "AvaloniaApplication3.Android", "AvaloniaApplication3.Android\AvaloniaApplication3.Android.csproj", "{CE78EE2C-DAA1-42E6-A3A0-E29FC89D7567}"
EndProject
Project("{9A19103F-16F7-4668-BE54-9A1E7A4F7556}") = "AvaloniaApplication3.Desktop", "AvaloniaApplication3.Desktop\AvaloniaApplication3.Desktop.csproj", "{B7160A96-BB2B-4E75-BBB5-0CF9F8A0BBC4}"
EndProject
Project("{9A19103F-16F7-4668-BE54-9A1E7A4F7556}") = "AvaloniaApplication3.iOS", "AvaloniaApplication3.iOS\AvaloniaApplication3.iOS.csproj", "{E98F24CB-0769-4160-B546-1931D1EB4B7A}"
EndProject
Project("{9A19103F-16F7-4668-BE54-9A1E7A4F7556}") = "AvaloniaApplication3.Browser", "AvaloniaApplication3.Browser\AvaloniaApplication3.Browser.csproj", "{DC0C92F5-E493-420B-8354-9ABE262E4B7A}"
EndProject
Global
	GlobalSection(SolutionConfigurationPlatforms) = preSolution
		Debug|Any CPU = Debug|Any CPU
		Release|Any CPU = Release|Any CPU
	EndGlobalSection
	GlobalSection(ProjectConfigurationPlatforms) = postSolution
		{175B5534-1F4D-44B1-A6B5-EC4A916BD8E2}.Debug|Any CPU.ActiveCfg = Debug|Any CPU
		{175B5534-1F4D-44B1-A6B5-EC4A916BD8E2}.Debug|Any CPU.Build.0 = Debug|Any CPU
		{175B5534-1F4D-44B1-A6B5-EC4A916BD8E2}.Release|Any CPU.ActiveCfg = Release|Any CPU
		{175B5534-1F4D-44B1-A6B5-EC4A916BD8E2}.Release|Any CPU.Build.0 = Release|Any CPU
		{CE78EE2C-DAA1-42E6-A3A0-E29FC89D7567}.Debug|Any CPU.ActiveCfg = Debug|Any CPU
		{CE78EE2C-DAA1-42E6-A3A0-E29FC89D7567}.Debug|Any CPU.Build.0 = Debug|Any CPU
		{CE78EE2C-DAA1-42E6-A3A0-E29FC89D7567}.Debug|Any CPU.Deploy.0 = Debug|Any CPU
		{CE78EE2C-DAA1-42E6-A3A0-E29FC89D7567}.Release|Any CPU.ActiveCfg = Release|Any CPU
		{CE78EE2C-DAA1-42E6-A3A0-E29FC89D7567}.Release|Any CPU.Build.0 = Release|Any CPU
		{CE78EE2C-DAA1-42E6-A3A0-E29FC89D7567}.Release|Any CPU.Deploy.0 = Release|Any CPU
		{B7160A96-BB2B-4E75-BBB5-0CF9F8A0BBC4}.Debug|Any CPU.ActiveCfg = Debug|Any CPU
		{B7160A96-BB2B-4E75-BBB5-0CF9F8A0BBC4}.Debug|Any CPU.Build.0 = Debug|Any CPU
		{B7160A96-BB2B-4E75-BBB5-0CF9F8A0BBC4}.Release|Any CPU.ActiveCfg = Release|Any CPU
		{B7160A96-BB2B-4E75-BBB5-0CF9F8A0BBC4}.Release|Any CPU.Build.0 = Release|Any CPU
		{E98F24CB-0769-4160-B546-1931D1EB4B7A}.Debug|Any CPU.ActiveCfg = Debug|Any CPU
		{E98F24CB-0769-4160-B546-1931D1EB4B7A}.Debug|Any CPU.Build.0 = Debug|Any CPU
		{E98F24CB-0769-4160-B546-1931D1EB4B7A}.Debug|Any CPU.Deploy.0 = Debug|Any CPU
		{E98F24CB-0769-4160-B546-1931D1EB4B7A}.Release|Any CPU.ActiveCfg = Release|Any CPU
		{E98F24CB-0769-4160-B546-1931D1EB4B7A}.Release|Any CPU.Build.0 = Release|Any CPU
		{E98F24CB-0769-4160-B546-1931D1EB4B7A}.Release|Any CPU.Deploy.0 = Release|Any CPU
		{DC0C92F5-E493-420B-8354-9ABE262E4B7A}.Debug|Any CPU.ActiveCfg = Debug|Any CPU
		{DC0C92F5-E493-420B-8354-9ABE262E4B7A}.Debug|Any CPU.Build.0 = Debug|Any CPU
		{DC0C92F5-E493-420B-8354-9ABE262E4B7A}.Release|Any CPU.ActiveCfg = Release|Any CPU
		{DC0C92F5-E493-420B-8354-9ABE262E4B7A}.Release|Any CPU.Build.0 = Release|Any CPU
	EndGlobalSection
	GlobalSection(SolutionProperties) = preSolution
		HideSolutionNode = FALSE
	EndGlobalSection
	GlobalSection(ExtensibilityGlobals) = postSolution
		SolutionGuid = {79FB8836-15FB-4C59-B189-E86C710DE92F}
	EndGlobalSection
EndGlobal
