
Microsoft Visual Studio Solution File, Format Version 11.00
# Visual Studio 2010
Project("{FAE04EC0-301F-11D3-BF4B-00C04F79EFBC}") = "Syncfusion.Linq.Silverlight_2010", "Syncfusion.Linq.Silverlight_2010.csproj", "{F0D468D9-0966-4351-A19B-81163E5B257E}"
EndProject
Global
	GlobalSection(SolutionConfigurationPlatforms) = preSolution
		Debug|Any CPU = Debug|Any CPU
		Debug-XML|Any CPU = Debug-XML|Any CPU
		Release|Any CPU = Release|Any CPU
		Release-XML|Any CPU = Release-XML|Any CPU
	EndGlobalSection
	GlobalSection(ProjectConfigurationPlatforms) = postSolution
		{F0D468D9-0966-4351-A19B-81163E5B257E}.Debug|Any CPU.ActiveCfg = Debug|Any CPU
		{F0D468D9-0966-4351-A19B-81163E5B257E}.Debug|Any CPU.Build.0 = Debug|Any CPU
		{F0D468D9-0966-4351-A19B-81163E5B257E}.Debug-XML|Any CPU.ActiveCfg = Debug-XML|Any CPU
		{F0D468D9-0966-4351-A19B-81163E5B257E}.Debug-XML|Any CPU.Build.0 = Debug-XML|Any CPU
		{F0D468D9-0966-4351-A19B-81163E5B257E}.Release|Any CPU.ActiveCfg = Release|Any CPU
		{F0D468D9-0966-4351-A19B-81163E5B257E}.Release|Any CPU.Build.0 = Release|Any CPU
		{F0D468D9-0966-4351-A19B-81163E5B257E}.Release-XML|Any CPU.ActiveCfg = Release-XML|Any CPU
		{F0D468D9-0966-4351-A19B-81163E5B257E}.Release-XML|Any CPU.Build.0 = Release-XML|Any CPU
	EndGlobalSection
	GlobalSection(SolutionProperties) = preSolution
		HideSolutionNode = FALSE
	EndGlobalSection
EndGlobal
