
Microsoft Visual Studio Solution File, Format Version 11.00
# Visual Studio 2010
Project("{FAE04EC0-301F-11D3-BF4B-00C04F79EFBC}") = "Syncfusion.OlapGridCommon.Silverlight_2010", "Syncfusion.OlapGridCommon.Silverlight_2010.csproj", "{B160DF3C-1658-4FC8-BAD5-7204C8795DAA}"
EndProject
Global
	GlobalSection(SolutionConfigurationPlatforms) = preSolution
		Debug|Any CPU = Debug|Any CPU
		Release|Any CPU = Release|Any CPU
		Release-Xml|Any CPU = Release-Xml|Any CPU
	EndGlobalSection
	GlobalSection(ProjectConfigurationPlatforms) = postSolution
		{B160DF3C-1658-4FC8-BAD5-7204C8795DAA}.Debug|Any CPU.ActiveCfg = Debug|Any CPU
		{B160DF3C-1658-4FC8-BAD5-7204C8795DAA}.Debug|Any CPU.Build.0 = Debug|Any CPU
		{B160DF3C-1658-4FC8-BAD5-7204C8795DAA}.Release|Any CPU.ActiveCfg = Release|Any CPU
		{B160DF3C-1658-4FC8-BAD5-7204C8795DAA}.Release|Any CPU.Build.0 = Release|Any CPU
		{B160DF3C-1658-4FC8-BAD5-7204C8795DAA}.Release-Xml|Any CPU.ActiveCfg = Release-Xml|Any CPU
		{B160DF3C-1658-4FC8-BAD5-7204C8795DAA}.Release-Xml|Any CPU.Build.0 = Release-Xml|Any CPU
	EndGlobalSection
	GlobalSection(SolutionProperties) = preSolution
		HideSolutionNode = FALSE
	EndGlobalSection
EndGlobal
