
Microsoft Visual Studio Solution File, Format Version 12.00
# Visual Studio Version 17
VisualStudioVersion = 17.8.34322.80
MinimumVisualStudioVersion = 10.0.40219.1
Project("{FAE04EC0-301F-11D3-BF4B-00C04F79EFBC}") = "ReactApp1.Server", "ReactApp1.Server\ReactApp1.Server.csproj", "{05B30914-BC22-4423-9247-41C2285C5397}"
EndProject
Project("{54A90642-561A-4BB1-A94E-469ADEE60C69}") = "reactapp1.client", "reactapp1.client\reactapp1.client.esproj", "{B2374B5E-7075-4ED4-8170-9B5861AD71D7}"
EndProject
Global
	GlobalSection(SolutionConfigurationPlatforms) = preSolution
		Debug|Any CPU = Debug|Any CPU
		Release|Any CPU = Release|Any CPU
	EndGlobalSection
	GlobalSection(ProjectConfigurationPlatforms) = postSolution
		{05B30914-BC22-4423-9247-41C2285C5397}.Debug|Any CPU.ActiveCfg = Debug|Any CPU
		{05B30914-BC22-4423-9247-41C2285C5397}.Debug|Any CPU.Build.0 = Debug|Any CPU
		{05B30914-BC22-4423-9247-41C2285C5397}.Release|Any CPU.ActiveCfg = Release|Any CPU
		{05B30914-BC22-4423-9247-41C2285C5397}.Release|Any CPU.Build.0 = Release|Any CPU
		{B2374B5E-7075-4ED4-8170-9B5861AD71D7}.Debug|Any CPU.ActiveCfg = Debug|Any CPU
		{B2374B5E-7075-4ED4-8170-9B5861AD71D7}.Debug|Any CPU.Build.0 = Debug|Any CPU
		{B2374B5E-7075-4ED4-8170-9B5861AD71D7}.Debug|Any CPU.Deploy.0 = Debug|Any CPU
		{B2374B5E-7075-4ED4-8170-9B5861AD71D7}.Release|Any CPU.ActiveCfg = Release|Any CPU
		{B2374B5E-7075-4ED4-8170-9B5861AD71D7}.Release|Any CPU.Build.0 = Release|Any CPU
		{B2374B5E-7075-4ED4-8170-9B5861AD71D7}.Release|Any CPU.Deploy.0 = Release|Any CPU
	EndGlobalSection
	GlobalSection(SolutionProperties) = preSolution
		HideSolutionNode = FALSE
	EndGlobalSection
	GlobalSection(ExtensibilityGlobals) = postSolution
		SolutionGuid = {77638E38-8B82-4DAE-9228-44DBDB655B14}
	EndGlobalSection
EndGlobal
