
Microsoft Visual Studio Solution File, Format Version 12.00
# Visual Studio 2012
Project("{FAE04EC0-301F-11D3-BF4B-00C04F79EFBC}") = "Syncfusion.SfGrid.Silverlight_2012", "Syncfusion.SfGrid.Silverlight_2012.csproj", "{352AFAFA-62EA-4693-93D0-2B25F01DBE4E}"
EndProject
Global
	GlobalSection(SolutionConfigurationPlatforms) = preSolution
		Debug|Any CPU = Debug|Any CPU
		Release|Any CPU = Release|Any CPU
		Release-XML|Any CPU = Release-XML|Any CPU
	EndGlobalSection
	GlobalSection(ProjectConfigurationPlatforms) = postSolution
		{352AFAFA-62EA-4693-93D0-2B25F01DBE4E}.Debug|Any CPU.ActiveCfg = Debug|Any CPU
		{352AFAFA-62EA-4693-93D0-2B25F01DBE4E}.Debug|Any CPU.Build.0 = Debug|Any CPU
		{352AFAFA-62EA-4693-93D0-2B25F01DBE4E}.Release|Any CPU.ActiveCfg = Release|Any CPU
		{352AFAFA-62EA-4693-93D0-2B25F01DBE4E}.Release|Any CPU.Build.0 = Release|Any CPU
		{352AFAFA-62EA-4693-93D0-2B25F01DBE4E}.Release-XML|Any CPU.ActiveCfg = Release-XML|Any CPU
		{352AFAFA-62EA-4693-93D0-2B25F01DBE4E}.Release-XML|Any CPU.Build.0 = Release-XML|Any CPU
	EndGlobalSection
	GlobalSection(SolutionProperties) = preSolution
		HideSolutionNode = FALSE
	EndGlobalSection
EndGlobal
