
Microsoft Visual Studio Solution File, Format Version 11.00
# Visual Studio 2010
Project("{FAE04EC0-301F-11D3-BF4B-00C04F79EFBC}") = "Syncfusion.GridCommon.Silverlight5_2010", "Syncfusion.GridCommon.Silverlight5_2010.csproj", "{4A0775C3-063D-4B51-A7D4-44C6C44057DD}"
EndProject
Global
	GlobalSection(SolutionConfigurationPlatforms) = preSolution
		Debug|Any CPU = Debug|Any CPU
		Debug-XML|Any CPU = Debug-XML|Any CPU
		Release|Any CPU = Release|Any CPU
		Release-XML|Any CPU = Release-XML|Any CPU
	EndGlobalSection
	GlobalSection(ProjectConfigurationPlatforms) = postSolution
		{4A0775C3-063D-4B51-A7D4-44C6C44057DD}.Debug|Any CPU.ActiveCfg = Debug|Any CPU
		{4A0775C3-063D-4B51-A7D4-44C6C44057DD}.Debug|Any CPU.Build.0 = Debug|Any CPU
		{4A0775C3-063D-4B51-A7D4-44C6C44057DD}.Debug-XML|Any CPU.ActiveCfg = Debug-XML|Any CPU
		{4A0775C3-063D-4B51-A7D4-44C6C44057DD}.Debug-XML|Any CPU.Build.0 = Debug-XML|Any CPU
		{4A0775C3-063D-4B51-A7D4-44C6C44057DD}.Release|Any CPU.ActiveCfg = Release|Any CPU
		{4A0775C3-063D-4B51-A7D4-44C6C44057DD}.Release|Any CPU.Build.0 = Release|Any CPU
		{4A0775C3-063D-4B51-A7D4-44C6C44057DD}.Release-XML|Any CPU.ActiveCfg = Release-XML|Any CPU
		{4A0775C3-063D-4B51-A7D4-44C6C44057DD}.Release-XML|Any CPU.Build.0 = Release-XML|Any CPU
	EndGlobalSection
	GlobalSection(SolutionProperties) = preSolution
		HideSolutionNode = FALSE
	EndGlobalSection
EndGlobal
