
Microsoft Visual Studio Solution File, Format Version 10.00
# Visual Studio 2008
Project("{FAE04EC0-301F-11D3-BF4B-00C04F79EFBC}") = "Syncfusion.SfBarcode.WPF.VisualStudio.Design_2008", "Syncfusion.SfBarcode.WPF.VisualStudio.Design_2008.csproj", "{DB975D81-5866-4FA6-975B-88CD688C6AEB}"
EndProject
Global
	GlobalSection(SolutionConfigurationPlatforms) = preSolution
		Debug|Any CPU = Debug|Any CPU
		Release|Any CPU = Release|Any CPU
		Release-XML|Any CPU = Release-XML|Any CPU
	EndGlobalSection
	GlobalSection(ProjectConfigurationPlatforms) = postSolution
		{DB975D81-5866-4FA6-975B-88CD688C6AEB}.Debug|Any CPU.ActiveCfg = Debug|Any CPU
		{DB975D81-5866-4FA6-975B-88CD688C6AEB}.Debug|Any CPU.Build.0 = Debug|Any CPU
		{DB975D81-5866-4FA6-975B-88CD688C6AEB}.Release|Any CPU.ActiveCfg = Release|Any CPU
		{DB975D81-5866-4FA6-975B-88CD688C6AEB}.Release|Any CPU.Build.0 = Release|Any CPU
		{DB975D81-5866-4FA6-975B-88CD688C6AEB}.Release-XML|Any CPU.ActiveCfg = Release-XML|Any CPU
		{DB975D81-5866-4FA6-975B-88CD688C6AEB}.Release-XML|Any CPU.Build.0 = Release-XML|Any CPU
	EndGlobalSection
	GlobalSection(SolutionProperties) = preSolution
		HideSolutionNode = FALSE
	EndGlobalSection
EndGlobal
