<Solution>
  <Folder Name="/Drivers/">
    <Project Path="../Drivers/Drivers.Abstractions/Drivers.Abstractions.csproj" />
    <Project Path="../Drivers/Drivers.Csv/Drivers.Csv.csproj" />
    <Project Path="../Drivers/Drivers.EtherNetIP/Drivers.EtherNetIP.csproj" />
    <Project Path="../Drivers/Drivers.Knx/Drivers.Knx.csproj" />
    <Project Path="../Drivers/Drivers.Modbus/Drivers.Modbus.csproj" />
    <Project Path="../Drivers/Drivers.Mqtt/Drivers.Mqtt.csproj" />
    <Project Path="../Drivers/Drivers.OpcUaClient/Drivers.OpcUaClient.csproj" />
    <Project Path="../Drivers/Drivers.Rest/Drivers.Rest.csproj" />
    <Project Path="../Drivers/Drivers.S7/Drivers.S7.csproj" />
    <Project Path="../Drivers/Drivers.Simulation/Drivers.Simulation.csproj" />
    <Project Path="../Drivers/Drivers.Sql/Drivers.Sql.csproj" />
    <Project Path="../Drivers/Drivers.Tcp/Drivers.Tcp.csproj" />
  </Folder>
  <Folder Name="/RuntimeViewers/">
    <Project Path="../RuntimeViewer.Desktop/RuntimeViewer.Desktop.csproj" />
    <Project Path="../RuntimeViewer.Shared/RuntimeViewer.Shared.csproj" />
    <Project Path="../RuntimeViewer/RuntimeViewer.csproj" />
  </Folder>
  <Project Path="../Server/Server.csproj" />
  <Project Path="../ServerEditorWeb/ServerEditorWeb.csproj" />
  <Project Path="../SharedModels/SharedModels.csproj" />
</Solution>
