
Microsoft Visual Studio Solution File, Format Version 12.00
# Visual Studio 2013
Project("{FAE04EC0-301F-11D3-BF4B-00C04F79EFBC}") = "Syncfusion.SfChart.WinRT_2013", "Syncfusion.SfChart.WinRT_2013.csproj", "{0A009278-1940-4695-80E0-370632B40CEE}"
EndProject
Global
	GlobalSection(SolutionConfigurationPlatforms) = preSolution
		Debug|Any CPU = Debug|Any CPU
		Debug|ARM = Debug|ARM
		Debug|Mixed Platforms = Debug|Mixed Platforms
		Debug|Win32 = Debug|Win32
		Debug|x64 = Debug|x64
		Debug|x86 = Debug|x86
		Release|Any CPU = Release|Any CPU
		Release|ARM = Release|ARM
		Release|Mixed Platforms = Release|Mixed Platforms
		Release|Win32 = Release|Win32
		Release|x64 = Release|x64
		Release|x86 = Release|x86
		Release-Xml|Any CPU = Release-Xml|Any CPU
		Release-Xml|ARM = Release-Xml|ARM
		Release-Xml|Mixed Platforms = Release-Xml|Mixed Platforms
		Release-Xml|Win32 = Release-Xml|Win32
		Release-Xml|x64 = Release-Xml|x64
		Release-Xml|x86 = Release-Xml|x86
	EndGlobalSection
	GlobalSection(ProjectConfigurationPlatforms) = postSolution
		{0A009278-1940-4695-80E0-370632B40CEE}.Debug|Any CPU.ActiveCfg = Debug|x86
		{0A009278-1940-4695-80E0-370632B40CEE}.Debug|Any CPU.Build.0 = Debug|x86
		{0A009278-1940-4695-80E0-370632B40CEE}.Debug|ARM.ActiveCfg = Debug|ARM
		{0A009278-1940-4695-80E0-370632B40CEE}.Debug|ARM.Build.0 = Debug|ARM
		{0A009278-1940-4695-80E0-370632B40CEE}.Debug|Mixed Platforms.ActiveCfg = Debug|Any CPU
		{0A009278-1940-4695-80E0-370632B40CEE}.Debug|Mixed Platforms.Build.0 = Debug|Any CPU
		{0A009278-1940-4695-80E0-370632B40CEE}.Debug|Win32.ActiveCfg = Debug|x86
		{0A009278-1940-4695-80E0-370632B40CEE}.Debug|Win32.Build.0 = Debug|x86
		{0A009278-1940-4695-80E0-370632B40CEE}.Debug|x64.ActiveCfg = Debug|x64
		{0A009278-1940-4695-80E0-370632B40CEE}.Debug|x64.Build.0 = Debug|x64
		{0A009278-1940-4695-80E0-370632B40CEE}.Debug|x86.ActiveCfg = Debug|x86
		{0A009278-1940-4695-80E0-370632B40CEE}.Debug|x86.Build.0 = Debug|x86
		{0A009278-1940-4695-80E0-370632B40CEE}.Release|Any CPU.ActiveCfg = Release|Any CPU
		{0A009278-1940-4695-80E0-370632B40CEE}.Release|Any CPU.Build.0 = Release|Any CPU
		{0A009278-1940-4695-80E0-370632B40CEE}.Release|ARM.ActiveCfg = Release|ARM
		{0A009278-1940-4695-80E0-370632B40CEE}.Release|ARM.Build.0 = Release|ARM
		{0A009278-1940-4695-80E0-370632B40CEE}.Release|Mixed Platforms.ActiveCfg = Release|Any CPU
		{0A009278-1940-4695-80E0-370632B40CEE}.Release|Mixed Platforms.Build.0 = Release|Any CPU
		{0A009278-1940-4695-80E0-370632B40CEE}.Release|Win32.ActiveCfg = Release|x86
		{0A009278-1940-4695-80E0-370632B40CEE}.Release|Win32.Build.0 = Release|x86
		{0A009278-1940-4695-80E0-370632B40CEE}.Release|x64.ActiveCfg = Release|x64
		{0A009278-1940-4695-80E0-370632B40CEE}.Release|x64.Build.0 = Release|x64
		{0A009278-1940-4695-80E0-370632B40CEE}.Release|x86.ActiveCfg = Release|x86
		{0A009278-1940-4695-80E0-370632B40CEE}.Release|x86.Build.0 = Release|x86
		{0A009278-1940-4695-80E0-370632B40CEE}.Release-Xml|Any CPU.ActiveCfg = Release-Xml|Any CPU
		{0A009278-1940-4695-80E0-370632B40CEE}.Release-Xml|Any CPU.Build.0 = Release-Xml|Any CPU
		{0A009278-1940-4695-80E0-370632B40CEE}.Release-Xml|ARM.ActiveCfg = Release-Xml|ARM
		{0A009278-1940-4695-80E0-370632B40CEE}.Release-Xml|ARM.Build.0 = Release-Xml|ARM
		{0A009278-1940-4695-80E0-370632B40CEE}.Release-Xml|Mixed Platforms.ActiveCfg = Release-Xml|Any CPU
		{0A009278-1940-4695-80E0-370632B40CEE}.Release-Xml|Mixed Platforms.Build.0 = Release-Xml|Any CPU
		{0A009278-1940-4695-80E0-370632B40CEE}.Release-Xml|Win32.ActiveCfg = Release-Xml|x86
		{0A009278-1940-4695-80E0-370632B40CEE}.Release-Xml|Win32.Build.0 = Release-Xml|x86
		{0A009278-1940-4695-80E0-370632B40CEE}.Release-Xml|x64.ActiveCfg = Release-Xml|x64
		{0A009278-1940-4695-80E0-370632B40CEE}.Release-Xml|x64.Build.0 = Release-Xml|x64
		{0A009278-1940-4695-80E0-370632B40CEE}.Release-Xml|x86.ActiveCfg = Release-Xml|x86
		{0A009278-1940-4695-80E0-370632B40CEE}.Release-Xml|x86.Build.0 = Release-Xml|x86
	EndGlobalSection
	GlobalSection(SolutionProperties) = preSolution
		HideSolutionNode = FALSE
	EndGlobalSection
EndGlobal
