Microsoft Visual Studio Solution File, Format Version 9.00
# Visual Studio 2005
Project("{FAE04EC0-301F-11D3-BF4B-00C04F79EFBC}") = "Syncfusion.Diagram.Windows_2005", "Syncfusion.Diagram.Windows_2005.csproj", "{7B014FBB-61CA-4CB6-86A4-9C23211EA303}"
EndProject
Global
	GlobalSection(SolutionConfiguration) = preSolution
		ConfigName.0 = Debug
		ConfigName.1 = Debug-XML
		ConfigName.2 = Release
		ConfigName.3 = Release-XML
	EndGlobalSection
	GlobalSection(ProjectDependencies) = postSolution
	EndGlobalSection
	GlobalSection(ProjectConfiguration) = postSolution
		{7B014FBB-61CA-4CB6-86A4-9C23211EA303}.Debug.ActiveCfg = Debug|.NET
		{7B014FBB-61CA-4CB6-86A4-9C23211EA303}.Debug.Build.0 = Debug|.NET
		{7B014FBB-61CA-4CB6-86A4-9C23211EA303}.Debug-XML.ActiveCfg = Debug-XML|.NET
		{7B014FBB-61CA-4CB6-86A4-9C23211EA303}.Debug-XML.Build.0 = Debug-XML|.NET
		{7B014FBB-61CA-4CB6-86A4-9C23211EA303}.Release.ActiveCfg = Release|.NET
		{7B014FBB-61CA-4CB6-86A4-9C23211EA303}.Release.Build.0 = Release|.NET
		{7B014FBB-61CA-4CB6-86A4-9C23211EA303}.Release-XML.ActiveCfg = Release-XML|.NET
		{7B014FBB-61CA-4CB6-86A4-9C23211EA303}.Release-XML.Build.0 = Release-XML|.NET
	EndGlobalSection
	GlobalSection(ExtensibilityGlobals) = postSolution
	EndGlobalSection
	GlobalSection(ExtensibilityAddIns) = postSolution
	EndGlobalSection
EndGlobal
