
Microsoft Visual Studio Solution File, Format Version 12.00
# Visual Studio 2012
Project("{FAE04EC0-301F-11D3-BF4B-00C04F79EFBC}") = "Syncfusion.Diagram.Windows_2012", "Syncfusion.Diagram.Windows_2012.csproj", "{7B014FBB-61CA-4CB6-86A4-9C23211EA303}"
EndProject
Global
	GlobalSection(SolutionConfigurationPlatforms) = preSolution
		Debug|Any CPU = Debug|Any CPU
		Debug-XML|Any CPU = Debug-XML|Any CPU
		Release|Any CPU = Release|Any CPU
		Release-XML|Any CPU = Release-XML|Any CPU
	EndGlobalSection
	GlobalSection(ProjectConfigurationPlatforms) = postSolution
		{7B014FBB-61CA-4CB6-86A4-9C23211EA303}.Debug|Any CPU.ActiveCfg = Debug|Any CPU
		{7B014FBB-61CA-4CB6-86A4-9C23211EA303}.Debug|Any CPU.Build.0 = Debug|Any CPU
		{7B014FBB-61CA-4CB6-86A4-9C23211EA303}.Debug-XML|Any CPU.ActiveCfg = Debug-XML|Any CPU
		{7B014FBB-61CA-4CB6-86A4-9C23211EA303}.Debug-XML|Any CPU.Build.0 = Debug-XML|Any CPU
		{7B014FBB-61CA-4CB6-86A4-9C23211EA303}.Release|Any CPU.ActiveCfg = Release|Any CPU
		{7B014FBB-61CA-4CB6-86A4-9C23211EA303}.Release|Any CPU.Build.0 = Release|Any CPU
		{7B014FBB-61CA-4CB6-86A4-9C23211EA303}.Release-XML|Any CPU.ActiveCfg = Release-XML|Any CPU
		{7B014FBB-61CA-4CB6-86A4-9C23211EA303}.Release-XML|Any CPU.Build.0 = Release-XML|Any CPU
		{ED1CA22F-0F78-4F88-9942-22021ABE6079}.Debug|Any CPU.ActiveCfg = Debug|Any CPU
		{ED1CA22F-0F78-4F88-9942-22021ABE6079}.Debug|Any CPU.Build.0 = Debug|Any CPU
		{ED1CA22F-0F78-4F88-9942-22021ABE6079}.Debug-XML|Any CPU.ActiveCfg = Debug-XML|Any CPU
		{ED1CA22F-0F78-4F88-9942-22021ABE6079}.Debug-XML|Any CPU.Build.0 = Debug-XML|Any CPU
		{ED1CA22F-0F78-4F88-9942-22021ABE6079}.Release|Any CPU.ActiveCfg = Release|Any CPU
		{ED1CA22F-0F78-4F88-9942-22021ABE6079}.Release|Any CPU.Build.0 = Release|Any CPU
		{ED1CA22F-0F78-4F88-9942-22021ABE6079}.Release-XML|Any CPU.ActiveCfg = Release-XML|Any CPU
		{ED1CA22F-0F78-4F88-9942-22021ABE6079}.Release-XML|Any CPU.Build.0 = Release-XML|Any CPU
	EndGlobalSection
	GlobalSection(SolutionProperties) = preSolution
		HideSolutionNode = FALSE
	EndGlobalSection
EndGlobal
