
Microsoft Visual Studio Solution File, Format Version 12.00
# Visual Studio Version 17
VisualStudioVersion = 17.7.34018.315
MinimumVisualStudioVersion = 10.0.40219.1
Project("{9A19103F-16F7-4668-BE54-9A1E7A4F7556}") = "AlexaAnnounce", "AlexaAnnounce\AlexaAnnounce.csproj", "{CA58CBA6-91A2-413E-A817-6C01A16F96C0}"
EndProject
Project("{FAE04EC0-301F-11D3-BF4B-00C04F79EFBC}") = "Jishi.Intel.SonosUPnP", "..\..\..\..\..\temp\Jishi.Intel.SonosUPnP-master\Jishi.Intel.SonosUPnP\Jishi.Intel.SonosUPnP.csproj", "{9DE76BE9-A61B-4754-92DE-05B9FD2EEC5A}"
EndProject
Project("{FAE04EC0-301F-11D3-BF4B-00C04F79EFBC}") = "WindowsFormsApp1", "WindowsFormsApp1\WindowsFormsApp1.csproj", "{456DDBCA-ADB8-4FDF-BBA1-8E2378ED627A}"
EndProject
Project("{9A19103F-16F7-4668-BE54-9A1E7A4F7556}") = "ByteDev.Sonos", "..\..\..\..\..\temp\ByteDev.Sonos-master\src\ByteDev.Sonos\ByteDev.Sonos.csproj", "{B40900A9-DA0D-4AB3-BD7B-1EF19A8AF481}"
EndProject
Project("{FAE04EC0-301F-11D3-BF4B-00C04F79EFBC}") = "ByteDev.Sonos.Upnp.Discovery", "..\..\..\..\..\temp\ByteDev.Sonos-master\src\ByteDev.Sonos.Upnp.Discovery\ByteDev.Sonos.Upnp.Discovery.csproj", "{3FE905AA-E8A7-4A60-B73F-469887D363EE}"
EndProject
Project("{9A19103F-16F7-4668-BE54-9A1E7A4F7556}") = "ByteDev.Sonos.Upnp", "..\..\..\..\..\temp\ByteDev.Sonos-master\src\ByteDev.Sonos.Upnp\ByteDev.Sonos.Upnp.csproj", "{15319ED5-0317-4AE0-BF78-6E50E555AD51}"
EndProject
Project("{FAE04EC0-301F-11D3-BF4B-00C04F79EFBC}") = "ByteDev.Sonos.Console", "..\..\..\..\..\temp\ByteDev.Sonos-master\src\ByteDev.Sonos.Console\ByteDev.Sonos.Console.csproj", "{DAE11BE5-432F-40BA-8E5C-5E3064C45F2A}"
EndProject
Global
	GlobalSection(SolutionConfigurationPlatforms) = preSolution
		Debug|Any CPU = Debug|Any CPU
		Release|Any CPU = Release|Any CPU
	EndGlobalSection
	GlobalSection(ProjectConfigurationPlatforms) = postSolution
		{CA58CBA6-91A2-413E-A817-6C01A16F96C0}.Debug|Any CPU.ActiveCfg = Debug|Any CPU
		{CA58CBA6-91A2-413E-A817-6C01A16F96C0}.Debug|Any CPU.Build.0 = Debug|Any CPU
		{CA58CBA6-91A2-413E-A817-6C01A16F96C0}.Release|Any CPU.ActiveCfg = Release|Any CPU
		{CA58CBA6-91A2-413E-A817-6C01A16F96C0}.Release|Any CPU.Build.0 = Release|Any CPU
		{9DE76BE9-A61B-4754-92DE-05B9FD2EEC5A}.Debug|Any CPU.ActiveCfg = Debug|Any CPU
		{9DE76BE9-A61B-4754-92DE-05B9FD2EEC5A}.Debug|Any CPU.Build.0 = Debug|Any CPU
		{9DE76BE9-A61B-4754-92DE-05B9FD2EEC5A}.Release|Any CPU.ActiveCfg = Release|Any CPU
		{9DE76BE9-A61B-4754-92DE-05B9FD2EEC5A}.Release|Any CPU.Build.0 = Release|Any CPU
		{456DDBCA-ADB8-4FDF-BBA1-8E2378ED627A}.Debug|Any CPU.ActiveCfg = Debug|Any CPU
		{456DDBCA-ADB8-4FDF-BBA1-8E2378ED627A}.Debug|Any CPU.Build.0 = Debug|Any CPU
		{456DDBCA-ADB8-4FDF-BBA1-8E2378ED627A}.Release|Any CPU.ActiveCfg = Release|Any CPU
		{456DDBCA-ADB8-4FDF-BBA1-8E2378ED627A}.Release|Any CPU.Build.0 = Release|Any CPU
		{B40900A9-DA0D-4AB3-BD7B-1EF19A8AF481}.Debug|Any CPU.ActiveCfg = Debug|Any CPU
		{B40900A9-DA0D-4AB3-BD7B-1EF19A8AF481}.Debug|Any CPU.Build.0 = Debug|Any CPU
		{B40900A9-DA0D-4AB3-BD7B-1EF19A8AF481}.Release|Any CPU.ActiveCfg = Release|Any CPU
		{B40900A9-DA0D-4AB3-BD7B-1EF19A8AF481}.Release|Any CPU.Build.0 = Release|Any CPU
		{3FE905AA-E8A7-4A60-B73F-469887D363EE}.Debug|Any CPU.ActiveCfg = Debug|Any CPU
		{3FE905AA-E8A7-4A60-B73F-469887D363EE}.Debug|Any CPU.Build.0 = Debug|Any CPU
		{3FE905AA-E8A7-4A60-B73F-469887D363EE}.Release|Any CPU.ActiveCfg = Release|Any CPU
		{3FE905AA-E8A7-4A60-B73F-469887D363EE}.Release|Any CPU.Build.0 = Release|Any CPU
		{15319ED5-0317-4AE0-BF78-6E50E555AD51}.Debug|Any CPU.ActiveCfg = Debug|Any CPU
		{15319ED5-0317-4AE0-BF78-6E50E555AD51}.Debug|Any CPU.Build.0 = Debug|Any CPU
		{15319ED5-0317-4AE0-BF78-6E50E555AD51}.Release|Any CPU.ActiveCfg = Release|Any CPU
		{15319ED5-0317-4AE0-BF78-6E50E555AD51}.Release|Any CPU.Build.0 = Release|Any CPU
		{DAE11BE5-432F-40BA-8E5C-5E3064C45F2A}.Debug|Any CPU.ActiveCfg = Debug|Any CPU
		{DAE11BE5-432F-40BA-8E5C-5E3064C45F2A}.Debug|Any CPU.Build.0 = Debug|Any CPU
		{DAE11BE5-432F-40BA-8E5C-5E3064C45F2A}.Release|Any CPU.ActiveCfg = Release|Any CPU
		{DAE11BE5-432F-40BA-8E5C-5E3064C45F2A}.Release|Any CPU.Build.0 = Release|Any CPU
	EndGlobalSection
	GlobalSection(SolutionProperties) = preSolution
		HideSolutionNode = FALSE
	EndGlobalSection
	GlobalSection(ExtensibilityGlobals) = postSolution
		SolutionGuid = {82F6645D-F9EC-40EF-B504-D5B14E5A8B5B}
	EndGlobalSection
EndGlobal
