Microsoft Visual Studio Solution File, Format Version 9.00
# Visual C# Express 2005
Project("{FAE04EC0-301F-11D3-BF4B-00C04F79EFBC}") = "Syncfusion.Schedule.Windows_2005", "Syncfusion.Schedule.Windows_2005.csproj", "{9CFC2699-E40A-4B94-BA72-297AC1D4FF5E}"
EndProject
Global
	GlobalSection(SolutionConfigurationPlatforms) = preSolution
		Debug|Any CPU = Debug|Any CPU
		Debug-Xml|Any CPU = Debug-Xml|Any CPU
		Release|Any CPU = Release|Any CPU
		Release-Xml|Any CPU = Release-Xml|Any CPU
	EndGlobalSection
	GlobalSection(ProjectConfigurationPlatforms) = postSolution
		{9CFC2699-E40A-4B94-BA72-297AC1D4FF5E}.Debug|Any CPU.ActiveCfg = Debug|Any CPU
		{9CFC2699-E40A-4B94-BA72-297AC1D4FF5E}.Debug|Any CPU.Build.0 = Debug|Any CPU
		{9CFC2699-E40A-4B94-BA72-297AC1D4FF5E}.Debug-Xml|Any CPU.ActiveCfg = Debug-Xml|Any CPU
		{9CFC2699-E40A-4B94-BA72-297AC1D4FF5E}.Debug-Xml|Any CPU.Build.0 = Debug-Xml|Any CPU
		{9CFC2699-E40A-4B94-BA72-297AC1D4FF5E}.Release|Any CPU.ActiveCfg = Release|Any CPU
		{9CFC2699-E40A-4B94-BA72-297AC1D4FF5E}.Release|Any CPU.Build.0 = Release|Any CPU
		{9CFC2699-E40A-4B94-BA72-297AC1D4FF5E}.Release-Xml|Any CPU.ActiveCfg = Release-Xml|Any CPU
		{9CFC2699-E40A-4B94-BA72-297AC1D4FF5E}.Release-Xml|Any CPU.Build.0 = Release-Xml|Any CPU
	EndGlobalSection
	GlobalSection(SolutionProperties) = preSolution
		HideSolutionNode = FALSE
	EndGlobalSection
EndGlobal
