
Microsoft Visual Studio Solution File, Format Version 10.00
# Visual Studio 2008
Project("{FAE04EC0-301F-11D3-BF4B-00C04F79EFBC}") = "Syncfusion.Diagram.Utility.Windows_2008", "Syncfusion.Diagram.Utility.Windows_2008.csproj", "{EB1B237D-8C0F-4666-9DAC-D0247E6CF637}"
EndProject
Global
	GlobalSection(SolutionConfigurationPlatforms) = preSolution
		Debug|Any CPU = Debug|Any CPU
		Debug-XML|Any CPU = Debug-XML|Any CPU
		Release|Any CPU = Release|Any CPU
		Release-XML|Any CPU = Release-XML|Any CPU
	EndGlobalSection
	GlobalSection(ProjectConfigurationPlatforms) = postSolution
		{EB1B237D-8C0F-4666-9DAC-D0247E6CF637}.Debug|Any CPU.ActiveCfg = Debug|Any CPU
		{EB1B237D-8C0F-4666-9DAC-D0247E6CF637}.Debug|Any CPU.Build.0 = Debug|Any CPU
		{EB1B237D-8C0F-4666-9DAC-D0247E6CF637}.Debug-XML|Any CPU.ActiveCfg = Debug-XML|Any CPU
		{EB1B237D-8C0F-4666-9DAC-D0247E6CF637}.Debug-XML|Any CPU.Build.0 = Debug-XML|Any CPU
		{EB1B237D-8C0F-4666-9DAC-D0247E6CF637}.Release|Any CPU.ActiveCfg = Release|Any CPU
		{EB1B237D-8C0F-4666-9DAC-D0247E6CF637}.Release|Any CPU.Build.0 = Release|Any CPU
		{EB1B237D-8C0F-4666-9DAC-D0247E6CF637}.Release-XML|Any CPU.ActiveCfg = Release-XML|Any CPU
		{EB1B237D-8C0F-4666-9DAC-D0247E6CF637}.Release-XML|Any CPU.Build.0 = Release-XML|Any CPU
	EndGlobalSection
	GlobalSection(SolutionProperties) = preSolution
		HideSolutionNode = FALSE
	EndGlobalSection
EndGlobal
