
Microsoft Visual Studio Solution File, Format Version 11.00
# Visual Studio 2010
Project("{FAE04EC0-301F-11D3-BF4B-00C04F79EFBC}") = "Syncfusion.PivotGridConverter.Wpf_2010", "Syncfusion.PivotGridConverter.Wpf_2010.csproj", "{1C10B9F0-4325-49EC-867C-C79E2F13474A}"
EndProject
Global
	GlobalSection(SolutionConfigurationPlatforms) = preSolution
		Debug|Any CPU = Debug|Any CPU
		Release|Any CPU = Release|Any CPU
		Release-Xml|Any CPU = Release-Xml|Any CPU
	EndGlobalSection
	GlobalSection(ProjectConfigurationPlatforms) = postSolution
		{1C10B9F0-4325-49EC-867C-C79E2F13474A}.Debug|Any CPU.ActiveCfg = Debug|Any CPU
		{1C10B9F0-4325-49EC-867C-C79E2F13474A}.Debug|Any CPU.Build.0 = Debug|Any CPU
		{1C10B9F0-4325-49EC-867C-C79E2F13474A}.Release|Any CPU.ActiveCfg = Release|Any CPU
		{1C10B9F0-4325-49EC-867C-C79E2F13474A}.Release|Any CPU.Build.0 = Release|Any CPU
		{1C10B9F0-4325-49EC-867C-C79E2F13474A}.Release-Xml|Any CPU.ActiveCfg = Release-Xml|Any CPU
		{1C10B9F0-4325-49EC-867C-C79E2F13474A}.Release-Xml|Any CPU.Build.0 = Release-Xml|Any CPU
	EndGlobalSection
	GlobalSection(SolutionProperties) = preSolution
		HideSolutionNode = FALSE
	EndGlobalSection
EndGlobal
