
Microsoft Visual Studio Solution File, Format Version 10.00
# Visual Studio 2008
Project("{2150E333-8FDC-42A3-9474-1A3956D46DE8}") = "COM Interop", "COM Interop", "{BFACA78C-A88A-43E9-9A94-FF2CD21366A7}"
EndProject
Project("{2150E333-8FDC-42A3-9474-1A3956D46DE8}") = "Common", "Common", "{4DC9BBA3-0F1D-4FD5-8A5F-C62A27A1B529}"
EndProject
Project("{2150E333-8FDC-42A3-9474-1A3956D46DE8}") = "Utilities", "Utilities", "{CA2E7026-B27F-412F-AB83-4F73BEECCBE5}"
EndProject
Project("{2150E333-8FDC-42A3-9474-1A3956D46DE8}") = "Discovery", "Discovery", "{6F99F6A8-F9CD-4673-AD17-4F40DD40EBE0}"
EndProject
Project("{FAE04EC0-301F-11D3-BF4B-00C04F79EFBC}") = "UA Core Library", "Common\Core\UA Core Library.csproj", "{7543AFCB-F5AF-44AF-83C9-23164474C1E9}"
EndProject
Project("{FAE04EC0-301F-11D3-BF4B-00C04F79EFBC}") = "UA Server Library", "Common\Server\UA Server Library.csproj", "{E16F908B-C338-4B0C-9E72-2ADAD8FB98D5}"
EndProject
Project("{FAE04EC0-301F-11D3-BF4B-00C04F79EFBC}") = "UA Client Library", "Common\Client\UA Client Library.csproj", "{42E9198C-ED2C-4BC8-B0A1-55D91D8F1E90}"
EndProject
Project("{FAE04EC0-301F-11D3-BF4B-00C04F79EFBC}") = "UA COM Interop Library", "ComInterop\Common\UA COM Interop Library.csproj", "{24D3C616-ED4C-4AF9-B529-7B418EC8ACC4}"
	ProjectSection(ProjectDependencies) = postProject
		{D4A18607-6316-40A4-A1DE-5FDC75646AAC} = {D4A18607-6316-40A4-A1DE-5FDC75646AAC}
	EndProjectSection
EndProject
Project("{8BC9CEB8-8B4A-11D0-8D11-00A0C91BC942}") = "UA COM Server Class Library", "ComInterop\Wrapper\Common\OPC Sample Utility Classes.vcproj", "{268AE545-D614-4B66-AEF3-C5B85919AD9D}"
EndProject
Project("{FAE04EC0-301F-11D3-BF4B-00C04F79EFBC}") = "UA Client Controls", "Common\Controls\UA Client Controls.csproj", "{A247D2EE-14FC-463D-A9BA-6CFF1EF22B7A}"
	ProjectSection(ProjectDependencies) = postProject
		{42E9198C-ED2C-4BC8-B0A1-55D91D8F1E90} = {42E9198C-ED2C-4BC8-B0A1-55D91D8F1E90}
		{8AB4CB8E-E216-425D-B600-350D0B6B59CD} = {8AB4CB8E-E216-425D-B600-350D0B6B59CD}
		{7543AFCB-F5AF-44AF-83C9-23164474C1E9} = {7543AFCB-F5AF-44AF-83C9-23164474C1E9}
	EndProjectSection
EndProject
Project("{FAE04EC0-301F-11D3-BF4B-00C04F79EFBC}") = "UA Discovery Server", "Discovery\Server\UA Discovery Server.csproj", "{397BC3D5-13AE-47BC-A81A-37006EC7D9B4}"
EndProject
Project("{FAE04EC0-301F-11D3-BF4B-00C04F79EFBC}") = "UA Configuration Library", "Common\Configuration\UA Configuration Library.csproj", "{8AB4CB8E-E216-425D-B600-350D0B6B59CD}"
EndProject
Project("{FAE04EC0-301F-11D3-BF4B-00C04F79EFBC}") = "UA Configuration Console", "Utilities\ConfigurationTool\Console\UA Configuration Console.csproj", "{D4A18607-6316-40A4-A1DE-5FDC75646AAC}"
EndProject
Project("{FAE04EC0-301F-11D3-BF4B-00C04F79EFBC}") = "UA Configuration Tool", "Utilities\ConfigurationTool\Application\UA Configuration Tool.csproj", "{15014A4F-617F-436E-AC23-3048BA20D428}"
EndProject
Project("{8BC9CEB8-8B4A-11D0-8D11-00A0C91BC942}") = "UA COM Proxy Server", "ComInterop\Wrapper\ProxyServer\UA COM Proxy Server.vcproj", "{C228B4A7-8A03-4663-AD6C-8B16CE83D4DC}"
	ProjectSection(ProjectDependencies) = postProject
		{268AE545-D614-4B66-AEF3-C5B85919AD9D} = {268AE545-D614-4B66-AEF3-C5B85919AD9D}
	EndProjectSection
EndProject
Global
	GlobalSection(SolutionConfigurationPlatforms) = preSolution
		Debug|Any CPU = Debug|Any CPU
		Debug|Mixed Platforms = Debug|Mixed Platforms
		Debug|Win32 = Debug|Win32
		Release|Any CPU = Release|Any CPU
		Release|Mixed Platforms = Release|Mixed Platforms
		Release|Win32 = Release|Win32
	EndGlobalSection
	GlobalSection(ProjectConfigurationPlatforms) = postSolution
		{7543AFCB-F5AF-44AF-83C9-23164474C1E9}.Debug|Any CPU.ActiveCfg = Debug|Any CPU
		{7543AFCB-F5AF-44AF-83C9-23164474C1E9}.Debug|Any CPU.Build.0 = Debug|Any CPU
		{7543AFCB-F5AF-44AF-83C9-23164474C1E9}.Debug|Mixed Platforms.ActiveCfg = Debug|Any CPU
		{7543AFCB-F5AF-44AF-83C9-23164474C1E9}.Debug|Mixed Platforms.Build.0 = Debug|Any CPU
		{7543AFCB-F5AF-44AF-83C9-23164474C1E9}.Debug|Win32.ActiveCfg = Debug|Any CPU
		{7543AFCB-F5AF-44AF-83C9-23164474C1E9}.Debug|Win32.Build.0 = Debug|Any CPU
		{7543AFCB-F5AF-44AF-83C9-23164474C1E9}.Release|Any CPU.ActiveCfg = Release|Any CPU
		{7543AFCB-F5AF-44AF-83C9-23164474C1E9}.Release|Any CPU.Build.0 = Release|Any CPU
		{7543AFCB-F5AF-44AF-83C9-23164474C1E9}.Release|Mixed Platforms.ActiveCfg = Release|Any CPU
		{7543AFCB-F5AF-44AF-83C9-23164474C1E9}.Release|Mixed Platforms.Build.0 = Release|Any CPU
		{7543AFCB-F5AF-44AF-83C9-23164474C1E9}.Release|Win32.ActiveCfg = Release|Any CPU
		{7543AFCB-F5AF-44AF-83C9-23164474C1E9}.Release|Win32.Build.0 = Release|Any CPU
		{E16F908B-C338-4B0C-9E72-2ADAD8FB98D5}.Debug|Any CPU.ActiveCfg = Debug|Any CPU
		{E16F908B-C338-4B0C-9E72-2ADAD8FB98D5}.Debug|Any CPU.Build.0 = Debug|Any CPU
		{E16F908B-C338-4B0C-9E72-2ADAD8FB98D5}.Debug|Mixed Platforms.ActiveCfg = Debug|Any CPU
		{E16F908B-C338-4B0C-9E72-2ADAD8FB98D5}.Debug|Mixed Platforms.Build.0 = Debug|Any CPU
		{E16F908B-C338-4B0C-9E72-2ADAD8FB98D5}.Debug|Win32.ActiveCfg = Debug|Any CPU
		{E16F908B-C338-4B0C-9E72-2ADAD8FB98D5}.Debug|Win32.Build.0 = Debug|Any CPU
		{E16F908B-C338-4B0C-9E72-2ADAD8FB98D5}.Release|Any CPU.ActiveCfg = Release|Any CPU
		{E16F908B-C338-4B0C-9E72-2ADAD8FB98D5}.Release|Any CPU.Build.0 = Release|Any CPU
		{E16F908B-C338-4B0C-9E72-2ADAD8FB98D5}.Release|Mixed Platforms.ActiveCfg = Release|Any CPU
		{E16F908B-C338-4B0C-9E72-2ADAD8FB98D5}.Release|Mixed Platforms.Build.0 = Release|Any CPU
		{E16F908B-C338-4B0C-9E72-2ADAD8FB98D5}.Release|Win32.ActiveCfg = Release|Any CPU
		{E16F908B-C338-4B0C-9E72-2ADAD8FB98D5}.Release|Win32.Build.0 = Release|Any CPU
		{42E9198C-ED2C-4BC8-B0A1-55D91D8F1E90}.Debug|Any CPU.ActiveCfg = Debug|Any CPU
		{42E9198C-ED2C-4BC8-B0A1-55D91D8F1E90}.Debug|Any CPU.Build.0 = Debug|Any CPU
		{42E9198C-ED2C-4BC8-B0A1-55D91D8F1E90}.Debug|Mixed Platforms.ActiveCfg = Debug|Any CPU
		{42E9198C-ED2C-4BC8-B0A1-55D91D8F1E90}.Debug|Mixed Platforms.Build.0 = Debug|Any CPU
		{42E9198C-ED2C-4BC8-B0A1-55D91D8F1E90}.Debug|Win32.ActiveCfg = Debug|Any CPU
		{42E9198C-ED2C-4BC8-B0A1-55D91D8F1E90}.Debug|Win32.Build.0 = Debug|Any CPU
		{42E9198C-ED2C-4BC8-B0A1-55D91D8F1E90}.Release|Any CPU.ActiveCfg = Release|Any CPU
		{42E9198C-ED2C-4BC8-B0A1-55D91D8F1E90}.Release|Any CPU.Build.0 = Release|Any CPU
		{42E9198C-ED2C-4BC8-B0A1-55D91D8F1E90}.Release|Mixed Platforms.ActiveCfg = Release|Any CPU
		{42E9198C-ED2C-4BC8-B0A1-55D91D8F1E90}.Release|Mixed Platforms.Build.0 = Release|Any CPU
		{42E9198C-ED2C-4BC8-B0A1-55D91D8F1E90}.Release|Win32.ActiveCfg = Release|Any CPU
		{42E9198C-ED2C-4BC8-B0A1-55D91D8F1E90}.Release|Win32.Build.0 = Release|Any CPU
		{24D3C616-ED4C-4AF9-B529-7B418EC8ACC4}.Debug|Any CPU.ActiveCfg = Debug|Any CPU
		{24D3C616-ED4C-4AF9-B529-7B418EC8ACC4}.Debug|Any CPU.Build.0 = Debug|Any CPU
		{24D3C616-ED4C-4AF9-B529-7B418EC8ACC4}.Debug|Mixed Platforms.ActiveCfg = Debug|Any CPU
		{24D3C616-ED4C-4AF9-B529-7B418EC8ACC4}.Debug|Mixed Platforms.Build.0 = Debug|Any CPU
		{24D3C616-ED4C-4AF9-B529-7B418EC8ACC4}.Debug|Win32.ActiveCfg = Debug|Any CPU
		{24D3C616-ED4C-4AF9-B529-7B418EC8ACC4}.Debug|Win32.Build.0 = Debug|Any CPU
		{24D3C616-ED4C-4AF9-B529-7B418EC8ACC4}.Release|Any CPU.ActiveCfg = Release|Any CPU
		{24D3C616-ED4C-4AF9-B529-7B418EC8ACC4}.Release|Any CPU.Build.0 = Release|Any CPU
		{24D3C616-ED4C-4AF9-B529-7B418EC8ACC4}.Release|Mixed Platforms.ActiveCfg = Release|Any CPU
		{24D3C616-ED4C-4AF9-B529-7B418EC8ACC4}.Release|Mixed Platforms.Build.0 = Release|Any CPU
		{24D3C616-ED4C-4AF9-B529-7B418EC8ACC4}.Release|Win32.ActiveCfg = Release|Any CPU
		{24D3C616-ED4C-4AF9-B529-7B418EC8ACC4}.Release|Win32.Build.0 = Release|Any CPU
		{268AE545-D614-4B66-AEF3-C5B85919AD9D}.Debug|Any CPU.ActiveCfg = Debug|Win32
		{268AE545-D614-4B66-AEF3-C5B85919AD9D}.Debug|Any CPU.Build.0 = Debug|Win32
		{268AE545-D614-4B66-AEF3-C5B85919AD9D}.Debug|Mixed Platforms.ActiveCfg = Debug|Win32
		{268AE545-D614-4B66-AEF3-C5B85919AD9D}.Debug|Mixed Platforms.Build.0 = Debug|Win32
		{268AE545-D614-4B66-AEF3-C5B85919AD9D}.Debug|Win32.ActiveCfg = Debug|Win32
		{268AE545-D614-4B66-AEF3-C5B85919AD9D}.Debug|Win32.Build.0 = Debug|Win32
		{268AE545-D614-4B66-AEF3-C5B85919AD9D}.Release|Any CPU.ActiveCfg = Release|Win32
		{268AE545-D614-4B66-AEF3-C5B85919AD9D}.Release|Any CPU.Build.0 = Release|Win32
		{268AE545-D614-4B66-AEF3-C5B85919AD9D}.Release|Mixed Platforms.ActiveCfg = Release|Win32
		{268AE545-D614-4B66-AEF3-C5B85919AD9D}.Release|Mixed Platforms.Build.0 = Release|Win32
		{268AE545-D614-4B66-AEF3-C5B85919AD9D}.Release|Win32.ActiveCfg = Release|Win32
		{268AE545-D614-4B66-AEF3-C5B85919AD9D}.Release|Win32.Build.0 = Release|Win32
		{A247D2EE-14FC-463D-A9BA-6CFF1EF22B7A}.Debug|Any CPU.ActiveCfg = Debug|Any CPU
		{A247D2EE-14FC-463D-A9BA-6CFF1EF22B7A}.Debug|Any CPU.Build.0 = Debug|Any CPU
		{A247D2EE-14FC-463D-A9BA-6CFF1EF22B7A}.Debug|Mixed Platforms.ActiveCfg = Debug|Any CPU
		{A247D2EE-14FC-463D-A9BA-6CFF1EF22B7A}.Debug|Mixed Platforms.Build.0 = Debug|Any CPU
		{A247D2EE-14FC-463D-A9BA-6CFF1EF22B7A}.Debug|Win32.ActiveCfg = Debug|Any CPU
		{A247D2EE-14FC-463D-A9BA-6CFF1EF22B7A}.Debug|Win32.Build.0 = Debug|Any CPU
		{A247D2EE-14FC-463D-A9BA-6CFF1EF22B7A}.Release|Any CPU.ActiveCfg = Release|Any CPU
		{A247D2EE-14FC-463D-A9BA-6CFF1EF22B7A}.Release|Any CPU.Build.0 = Release|Any CPU
		{A247D2EE-14FC-463D-A9BA-6CFF1EF22B7A}.Release|Mixed Platforms.ActiveCfg = Release|Any CPU
		{A247D2EE-14FC-463D-A9BA-6CFF1EF22B7A}.Release|Mixed Platforms.Build.0 = Release|Any CPU
		{A247D2EE-14FC-463D-A9BA-6CFF1EF22B7A}.Release|Win32.ActiveCfg = Release|Any CPU
		{A247D2EE-14FC-463D-A9BA-6CFF1EF22B7A}.Release|Win32.Build.0 = Release|Any CPU
		{397BC3D5-13AE-47BC-A81A-37006EC7D9B4}.Debug|Any CPU.ActiveCfg = Debug|Any CPU
		{397BC3D5-13AE-47BC-A81A-37006EC7D9B4}.Debug|Any CPU.Build.0 = Debug|Any CPU
		{397BC3D5-13AE-47BC-A81A-37006EC7D9B4}.Debug|Mixed Platforms.ActiveCfg = Debug|Any CPU
		{397BC3D5-13AE-47BC-A81A-37006EC7D9B4}.Debug|Mixed Platforms.Build.0 = Debug|Any CPU
		{397BC3D5-13AE-47BC-A81A-37006EC7D9B4}.Debug|Win32.ActiveCfg = Debug|Any CPU
		{397BC3D5-13AE-47BC-A81A-37006EC7D9B4}.Debug|Win32.Build.0 = Debug|Any CPU
		{397BC3D5-13AE-47BC-A81A-37006EC7D9B4}.Release|Any CPU.ActiveCfg = Release|Any CPU
		{397BC3D5-13AE-47BC-A81A-37006EC7D9B4}.Release|Any CPU.Build.0 = Release|Any CPU
		{397BC3D5-13AE-47BC-A81A-37006EC7D9B4}.Release|Mixed Platforms.ActiveCfg = Release|Any CPU
		{397BC3D5-13AE-47BC-A81A-37006EC7D9B4}.Release|Mixed Platforms.Build.0 = Release|Any CPU
		{397BC3D5-13AE-47BC-A81A-37006EC7D9B4}.Release|Win32.ActiveCfg = Release|Any CPU
		{397BC3D5-13AE-47BC-A81A-37006EC7D9B4}.Release|Win32.Build.0 = Release|Any CPU
		{8AB4CB8E-E216-425D-B600-350D0B6B59CD}.Debug|Any CPU.ActiveCfg = Debug|Any CPU
		{8AB4CB8E-E216-425D-B600-350D0B6B59CD}.Debug|Any CPU.Build.0 = Debug|Any CPU
		{8AB4CB8E-E216-425D-B600-350D0B6B59CD}.Debug|Mixed Platforms.ActiveCfg = Debug|Any CPU
		{8AB4CB8E-E216-425D-B600-350D0B6B59CD}.Debug|Mixed Platforms.Build.0 = Debug|Any CPU
		{8AB4CB8E-E216-425D-B600-350D0B6B59CD}.Debug|Win32.ActiveCfg = Debug|Any CPU
		{8AB4CB8E-E216-425D-B600-350D0B6B59CD}.Debug|Win32.Build.0 = Debug|Any CPU
		{8AB4CB8E-E216-425D-B600-350D0B6B59CD}.Release|Any CPU.ActiveCfg = Release|Any CPU
		{8AB4CB8E-E216-425D-B600-350D0B6B59CD}.Release|Any CPU.Build.0 = Release|Any CPU
		{8AB4CB8E-E216-425D-B600-350D0B6B59CD}.Release|Mixed Platforms.ActiveCfg = Release|Any CPU
		{8AB4CB8E-E216-425D-B600-350D0B6B59CD}.Release|Mixed Platforms.Build.0 = Release|Any CPU
		{8AB4CB8E-E216-425D-B600-350D0B6B59CD}.Release|Win32.ActiveCfg = Release|Any CPU
		{8AB4CB8E-E216-425D-B600-350D0B6B59CD}.Release|Win32.Build.0 = Release|Any CPU
		{D4A18607-6316-40A4-A1DE-5FDC75646AAC}.Debug|Any CPU.ActiveCfg = Debug|Any CPU
		{D4A18607-6316-40A4-A1DE-5FDC75646AAC}.Debug|Any CPU.Build.0 = Debug|Any CPU
		{D4A18607-6316-40A4-A1DE-5FDC75646AAC}.Debug|Mixed Platforms.ActiveCfg = Debug|Any CPU
		{D4A18607-6316-40A4-A1DE-5FDC75646AAC}.Debug|Mixed Platforms.Build.0 = Debug|Any CPU
		{D4A18607-6316-40A4-A1DE-5FDC75646AAC}.Debug|Win32.ActiveCfg = Debug|Any CPU
		{D4A18607-6316-40A4-A1DE-5FDC75646AAC}.Debug|Win32.Build.0 = Debug|Any CPU
		{D4A18607-6316-40A4-A1DE-5FDC75646AAC}.Release|Any CPU.ActiveCfg = Release|Any CPU
		{D4A18607-6316-40A4-A1DE-5FDC75646AAC}.Release|Any CPU.Build.0 = Release|Any CPU
		{D4A18607-6316-40A4-A1DE-5FDC75646AAC}.Release|Mixed Platforms.ActiveCfg = Release|Any CPU
		{D4A18607-6316-40A4-A1DE-5FDC75646AAC}.Release|Mixed Platforms.Build.0 = Release|Any CPU
		{D4A18607-6316-40A4-A1DE-5FDC75646AAC}.Release|Win32.ActiveCfg = Release|Any CPU
		{D4A18607-6316-40A4-A1DE-5FDC75646AAC}.Release|Win32.Build.0 = Release|Any CPU
		{15014A4F-617F-436E-AC23-3048BA20D428}.Debug|Any CPU.ActiveCfg = Debug|Any CPU
		{15014A4F-617F-436E-AC23-3048BA20D428}.Debug|Any CPU.Build.0 = Debug|Any CPU
		{15014A4F-617F-436E-AC23-3048BA20D428}.Debug|Mixed Platforms.ActiveCfg = Debug|Any CPU
		{15014A4F-617F-436E-AC23-3048BA20D428}.Debug|Mixed Platforms.Build.0 = Debug|Any CPU
		{15014A4F-617F-436E-AC23-3048BA20D428}.Debug|Win32.ActiveCfg = Debug|Any CPU
		{15014A4F-617F-436E-AC23-3048BA20D428}.Debug|Win32.Build.0 = Debug|Any CPU
		{15014A4F-617F-436E-AC23-3048BA20D428}.Release|Any CPU.ActiveCfg = Release|Any CPU
		{15014A4F-617F-436E-AC23-3048BA20D428}.Release|Any CPU.Build.0 = Release|Any CPU
		{15014A4F-617F-436E-AC23-3048BA20D428}.Release|Mixed Platforms.ActiveCfg = Release|Any CPU
		{15014A4F-617F-436E-AC23-3048BA20D428}.Release|Mixed Platforms.Build.0 = Release|Any CPU
		{15014A4F-617F-436E-AC23-3048BA20D428}.Release|Win32.ActiveCfg = Release|Any CPU
		{15014A4F-617F-436E-AC23-3048BA20D428}.Release|Win32.Build.0 = Release|Any CPU
		{C228B4A7-8A03-4663-AD6C-8B16CE83D4DC}.Debug|Any CPU.ActiveCfg = Debug|Win32
		{C228B4A7-8A03-4663-AD6C-8B16CE83D4DC}.Debug|Mixed Platforms.ActiveCfg = Debug|Win32
		{C228B4A7-8A03-4663-AD6C-8B16CE83D4DC}.Debug|Mixed Platforms.Build.0 = Debug|Win32
		{C228B4A7-8A03-4663-AD6C-8B16CE83D4DC}.Debug|Win32.ActiveCfg = Debug|Win32
		{C228B4A7-8A03-4663-AD6C-8B16CE83D4DC}.Debug|Win32.Build.0 = Debug|Win32
		{C228B4A7-8A03-4663-AD6C-8B16CE83D4DC}.Release|Any CPU.ActiveCfg = Release|Win32
		{C228B4A7-8A03-4663-AD6C-8B16CE83D4DC}.Release|Mixed Platforms.ActiveCfg = Release|Win32
		{C228B4A7-8A03-4663-AD6C-8B16CE83D4DC}.Release|Mixed Platforms.Build.0 = Release|Win32
		{C228B4A7-8A03-4663-AD6C-8B16CE83D4DC}.Release|Win32.ActiveCfg = Release|Win32
		{C228B4A7-8A03-4663-AD6C-8B16CE83D4DC}.Release|Win32.Build.0 = Release|Win32
	EndGlobalSection
	GlobalSection(SolutionProperties) = preSolution
		HideSolutionNode = FALSE
	EndGlobalSection
	GlobalSection(NestedProjects) = preSolution
		{24D3C616-ED4C-4AF9-B529-7B418EC8ACC4} = {BFACA78C-A88A-43E9-9A94-FF2CD21366A7}
		{268AE545-D614-4B66-AEF3-C5B85919AD9D} = {BFACA78C-A88A-43E9-9A94-FF2CD21366A7}
		{C228B4A7-8A03-4663-AD6C-8B16CE83D4DC} = {BFACA78C-A88A-43E9-9A94-FF2CD21366A7}
		{7543AFCB-F5AF-44AF-83C9-23164474C1E9} = {4DC9BBA3-0F1D-4FD5-8A5F-C62A27A1B529}
		{E16F908B-C338-4B0C-9E72-2ADAD8FB98D5} = {4DC9BBA3-0F1D-4FD5-8A5F-C62A27A1B529}
		{42E9198C-ED2C-4BC8-B0A1-55D91D8F1E90} = {4DC9BBA3-0F1D-4FD5-8A5F-C62A27A1B529}
		{A247D2EE-14FC-463D-A9BA-6CFF1EF22B7A} = {4DC9BBA3-0F1D-4FD5-8A5F-C62A27A1B529}
		{8AB4CB8E-E216-425D-B600-350D0B6B59CD} = {4DC9BBA3-0F1D-4FD5-8A5F-C62A27A1B529}
		{D4A18607-6316-40A4-A1DE-5FDC75646AAC} = {CA2E7026-B27F-412F-AB83-4F73BEECCBE5}
		{15014A4F-617F-436E-AC23-3048BA20D428} = {CA2E7026-B27F-412F-AB83-4F73BEECCBE5}
		{397BC3D5-13AE-47BC-A81A-37006EC7D9B4} = {6F99F6A8-F9CD-4673-AD17-4F40DD40EBE0}
	EndGlobalSection
	GlobalSection(Qt) = preSolution
		Integration = True
	EndGlobalSection
	GlobalSection(Qt) = preSolution
		Integration = True
	EndGlobalSection
	GlobalSection(Qt) = preSolution
		Integration = True
	EndGlobalSection
	GlobalSection(Qt) = preSolution
		Integration = True
	EndGlobalSection
	GlobalSection(Qt) = preSolution
		Integration = True
	EndGlobalSection
	GlobalSection(Qt) = preSolution
		Integration = True
	EndGlobalSection
	GlobalSection(Qt) = preSolution
		Integration = True
	EndGlobalSection
	GlobalSection(Qt) = preSolution
		Integration = True
	EndGlobalSection
	GlobalSection(Qt) = preSolution
		Integration = True
	EndGlobalSection
	GlobalSection(Qt) = preSolution
		Integration = True
	EndGlobalSection
	GlobalSection(Qt) = preSolution
		Integration = True
	EndGlobalSection
	GlobalSection(Qt) = preSolution
		Integration = True
	EndGlobalSection
	GlobalSection(Qt) = preSolution
		Integration = True
	EndGlobalSection
	GlobalSection(Qt) = preSolution
		Integration = True
	EndGlobalSection
	GlobalSection(Qt) = preSolution
		Integration = True
	EndGlobalSection
	GlobalSection(Qt) = preSolution
		Integration = True
	EndGlobalSection
	GlobalSection(Qt) = preSolution
		Integration = True
	EndGlobalSection
	GlobalSection(Qt) = preSolution
		Integration = True
	EndGlobalSection
	GlobalSection(Qt) = preSolution
		Integration = True
	EndGlobalSection
	GlobalSection(Qt) = preSolution
		Integration = True
	EndGlobalSection
	GlobalSection(Qt) = preSolution
		Integration = True
	EndGlobalSection
	GlobalSection(Qt) = preSolution
		Integration = True
	EndGlobalSection
	GlobalSection(Qt) = preSolution
		Integration = True
	EndGlobalSection
	GlobalSection(Qt) = preSolution
		Integration = True
	EndGlobalSection
	GlobalSection(Qt) = preSolution
		Integration = True
	EndGlobalSection
	GlobalSection(Qt) = preSolution
		Integration = True
	EndGlobalSection
	GlobalSection(Qt) = preSolution
		Integration = True
	EndGlobalSection
	GlobalSection(Qt) = preSolution
		Integration = True
	EndGlobalSection
	GlobalSection(Qt) = preSolution
		Integration = True
	EndGlobalSection
	GlobalSection(Qt) = preSolution
		Integration = True
	EndGlobalSection
	GlobalSection(Qt) = preSolution
		Integration = True
	EndGlobalSection
	GlobalSection(Qt) = preSolution
		Integration = True
	EndGlobalSection
	GlobalSection(Qt) = preSolution
		Integration = True
	EndGlobalSection
	GlobalSection(Qt) = preSolution
		Integration = True
	EndGlobalSection
	GlobalSection(Qt) = preSolution
		Integration = True
	EndGlobalSection
	GlobalSection(Qt) = preSolution
		Integration = True
	EndGlobalSection
	GlobalSection(Qt) = preSolution
		Integration = True
	EndGlobalSection
	GlobalSection(Qt) = preSolution
		Integration = True
	EndGlobalSection
	GlobalSection(Qt) = preSolution
		Integration = True
	EndGlobalSection
	GlobalSection(Qt) = preSolution
		Integration = True
	EndGlobalSection
	GlobalSection(Qt) = preSolution
		Integration = True
	EndGlobalSection
	GlobalSection(Qt) = preSolution
		Integration = True
	EndGlobalSection
	GlobalSection(Qt) = preSolution
		Integration = True
	EndGlobalSection
	GlobalSection(Qt) = preSolution
		Integration = True
	EndGlobalSection
	GlobalSection(Qt) = preSolution
		Integration = True
	EndGlobalSection
	GlobalSection(Qt) = preSolution
		Integration = True
	EndGlobalSection
	GlobalSection(Qt) = preSolution
		Integration = True
	EndGlobalSection
	GlobalSection(Qt) = preSolution
		Integration = True
	EndGlobalSection
	GlobalSection(Qt) = preSolution
		Integration = True
	EndGlobalSection
	GlobalSection(Qt) = preSolution
		Integration = True
	EndGlobalSection
	GlobalSection(Qt) = preSolution
		Integration = True
	EndGlobalSection
	GlobalSection(Qt) = preSolution
		Integration = True
	EndGlobalSection
	GlobalSection(Qt) = preSolution
		Integration = True
	EndGlobalSection
	GlobalSection(Qt) = preSolution
		Integration = True
	EndGlobalSection
	GlobalSection(Qt) = preSolution
		Integration = True
	EndGlobalSection
	GlobalSection(Qt) = preSolution
		Integration = True
	EndGlobalSection
	GlobalSection(Qt) = preSolution
		Integration = True
	EndGlobalSection
EndGlobal
