Microsoft Visual Studio Solution File, Format Version 9.00
# Visual Studio 2005
Project("{FAE04EC0-301F-11D3-BF4B-00C04F79EFBC}") = "Syncfusion.Edit.Windows_2005", "Syncfusion.Edit.Windows_2005.csproj", "{E570C50C-6086-4A46-B0C6-D4405253707C}"
EndProject
Global
	GlobalSection(SolutionConfiguration) = preSolution
		ConfigName.0 = Debug
		ConfigName.1 = Debug-XML
		ConfigName.2 = Release
		ConfigName.3 = Release-XML
	EndGlobalSection
	GlobalSection(ProjectDependencies) = postSolution
	EndGlobalSection
	GlobalSection(ProjectConfiguration) = postSolution
		{E570C50C-6086-4A46-B0C6-D4405253707C}.Debug.ActiveCfg = Debug|.NET
		{E570C50C-6086-4A46-B0C6-D4405253707C}.Debug.Build.0 = Debug|.NET
		{E570C50C-6086-4A46-B0C6-D4405253707C}.Debug-XML.ActiveCfg = Debug-XML|.NET
		{E570C50C-6086-4A46-B0C6-D4405253707C}.Debug-XML.Build.0 = Debug-XML|.NET
		{E570C50C-6086-4A46-B0C6-D4405253707C}.Release.ActiveCfg = Release|.NET
		{E570C50C-6086-4A46-B0C6-D4405253707C}.Release.Build.0 = Release|.NET
		{E570C50C-6086-4A46-B0C6-D4405253707C}.Release-XML.ActiveCfg = Release-XML|.NET
		{E570C50C-6086-4A46-B0C6-D4405253707C}.Release-XML.Build.0 = Release-XML|.NET
	EndGlobalSection
	GlobalSection(ExtensibilityGlobals) = postSolution
	EndGlobalSection
	GlobalSection(ExtensibilityAddIns) = postSolution
	EndGlobalSection
EndGlobal
