
Microsoft Visual Studio Solution File, Format Version 12.00
# Visual Studio 2013
VisualStudioVersion = 12.0.20617.1 PREVIEW
MinimumVisualStudioVersion = 10.0.40219.1
Project("{FAE04EC0-301F-11D3-BF4B-00C04F79EFBC}") = "Syncfusion.Grid.Windows_2013", "Syncfusion.Grid.Windows_2013.csproj", "{C508D817-CD5F-4EAF-B519-FEB4861EFAFB}"
EndProject
Global
	GlobalSection(SolutionConfigurationPlatforms) = preSolution
		Debug|Any CPU = Debug|Any CPU
		Debug-Xml|Any CPU = Debug-Xml|Any CPU
		Release|Any CPU = Release|Any CPU
		Release-Xml|Any CPU = Release-Xml|Any CPU
	EndGlobalSection
	GlobalSection(ProjectConfigurationPlatforms) = postSolution
		{C508D817-CD5F-4EAF-B519-FEB4861EFAFB}.Debug|Any CPU.ActiveCfg = Debug|Any CPU
		{C508D817-CD5F-4EAF-B519-FEB4861EFAFB}.Debug|Any CPU.Build.0 = Debug|Any CPU
		{C508D817-CD5F-4EAF-B519-FEB4861EFAFB}.Debug-Xml|Any CPU.ActiveCfg = Debug-Xml|Any CPU
		{C508D817-CD5F-4EAF-B519-FEB4861EFAFB}.Debug-Xml|Any CPU.Build.0 = Debug-Xml|Any CPU
		{C508D817-CD5F-4EAF-B519-FEB4861EFAFB}.Release|Any CPU.ActiveCfg = Release|Any CPU
		{C508D817-CD5F-4EAF-B519-FEB4861EFAFB}.Release|Any CPU.Build.0 = Release|Any CPU
		{C508D817-CD5F-4EAF-B519-FEB4861EFAFB}.Release-Xml|Any CPU.ActiveCfg = Release-Xml|Any CPU
		{C508D817-CD5F-4EAF-B519-FEB4861EFAFB}.Release-Xml|Any CPU.Build.0 = Release-Xml|Any CPU
	EndGlobalSection
	GlobalSection(SolutionProperties) = preSolution
		HideSolutionNode = FALSE
	EndGlobalSection
EndGlobal
