
Microsoft Visual Studio Solution File, Format Version 10.00
# Visual Studio 2008
Project("{FAE04EC0-301F-11D3-BF4B-00C04F79EFBC}") = "Syncfusion.OlapGrid.WPF.VisualStudio.Design_2008", "Syncfusion.OlapGrid.WPF.VisualStudio.Design_2008.csproj", "{B883C922-E4E0-4187-BECD-4B18B44686FD}"
EndProject
Global
	GlobalSection(SolutionConfigurationPlatforms) = preSolution
		Debug|Any CPU = Debug|Any CPU
		Release|Any CPU = Release|Any CPU
		Release-xml|Any CPU = Release-xml|Any CPU
	EndGlobalSection
	GlobalSection(ProjectConfigurationPlatforms) = postSolution
		{B883C922-E4E0-4187-BECD-4B18B44686FD}.Debug|Any CPU.ActiveCfg = Debug|Any CPU
		{B883C922-E4E0-4187-BECD-4B18B44686FD}.Debug|Any CPU.Build.0 = Debug|Any CPU
		{B883C922-E4E0-4187-BECD-4B18B44686FD}.Release|Any CPU.ActiveCfg = Release|Any CPU
		{B883C922-E4E0-4187-BECD-4B18B44686FD}.Release|Any CPU.Build.0 = Release|Any CPU
		{B883C922-E4E0-4187-BECD-4B18B44686FD}.Release-xml|Any CPU.ActiveCfg = Release-xml|Any CPU
		{B883C922-E4E0-4187-BECD-4B18B44686FD}.Release-xml|Any CPU.Build.0 = Release-xml|Any CPU
	EndGlobalSection
	GlobalSection(SolutionProperties) = preSolution
		HideSolutionNode = FALSE
	EndGlobalSection
EndGlobal
