
Microsoft Visual Studio Solution File, Format Version 12.00
# Visual Studio 2012
Project("{FAE04EC0-301F-11D3-BF4B-00C04F79EFBC}") = "Syncfusion.Gantt.Wpf_2012", "Syncfusion.Gantt.Wpf_2012.csproj", "{EED75058-B9A5-442E-8C06-BE2719C95EF2}"
EndProject
Global
	GlobalSection(SolutionConfigurationPlatforms) = preSolution
		Debug|Any CPU = Debug|Any CPU
		Release|Any CPU = Release|Any CPU
		Release-XML|Any CPU = Release-XML|Any CPU
	EndGlobalSection
	GlobalSection(ProjectConfigurationPlatforms) = postSolution
		{EED75058-B9A5-442E-8C06-BE2719C95EF2}.Debug|Any CPU.ActiveCfg = Debug|Any CPU
		{EED75058-B9A5-442E-8C06-BE2719C95EF2}.Debug|Any CPU.Build.0 = Debug|Any CPU
		{EED75058-B9A5-442E-8C06-BE2719C95EF2}.Release|Any CPU.ActiveCfg = Release|Any CPU
		{EED75058-B9A5-442E-8C06-BE2719C95EF2}.Release|Any CPU.Build.0 = Release|Any CPU
		{EED75058-B9A5-442E-8C06-BE2719C95EF2}.Release-XML|Any CPU.ActiveCfg = Release-XML|Any CPU
		{EED75058-B9A5-442E-8C06-BE2719C95EF2}.Release-XML|Any CPU.Build.0 = Release-XML|Any CPU
	EndGlobalSection
	GlobalSection(SolutionProperties) = preSolution
		HideSolutionNode = FALSE
	EndGlobalSection
EndGlobal
