
Microsoft Visual Studio Solution File, Format Version 11.00
# Visual Studio 2010
Project("{FAE04EC0-301F-11D3-BF4B-00C04F79EFBC}") = "Syncfusion.Gantt.Wpf_2010", "Syncfusion.Gantt.Wpf_2010.csproj", "{9ED7C173-0402-4410-BB4B-6ADE12192AC5}"
EndProject
Global
	GlobalSection(SolutionConfigurationPlatforms) = preSolution
		Debug|Any CPU = Debug|Any CPU
		Debug|Mixed Platforms = Debug|Mixed Platforms
		Debug|x86 = Debug|x86
		Debug-XML|Any CPU = Debug-XML|Any CPU
		Debug-XML|Mixed Platforms = Debug-XML|Mixed Platforms
		Debug-XML|x86 = Debug-XML|x86
		Release|Any CPU = Release|Any CPU
		Release|Mixed Platforms = Release|Mixed Platforms
		Release|x86 = Release|x86
		Release-XML|Any CPU = Release-XML|Any CPU
		Release-XML|Mixed Platforms = Release-XML|Mixed Platforms
		Release-XML|x86 = Release-XML|x86
	EndGlobalSection
	GlobalSection(ProjectConfigurationPlatforms) = postSolution
		{9ED7C173-0402-4410-BB4B-6ADE12192AC5}.Debug|Any CPU.ActiveCfg = Debug|Any CPU
		{9ED7C173-0402-4410-BB4B-6ADE12192AC5}.Debug|Any CPU.Build.0 = Debug|Any CPU
		{9ED7C173-0402-4410-BB4B-6ADE12192AC5}.Debug|Mixed Platforms.ActiveCfg = Debug|Any CPU
		{9ED7C173-0402-4410-BB4B-6ADE12192AC5}.Debug|Mixed Platforms.Build.0 = Debug|Any CPU
		{9ED7C173-0402-4410-BB4B-6ADE12192AC5}.Debug|x86.ActiveCfg = Debug|Any CPU
		{9ED7C173-0402-4410-BB4B-6ADE12192AC5}.Debug-XML|Any CPU.ActiveCfg = Debug-XML|Any CPU
		{9ED7C173-0402-4410-BB4B-6ADE12192AC5}.Debug-XML|Any CPU.Build.0 = Debug-XML|Any CPU
		{9ED7C173-0402-4410-BB4B-6ADE12192AC5}.Debug-XML|Mixed Platforms.ActiveCfg = Debug-XML|Any CPU
		{9ED7C173-0402-4410-BB4B-6ADE12192AC5}.Debug-XML|Mixed Platforms.Build.0 = Debug-XML|Any CPU
		{9ED7C173-0402-4410-BB4B-6ADE12192AC5}.Debug-XML|x86.ActiveCfg = Debug-XML|Any CPU
		{9ED7C173-0402-4410-BB4B-6ADE12192AC5}.Release|Any CPU.ActiveCfg = Release|Any CPU
		{9ED7C173-0402-4410-BB4B-6ADE12192AC5}.Release|Any CPU.Build.0 = Release|Any CPU
		{9ED7C173-0402-4410-BB4B-6ADE12192AC5}.Release|Mixed Platforms.ActiveCfg = Release|Any CPU
		{9ED7C173-0402-4410-BB4B-6ADE12192AC5}.Release|Mixed Platforms.Build.0 = Release|Any CPU
		{9ED7C173-0402-4410-BB4B-6ADE12192AC5}.Release|x86.ActiveCfg = Release|Any CPU
		{9ED7C173-0402-4410-BB4B-6ADE12192AC5}.Release-XML|Any CPU.ActiveCfg = Release-XML|Any CPU
		{9ED7C173-0402-4410-BB4B-6ADE12192AC5}.Release-XML|Any CPU.Build.0 = Release-XML|Any CPU
		{9ED7C173-0402-4410-BB4B-6ADE12192AC5}.Release-XML|Mixed Platforms.ActiveCfg = Release-XML|Any CPU
		{9ED7C173-0402-4410-BB4B-6ADE12192AC5}.Release-XML|Mixed Platforms.Build.0 = Release-XML|Any CPU
		{9ED7C173-0402-4410-BB4B-6ADE12192AC5}.Release-XML|x86.ActiveCfg = Release-XML|Any CPU
	EndGlobalSection
	GlobalSection(SolutionProperties) = preSolution
		HideSolutionNode = FALSE
	EndGlobalSection
EndGlobal
