Microsoft Visual Studio Solution File, Format Version 9.00
# Visual Studio 2005
Project("{FAE04EC0-301F-11D3-BF4B-00C04F79EFBC}") = "Syncfusion.HTMLUI.Base_2005", "Syncfusion.HTMLUI.Base_2005.csproj", "{5DB9EEFF-6E0C-4996-A2EE-DBB6C847ABA4}"
EndProject
Global
	GlobalSection(SolutionConfiguration) = preSolution
		ConfigName.0 = Debug
		ConfigName.1 = Debug-Xml
		ConfigName.2 = Release
		ConfigName.3 = Release-Xml
	EndGlobalSection
	GlobalSection(ProjectDependencies) = postSolution
	EndGlobalSection
	GlobalSection(ProjectConfiguration) = postSolution
		{5DB9EEFF-6E0C-4996-A2EE-DBB6C847ABA4}.Debug.ActiveCfg = Debug|.NET
		{5DB9EEFF-6E0C-4996-A2EE-DBB6C847ABA4}.Debug.Build.0 = Debug|.NET
		{5DB9EEFF-6E0C-4996-A2EE-DBB6C847ABA4}.Debug-Xml.ActiveCfg = Debug-Xml|.NET
		{5DB9EEFF-6E0C-4996-A2EE-DBB6C847ABA4}.Debug-Xml.Build.0 = Debug-Xml|.NET
		{5DB9EEFF-6E0C-4996-A2EE-DBB6C847ABA4}.Release.ActiveCfg = Release|.NET
		{5DB9EEFF-6E0C-4996-A2EE-DBB6C847ABA4}.Release.Build.0 = Release|.NET
		{5DB9EEFF-6E0C-4996-A2EE-DBB6C847ABA4}.Release-Xml.ActiveCfg = Release-Xml|.NET
		{5DB9EEFF-6E0C-4996-A2EE-DBB6C847ABA4}.Release-Xml.Build.0 = Release-Xml|.NET
	EndGlobalSection
	GlobalSection(ExtensibilityGlobals) = postSolution
	EndGlobalSection
	GlobalSection(ExtensibilityAddIns) = postSolution
	EndGlobalSection
EndGlobal
